// !$*UTF8*$!
{
	archiveVersion = 1;
	classes = {
	};
	objectVersion = 46;
	objects = {

/* Begin PBXBuildFile section */
		90035EC522E6E39500128540 /* MatrixBuddyTranslations.c in Sources */ = {isa = PBXBuildFile; fileRef = 90035EC422E6E39400128540 /* MatrixBuddyTranslations.c */; };
		90035EC722E6E4EE00128540 /* MatrixBuddyPreferences.c in Sources */ = {isa = PBXBuildFile; fileRef = 90035EC622E6E4EE00128540 /* MatrixBuddyPreferences.c */; };
		902338F1256AD11800E383A6 /* ManderApp.vcxproj in Resources */ = {isa = PBXBuildFile; fileRef = 902338E4256AD11800E383A6 /* ManderApp.vcxproj */; };
		902338F2256AD11800E383A6 /* ManderAppPreferences.c in Sources */ = {isa = PBXBuildFile; fileRef = 902338EA256AD11800E383A6 /* ManderAppPreferences.c */; };
		902338F3256AD11800E383A6 /* ManderAppAbout.c in Sources */ = {isa = PBXBuildFile; fileRef = 902338EB256AD11800E383A6 /* ManderAppAbout.c */; };
		902338F4256AD11800E383A6 /* ManderAppTranslations.c in Sources */ = {isa = PBXBuildFile; fileRef = 902338EC256AD11800E383A6 /* ManderAppTranslations.c */; };
		902338F5256AD11800E383A6 /* ManderApp.c in Sources */ = {isa = PBXBuildFile; fileRef = 902338ED256AD11800E383A6 /* ManderApp.c */; };
		902339C6256AD12400E383A6 /* NALib.vcxproj in Resources */ = {isa = PBXBuildFile; fileRef = 902338F8256AD12300E383A6 /* NALib.vcxproj */; };
		902339C7256AD12400E383A6 /* NAHeap.c in Sources */ = {isa = PBXBuildFile; fileRef = 9023390C256AD12300E383A6 /* NAHeap.c */; };
		902339C8256AD12400E383A6 /* NABufferManipulation.c in Sources */ = {isa = PBXBuildFile; fileRef = 90233910256AD12300E383A6 /* NABufferManipulation.c */; };
		902339C9256AD12400E383A6 /* NABufferPart.c in Sources */ = {isa = PBXBuildFile; fileRef = 90233911256AD12300E383A6 /* NABufferPart.c */; };
		902339CA256AD12400E383A6 /* NABufferRead.c in Sources */ = {isa = PBXBuildFile; fileRef = 90233913256AD12300E383A6 /* NABufferRead.c */; };
		902339CB256AD12400E383A6 /* NABufferIteration.c in Sources */ = {isa = PBXBuildFile; fileRef = 90233916256AD12300E383A6 /* NABufferIteration.c */; };
		902339CC256AD12400E383A6 /* NABufferWrite.c in Sources */ = {isa = PBXBuildFile; fileRef = 90233917256AD12300E383A6 /* NABufferWrite.c */; };
		902339CD256AD12400E383A6 /* NABufferParse.c in Sources */ = {isa = PBXBuildFile; fileRef = 9023391A256AD12300E383A6 /* NABufferParse.c */; };
		902339CE256AD12400E383A6 /* NABuffer.c in Sources */ = {isa = PBXBuildFile; fileRef = 9023391C256AD12300E383A6 /* NABuffer.c */; };
		902339CF256AD12400E383A6 /* NAMemoryBlock.c in Sources */ = {isa = PBXBuildFile; fileRef = 9023391D256AD12300E383A6 /* NAMemoryBlock.c */; };
		902339D0256AD12400E383A6 /* NABufferSource.c in Sources */ = {isa = PBXBuildFile; fileRef = 9023391F256AD12300E383A6 /* NABufferSource.c */; };
		902339D1256AD12400E383A6 /* NATree.c in Sources */ = {isa = PBXBuildFile; fileRef = 90233926256AD12300E383A6 /* NATree.c */; };
		902339D2256AD12400E383A6 /* NATreeIteration.c in Sources */ = {isa = PBXBuildFile; fileRef = 90233927256AD12300E383A6 /* NATreeIteration.c */; };
		902339D3256AD12400E383A6 /* NATreeBin.c in Sources */ = {isa = PBXBuildFile; fileRef = 9023392C256AD12300E383A6 /* NATreeBin.c */; };
		902339D4256AD12400E383A6 /* NATreeOct.c in Sources */ = {isa = PBXBuildFile; fileRef = 9023392D256AD12300E383A6 /* NATreeOct.c */; };
		902339D5256AD12400E383A6 /* NATreeQuad.c in Sources */ = {isa = PBXBuildFile; fileRef = 9023392E256AD12300E383A6 /* NATreeQuad.c */; };
		902339D6256AD12400E383A6 /* NATreeConfiguration.c in Sources */ = {isa = PBXBuildFile; fileRef = 9023392F256AD12300E383A6 /* NATreeConfiguration.c */; };
		902339D7256AD12400E383A6 /* NATreeAVL.c in Sources */ = {isa = PBXBuildFile; fileRef = 90233931256AD12300E383A6 /* NATreeAVL.c */; };
		902339D8256AD12400E383A6 /* NAString.c in Sources */ = {isa = PBXBuildFile; fileRef = 90233935256AD12300E383A6 /* NAString.c */; };
		902339D9256AD12400E383A6 /* NAList.c in Sources */ = {isa = PBXBuildFile; fileRef = 90233936256AD12300E383A6 /* NAList.c */; };
		902339DA256AD12400E383A6 /* NADebugging.c in Sources */ = {isa = PBXBuildFile; fileRef = 90233943256AD12300E383A6 /* NADebugging.c */; };
		902339DB256AD12400E383A6 /* NAMacros.c in Sources */ = {isa = PBXBuildFile; fileRef = 90233945256AD12300E383A6 /* NAMacros.c */; };
		902339DC256AD12400E383A6 /* NAPNG.c in Sources */ = {isa = PBXBuildFile; fileRef = 90233953256AD12300E383A6 /* NAPNG.c */; };
		902339DD256AD12400E383A6 /* NABabyColor.c in Sources */ = {isa = PBXBuildFile; fileRef = 90233954256AD12300E383A6 /* NABabyColor.c */; };
		902339DE256AD12400E383A6 /* NABabyImage.c in Sources */ = {isa = PBXBuildFile; fileRef = 90233955256AD12300E383A6 /* NABabyImage.c */; };
		902339DF256AD12400E383A6 /* NADeflate.c in Sources */ = {isa = PBXBuildFile; fileRef = 90233956256AD12300E383A6 /* NADeflate.c */; };
		902339E0256AD12400E383A6 /* NAFile.c in Sources */ = {isa = PBXBuildFile; fileRef = 9023395F256AD12300E383A6 /* NAFile.c */; };
		902339E1256AD12400E383A6 /* NATesting.c in Sources */ = {isa = PBXBuildFile; fileRef = 90233962256AD12300E383A6 /* NATesting.c */; };
		902339E2256AD12400E383A6 /* NADateTime.c in Sources */ = {isa = PBXBuildFile; fileRef = 90233963256AD12300E383A6 /* NADateTime.c */; };
		902339E3256AD12400E383A6 /* NAURL.c in Sources */ = {isa = PBXBuildFile; fileRef = 9023396A256AD12400E383A6 /* NAURL.c */; };
		902339E4256AD12400E383A6 /* NARuntime.c in Sources */ = {isa = PBXBuildFile; fileRef = 90233973256AD12400E383A6 /* NARuntime.c */; };
		902339E5256AD12400E383A6 /* NABinaryData.c in Sources */ = {isa = PBXBuildFile; fileRef = 90233975256AD12400E383A6 /* NABinaryData.c */; };
		902339E6256AD12400E383A6 /* NACocoa.m in Sources */ = {isa = PBXBuildFile; fileRef = 9023397F256AD12400E383A6 /* NACocoa.m */; };
		902339E7256AD12400E383A6 /* NATranslator.c in Sources */ = {isa = PBXBuildFile; fileRef = 90233992256AD12400E383A6 /* NATranslator.c */; };
		902339E8256AD12400E383A6 /* NAUICore.c in Sources */ = {isa = PBXBuildFile; fileRef = 90233995256AD12400E383A6 /* NAUICore.c */; };
		902339E9256AD12400E383A6 /* NAUIWINAPI.c in Sources */ = {isa = PBXBuildFile; fileRef = 90233998256AD12400E383A6 /* NAUIWINAPI.c */; };
		902339EA256AD12400E383A6 /* NAUIImage.c in Sources */ = {isa = PBXBuildFile; fileRef = 902339AA256AD12400E383A6 /* NAUIImage.c */; };
		90BA03381BA96CAB00A651E9 /* WebKit.framework in Frameworks */ = {isa = PBXBuildFile; fileRef = 90BA03371BA96CAB00A651E9 /* WebKit.framework */; };
		90BAF7FB2175AB4A001665BF /* InfoPlist.strings in Resources */ = {isa = PBXBuildFile; fileRef = 90BAF7F02175AB4A001665BF /* InfoPlist.strings */; };
		90BAF7FC2175AB4A001665BF /* MainMenu.xib in Resources */ = {isa = PBXBuildFile; fileRef = 90BAF7F22175AB4A001665BF /* MainMenu.xib */; };
		90BAF7FD2175AB4A001665BF /* MatrixBuddyChangelog.txt in Resources */ = {isa = PBXBuildFile; fileRef = 90BAF7F52175AB4A001665BF /* MatrixBuddyChangelog.txt */; };
		90BAF7FE2175AB4A001665BF /* MatrixBuddy.icns in Resources */ = {isa = PBXBuildFile; fileRef = 90BAF7F62175AB4A001665BF /* MatrixBuddy.icns */; };
		90BAF8582175AB51001665BF /* MATApplication.m in Sources */ = {isa = PBXBuildFile; fileRef = 90BAF8032175AB51001665BF /* MATApplication.m */; };
		90BAF8592175AB51001665BF /* MATValueView.m in Sources */ = {isa = PBXBuildFile; fileRef = 90BAF8042175AB51001665BF /* MATValueView.m */; };
		90BAF85A2175AB51001665BF /* MATComputationView.m in Sources */ = {isa = PBXBuildFile; fileRef = 90BAF8052175AB51001665BF /* MATComputationView.m */; };
		90BAF85B2175AB51001665BF /* MATWindowController.m in Sources */ = {isa = PBXBuildFile; fileRef = 90BAF8062175AB51001665BF /* MATWindowController.m */; };
		90BAF85C2175AB51001665BF /* MATTextField.m in Sources */ = {isa = PBXBuildFile; fileRef = 90BAF8082175AB51001665BF /* MATTextField.m */; };
		90BAF85D2175AB51001665BF /* MATMDivCompV.m in Sources */ = {isa = PBXBuildFile; fileRef = 90BAF80A2175AB51001665BF /* MATMDivCompV.m */; };
		90BAF85E2175AB51001665BF /* MATVCrossV.m in Sources */ = {isa = PBXBuildFile; fileRef = 90BAF80B2175AB51001665BF /* MATVCrossV.m */; };
		90BAF85F2175AB51001665BF /* MATVAddV.m in Sources */ = {isa = PBXBuildFile; fileRef = 90BAF80E2175AB51001665BF /* MATVAddV.m */; };
		90BAF8602175AB51001665BF /* MATInvertM.m in Sources */ = {isa = PBXBuildFile; fileRef = 90BAF80F2175AB51001665BF /* MATInvertM.m */; };
		90BAF8612175AB51001665BF /* MATDiagS.m in Sources */ = {isa = PBXBuildFile; fileRef = 90BAF8112175AB51001665BF /* MATDiagS.m */; };
		90BAF8622175AB51001665BF /* MATMAddM.m in Sources */ = {isa = PBXBuildFile; fileRef = 90BAF8152175AB51001665BF /* MATMAddM.m */; };
		90BAF8632175AB51001665BF /* MATNormalizeV.m in Sources */ = {isa = PBXBuildFile; fileRef = 90BAF8172175AB51001665BF /* MATNormalizeV.m */; };
		90BAF8642175AB51001665BF /* MATVMulCompV.m in Sources */ = {isa = PBXBuildFile; fileRef = 90BAF8192175AB51001665BF /* MATVMulCompV.m */; };
		90BAF8652175AB51001665BF /* MATVMulS.m in Sources */ = {isa = PBXBuildFile; fileRef = 90BAF81C2175AB51001665BF /* MATVMulS.m */; };
		90BAF8662175AB51001665BF /* MATOrthogonalizeV.m in Sources */ = {isa = PBXBuildFile; fileRef = 90BAF81D2175AB51001665BF /* MATOrthogonalizeV.m */; };
		90BAF8672175AB51001665BF /* MATMMulS.m in Sources */ = {isa = PBXBuildFile; fileRef = 90BAF81E2175AB51001665BF /* MATMMulS.m */; };
		90BAF8682175AB51001665BF /* MATMDivCompM.m in Sources */ = {isa = PBXBuildFile; fileRef = 90BAF81F2175AB51001665BF /* MATMDivCompM.m */; };
		90BAF8692175AB51001665BF /* MATMMulCompV.m in Sources */ = {isa = PBXBuildFile; fileRef = 90BAF8262175AB51001665BF /* MATMMulCompV.m */; };
		90BAF86A2175AB51001665BF /* MATMMulV.m in Sources */ = {isa = PBXBuildFile; fileRef = 90BAF8272175AB51001665BF /* MATMMulV.m */; };
		90BAF86B2175AB51001665BF /* MATVSubV.m in Sources */ = {isa = PBXBuildFile; fileRef = 90BAF82A2175AB51001665BF /* MATVSubV.m */; };
		90BAF86C2175AB51001665BF /* MATMirrorV.m in Sources */ = {isa = PBXBuildFile; fileRef = 90BAF82B2175AB51001665BF /* MATMirrorV.m */; };
		90BAF86D2175AB51001665BF /* MATNegV.m in Sources */ = {isa = PBXBuildFile; fileRef = 90BAF82E2175AB51001665BF /* MATNegV.m */; };
		90BAF86E2175AB51001665BF /* MATVDotV.m in Sources */ = {isa = PBXBuildFile; fileRef = 90BAF8332175AB51001665BF /* MATVDotV.m */; };
		90BAF86F2175AB51001665BF /* MATMSubM.m in Sources */ = {isa = PBXBuildFile; fileRef = 90BAF8342175AB51001665BF /* MATMSubM.m */; };
		90BAF8702175AB51001665BF /* MATLengthV.m in Sources */ = {isa = PBXBuildFile; fileRef = 90BAF8362175AB51001665BF /* MATLengthV.m */; };
		90BAF8712175AB51001665BF /* MATNegM.m in Sources */ = {isa = PBXBuildFile; fileRef = 90BAF8382175AB51001665BF /* MATNegM.m */; };
		90BAF8722175AB51001665BF /* MATVDivCompV.m in Sources */ = {isa = PBXBuildFile; fileRef = 90BAF8392175AB51001665BF /* MATVDivCompV.m */; };
		90BAF8732175AB51001665BF /* MATMMulM.m in Sources */ = {isa = PBXBuildFile; fileRef = 90BAF83B2175AB51001665BF /* MATMMulM.m */; };
		90BAF8742175AB51001665BF /* MATMMulCompM.m in Sources */ = {isa = PBXBuildFile; fileRef = 90BAF83C2175AB51001665BF /* MATMMulCompM.m */; };
		90BAF8752175AB51001665BF /* MATTransposeM.m in Sources */ = {isa = PBXBuildFile; fileRef = 90BAF83D2175AB51001665BF /* MATTransposeM.m */; };
		90BAF8762175AB51001665BF /* MATMDivS.m in Sources */ = {isa = PBXBuildFile; fileRef = 90BAF83E2175AB51001665BF /* MATMDivS.m */; };
		90BAF8772175AB51001665BF /* MATDiagV.m in Sources */ = {isa = PBXBuildFile; fileRef = 90BAF83F2175AB51001665BF /* MATDiagV.m */; };
		90BAF8782175AB51001665BF /* MATVDivS.m in Sources */ = {isa = PBXBuildFile; fileRef = 90BAF8402175AB51001665BF /* MATVDivS.m */; };
		90BAF8792175AB51001665BF /* main.m in Sources */ = {isa = PBXBuildFile; fileRef = 90BAF8432175AB51001665BF /* main.m */; };
		90BAF87A2175AB51001665BF /* MATViewS.m in Sources */ = {isa = PBXBuildFile; fileRef = 90BAF8492175AB51001665BF /* MATViewS.m */; };
		90BAF87B2175AB51001665BF /* MATViewV4.m in Sources */ = {isa = PBXBuildFile; fileRef = 90BAF84B2175AB51001665BF /* MATViewV4.m */; };
		90BAF87C2175AB51001665BF /* MATViewV3.m in Sources */ = {isa = PBXBuildFile; fileRef = 90BAF84E2175AB51001665BF /* MATViewV3.m */; };
		90BAF87D2175AB51001665BF /* MATViewM33.m in Sources */ = {isa = PBXBuildFile; fileRef = 90BAF84F2175AB51001665BF /* MATViewM33.m */; };
		90BAF87E2175AB51001665BF /* MATViewM22.m in Sources */ = {isa = PBXBuildFile; fileRef = 90BAF8502175AB51001665BF /* MATViewM22.m */; };
		90BAF87F2175AB51001665BF /* MATViewV2.m in Sources */ = {isa = PBXBuildFile; fileRef = 90BAF8522175AB51001665BF /* MATViewV2.m */; };
		90BAF8802175AB51001665BF /* MATViewM44.m in Sources */ = {isa = PBXBuildFile; fileRef = 90BAF8552175AB51001665BF /* MATViewM44.m */; };
/* End PBXBuildFile section */

/* Begin PBXFileReference section */
		90035EB922DFDE3200128540 /* MatrixBuddyPreferences.h */ = {isa = PBXFileReference; lastKnownFileType = sourcecode.c.h; path = MatrixBuddyPreferences.h; sourceTree = "<group>"; };
		90035EC422E6E39400128540 /* MatrixBuddyTranslations.c */ = {isa = PBXFileReference; fileEncoding = 4; lastKnownFileType = sourcecode.c.c; path = MatrixBuddyTranslations.c; sourceTree = "<group>"; };
		90035EC622E6E4EE00128540 /* MatrixBuddyPreferences.c */ = {isa = PBXFileReference; fileEncoding = 4; lastKnownFileType = sourcecode.c.c; path = MatrixBuddyPreferences.c; sourceTree = "<group>"; };
		90035EC822E7A18B00128540 /* MATTypes.h */ = {isa = PBXFileReference; lastKnownFileType = sourcecode.c.h; path = MATTypes.h; sourceTree = "<group>"; };
		9020CF151BA6E29000E74965 /* Matrix Buddy.app */ = {isa = PBXFileReference; explicitFileType = wrapper.application; includeInIndex = 0; path = "Matrix Buddy.app"; sourceTree = BUILT_PRODUCTS_DIR; };
		902338E4256AD11800E383A6 /* ManderApp.vcxproj */ = {isa = PBXFileReference; fileEncoding = 4; lastKnownFileType = text.xml; path = ManderApp.vcxproj; sourceTree = "<group>"; };
		902338E6256AD11800E383A6 /* ManderApp_deu.h */ = {isa = PBXFileReference; fileEncoding = 4; lastKnownFileType = sourcecode.c.h; path = ManderApp_deu.h; sourceTree = "<group>"; };
		902338E7256AD11800E383A6 /* ManderApp_eng.h */ = {isa = PBXFileReference; fileEncoding = 4; lastKnownFileType = sourcecode.c.h; path = ManderApp_eng.h; sourceTree = "<group>"; };
		902338E9256AD11800E383A6 /* ManderApp.h */ = {isa = PBXFileReference; fileEncoding = 4; lastKnownFileType = sourcecode.c.h; path = ManderApp.h; sourceTree = "<group>"; };
		902338EA256AD11800E383A6 /* ManderAppPreferences.c */ = {isa = PBXFileReference; fileEncoding = 4; lastKnownFileType = sourcecode.c.c; path = ManderAppPreferences.c; sourceTree = "<group>"; };
		902338EB256AD11800E383A6 /* ManderAppAbout.c */ = {isa = PBXFileReference; fileEncoding = 4; lastKnownFileType = sourcecode.c.c; path = ManderAppAbout.c; sourceTree = "<group>"; };
		902338EC256AD11800E383A6 /* ManderAppTranslations.c */ = {isa = PBXFileReference; fileEncoding = 4; lastKnownFileType = sourcecode.c.c; path = ManderAppTranslations.c; sourceTree = "<group>"; };
		902338ED256AD11800E383A6 /* ManderApp.c */ = {isa = PBXFileReference; fileEncoding = 4; lastKnownFileType = sourcecode.c.c; path = ManderApp.c; sourceTree = "<group>"; };
		902338EE256AD11800E383A6 /* ManderAppPreferences.h */ = {isa = PBXFileReference; fileEncoding = 4; lastKnownFileType = sourcecode.c.h; path = ManderAppPreferences.h; sourceTree = "<group>"; };
		902338EF256AD11800E383A6 /* ManderAppAbout.h */ = {isa = PBXFileReference; fileEncoding = 4; lastKnownFileType = sourcecode.c.h; path = ManderAppAbout.h; sourceTree = "<group>"; };
		902338F0256AD11800E383A6 /* ManderAppTranslations.h */ = {isa = PBXFileReference; fileEncoding = 4; lastKnownFileType = sourcecode.c.h; path = ManderAppTranslations.h; sourceTree = "<group>"; };
		902338F8256AD12300E383A6 /* NALib.vcxproj */ = {isa = PBXFileReference; fileEncoding = 4; lastKnownFileType = text.xml; path = NALib.vcxproj; sourceTree = "<group>"; };
		902338FA256AD12300E383A6 /* NAMathConstants.h */ = {isa = PBXFileReference; fileEncoding = 4; lastKnownFileType = sourcecode.c.h; path = NAMathConstants.h; sourceTree = "<group>"; };
		902338FB256AD12300E383A6 /* NAMemory.h */ = {isa = PBXFileReference; fileEncoding = 4; lastKnownFileType = sourcecode.c.h; path = NAMemory.h; sourceTree = "<group>"; };
		902338FC256AD12300E383A6 /* NAComplex.h */ = {isa = PBXFileReference; fileEncoding = 4; lastKnownFileType = sourcecode.c.h; path = NAComplex.h; sourceTree = "<group>"; };
		902338FD256AD12300E383A6 /* NABase.h */ = {isa = PBXFileReference; fileEncoding = 4; lastKnownFileType = sourcecode.c.h; path = NABase.h; sourceTree = "<group>"; };
		902338FE256AD12300E383A6 /* NABuffer.h */ = {isa = PBXFileReference; fileEncoding = 4; lastKnownFileType = sourcecode.c.h; path = NABuffer.h; sourceTree = "<group>"; };
		902338FF256AD12300E383A6 /* NAArray.h */ = {isa = PBXFileReference; fileEncoding = 4; lastKnownFileType = sourcecode.c.h; path = NAArray.h; sourceTree = "<group>"; };
		90233900256AD12300E383A6 /* NAThreading.h */ = {isa = PBXFileReference; fileEncoding = 4; lastKnownFileType = sourcecode.c.h; path = NAThreading.h; sourceTree = "<group>"; };
		90233901256AD12300E383A6 /* NAStack.h */ = {isa = PBXFileReference; fileEncoding = 4; lastKnownFileType = sourcecode.c.h; path = NAStack.h; sourceTree = "<group>"; };
		90233902256AD12300E383A6 /* NADeflate.h */ = {isa = PBXFileReference; fileEncoding = 4; lastKnownFileType = sourcecode.c.h; path = NADeflate.h; sourceTree = "<group>"; };
		90233903256AD12300E383A6 /* NAList.h */ = {isa = PBXFileReference; fileEncoding = 4; lastKnownFileType = sourcecode.c.h; path = NAList.h; sourceTree = "<group>"; };
		90233904256AD12300E383A6 /* NABabyImage.h */ = {isa = PBXFileReference; fileEncoding = 4; lastKnownFileType = sourcecode.c.h; path = NABabyImage.h; sourceTree = "<group>"; };
		90233905256AD12300E383A6 /* NAString.h */ = {isa = PBXFileReference; fileEncoding = 4; lastKnownFileType = sourcecode.c.h; path = NAString.h; sourceTree = "<group>"; };
		90233906256AD12300E383A6 /* NARandom.h */ = {isa = PBXFileReference; fileEncoding = 4; lastKnownFileType = sourcecode.c.h; path = NARandom.h; sourceTree = "<group>"; };
		90233907256AD12300E383A6 /* NAPreferences.h */ = {isa = PBXFileReference; fileEncoding = 4; lastKnownFileType = sourcecode.c.h; path = NAPreferences.h; sourceTree = "<group>"; };
		9023390A256AD12300E383A6 /* NAHeapII.h */ = {isa = PBXFileReference; fileEncoding = 4; lastKnownFileType = sourcecode.c.h; path = NAHeapII.h; sourceTree = "<group>"; };
		9023390B256AD12300E383A6 /* NAHeapT.h */ = {isa = PBXFileReference; fileEncoding = 4; lastKnownFileType = sourcecode.c.h; path = NAHeapT.h; sourceTree = "<group>"; };
		9023390C256AD12300E383A6 /* NAHeap.c */ = {isa = PBXFileReference; fileEncoding = 4; lastKnownFileType = sourcecode.c.c; path = NAHeap.c; sourceTree = "<group>"; };
		9023390D256AD12300E383A6 /* NAStringII.h */ = {isa = PBXFileReference; fileEncoding = 4; lastKnownFileType = sourcecode.c.h; path = NAStringII.h; sourceTree = "<group>"; };
		9023390F256AD12300E383A6 /* NABufferII.h */ = {isa = PBXFileReference; fileEncoding = 4; lastKnownFileType = sourcecode.c.h; path = NABufferII.h; sourceTree = "<group>"; };
		90233910256AD12300E383A6 /* NABufferManipulation.c */ = {isa = PBXFileReference; fileEncoding = 4; lastKnownFileType = sourcecode.c.c; path = NABufferManipulation.c; sourceTree = "<group>"; };
		90233911256AD12300E383A6 /* NABufferPart.c */ = {isa = PBXFileReference; fileEncoding = 4; lastKnownFileType = sourcecode.c.c; path = NABufferPart.c; sourceTree = "<group>"; };
		90233912256AD12300E383A6 /* NABufferWriteII.h */ = {isa = PBXFileReference; fileEncoding = 4; lastKnownFileType = sourcecode.c.h; path = NABufferWriteII.h; sourceTree = "<group>"; };
		90233913256AD12300E383A6 /* NABufferRead.c */ = {isa = PBXFileReference; fileEncoding = 4; lastKnownFileType = sourcecode.c.c; path = NABufferRead.c; sourceTree = "<group>"; };
		90233914256AD12300E383A6 /* NABufferIterationII.h */ = {isa = PBXFileReference; fileEncoding = 4; lastKnownFileType = sourcecode.c.h; path = NABufferIterationII.h; sourceTree = "<group>"; };
		90233915256AD12300E383A6 /* NABufferParseII.h */ = {isa = PBXFileReference; fileEncoding = 4; lastKnownFileType = sourcecode.c.h; path = NABufferParseII.h; sourceTree = "<group>"; };
		90233916256AD12300E383A6 /* NABufferIteration.c */ = {isa = PBXFileReference; fileEncoding = 4; lastKnownFileType = sourcecode.c.c; path = NABufferIteration.c; sourceTree = "<group>"; };
		90233917256AD12300E383A6 /* NABufferWrite.c */ = {isa = PBXFileReference; fileEncoding = 4; lastKnownFileType = sourcecode.c.c; path = NABufferWrite.c; sourceTree = "<group>"; };
		90233918256AD12300E383A6 /* NABufferHelperII.h */ = {isa = PBXFileReference; fileEncoding = 4; lastKnownFileType = sourcecode.c.h; path = NABufferHelperII.h; sourceTree = "<group>"; };
		90233919256AD12300E383A6 /* NAMemoryBlockII.h */ = {isa = PBXFileReference; fileEncoding = 4; lastKnownFileType = sourcecode.c.h; path = NAMemoryBlockII.h; sourceTree = "<group>"; };
		9023391A256AD12300E383A6 /* NABufferParse.c */ = {isa = PBXFileReference; fileEncoding = 4; lastKnownFileType = sourcecode.c.c; path = NABufferParse.c; sourceTree = "<group>"; };
		9023391B256AD12300E383A6 /* NABufferPartII.h */ = {isa = PBXFileReference; fileEncoding = 4; lastKnownFileType = sourcecode.c.h; path = NABufferPartII.h; sourceTree = "<group>"; };
		9023391C256AD12300E383A6 /* NABuffer.c */ = {isa = PBXFileReference; fileEncoding = 4; lastKnownFileType = sourcecode.c.c; path = NABuffer.c; sourceTree = "<group>"; };
		9023391D256AD12300E383A6 /* NAMemoryBlock.c */ = {isa = PBXFileReference; fileEncoding = 4; lastKnownFileType = sourcecode.c.c; path = NAMemoryBlock.c; sourceTree = "<group>"; };
		9023391E256AD12300E383A6 /* NABufferReadII.h */ = {isa = PBXFileReference; fileEncoding = 4; lastKnownFileType = sourcecode.c.h; path = NABufferReadII.h; sourceTree = "<group>"; };
		9023391F256AD12300E383A6 /* NABufferSource.c */ = {isa = PBXFileReference; fileEncoding = 4; lastKnownFileType = sourcecode.c.c; path = NABufferSource.c; sourceTree = "<group>"; };
		90233920256AD12300E383A6 /* NABufferSourceII.h */ = {isa = PBXFileReference; fileEncoding = 4; lastKnownFileType = sourcecode.c.h; path = NABufferSourceII.h; sourceTree = "<group>"; };
		90233921256AD12300E383A6 /* NAStackII.h */ = {isa = PBXFileReference; fileEncoding = 4; lastKnownFileType = sourcecode.c.h; path = NAStackII.h; sourceTree = "<group>"; };
		90233922256AD12300E383A6 /* NACircularBufferII.h */ = {isa = PBXFileReference; fileEncoding = 4; lastKnownFileType = sourcecode.c.h; path = NACircularBufferII.h; sourceTree = "<group>"; };
		90233924256AD12300E383A6 /* NATreeOct.h */ = {isa = PBXFileReference; fileEncoding = 4; lastKnownFileType = sourcecode.c.h; path = NATreeOct.h; sourceTree = "<group>"; };
		90233925256AD12300E383A6 /* NATreeBin.h */ = {isa = PBXFileReference; fileEncoding = 4; lastKnownFileType = sourcecode.c.h; path = NATreeBin.h; sourceTree = "<group>"; };
		90233926256AD12300E383A6 /* NATree.c */ = {isa = PBXFileReference; fileEncoding = 4; lastKnownFileType = sourcecode.c.c; path = NATree.c; sourceTree = "<group>"; };
		90233927256AD12300E383A6 /* NATreeIteration.c */ = {isa = PBXFileReference; fileEncoding = 4; lastKnownFileType = sourcecode.c.c; path = NATreeIteration.c; sourceTree = "<group>"; };
		90233928256AD12300E383A6 /* NATreeQuad.h */ = {isa = PBXFileReference; fileEncoding = 4; lastKnownFileType = sourcecode.c.h; path = NATreeQuad.h; sourceTree = "<group>"; };
		90233929256AD12300E383A6 /* NATreeConfigurationII.h */ = {isa = PBXFileReference; fileEncoding = 4; lastKnownFileType = sourcecode.c.h; path = NATreeConfigurationII.h; sourceTree = "<group>"; };
		9023392A256AD12300E383A6 /* NATreeII.h */ = {isa = PBXFileReference; fileEncoding = 4; lastKnownFileType = sourcecode.c.h; path = NATreeII.h; sourceTree = "<group>"; };
		9023392B256AD12300E383A6 /* NATreeIterationII.h */ = {isa = PBXFileReference; fileEncoding = 4; lastKnownFileType = sourcecode.c.h; path = NATreeIterationII.h; sourceTree = "<group>"; };
		9023392C256AD12300E383A6 /* NATreeBin.c */ = {isa = PBXFileReference; fileEncoding = 4; lastKnownFileType = sourcecode.c.c; path = NATreeBin.c; sourceTree = "<group>"; };
		9023392D256AD12300E383A6 /* NATreeOct.c */ = {isa = PBXFileReference; fileEncoding = 4; lastKnownFileType = sourcecode.c.c; path = NATreeOct.c; sourceTree = "<group>"; };
		9023392E256AD12300E383A6 /* NATreeQuad.c */ = {isa = PBXFileReference; fileEncoding = 4; lastKnownFileType = sourcecode.c.c; path = NATreeQuad.c; sourceTree = "<group>"; };
		9023392F256AD12300E383A6 /* NATreeConfiguration.c */ = {isa = PBXFileReference; fileEncoding = 4; lastKnownFileType = sourcecode.c.c; path = NATreeConfiguration.c; sourceTree = "<group>"; };
		90233930256AD12300E383A6 /* NATreeUtilitiesII.h */ = {isa = PBXFileReference; fileEncoding = 4; lastKnownFileType = sourcecode.c.h; path = NATreeUtilitiesII.h; sourceTree = "<group>"; };
		90233931256AD12300E383A6 /* NATreeAVL.c */ = {isa = PBXFileReference; fileEncoding = 4; lastKnownFileType = sourcecode.c.c; path = NATreeAVL.c; sourceTree = "<group>"; };
		90233932256AD12300E383A6 /* NATreeItemII.h */ = {isa = PBXFileReference; fileEncoding = 4; lastKnownFileType = sourcecode.c.h; path = NATreeItemII.h; sourceTree = "<group>"; };
		90233933256AD12300E383A6 /* NAPoolII.h */ = {isa = PBXFileReference; fileEncoding = 4; lastKnownFileType = sourcecode.c.h; path = NAPoolII.h; sourceTree = "<group>"; };
		90233934256AD12300E383A6 /* NAListII.h */ = {isa = PBXFileReference; fileEncoding = 4; lastKnownFileType = sourcecode.c.h; path = NAListII.h; sourceTree = "<group>"; };
		90233935256AD12300E383A6 /* NAString.c */ = {isa = PBXFileReference; fileEncoding = 4; lastKnownFileType = sourcecode.c.c; path = NAString.c; sourceTree = "<group>"; };
		90233936256AD12300E383A6 /* NAList.c */ = {isa = PBXFileReference; fileEncoding = 4; lastKnownFileType = sourcecode.c.c; path = NAList.c; sourceTree = "<group>"; };
		90233937256AD12300E383A6 /* NAArrayII.h */ = {isa = PBXFileReference; fileEncoding = 4; lastKnownFileType = sourcecode.c.h; path = NAArrayII.h; sourceTree = "<group>"; };
		90233939256AD12300E383A6 /* NAInt256II.h */ = {isa = PBXFileReference; fileEncoding = 4; lastKnownFileType = sourcecode.c.h; path = NAInt256II.h; sourceTree = "<group>"; };
		9023393A256AD12300E383A6 /* NAInteger.h */ = {isa = PBXFileReference; fileEncoding = 4; lastKnownFileType = sourcecode.c.h; path = NAInteger.h; sourceTree = "<group>"; };
		9023393B256AD12300E383A6 /* NAMacros.h */ = {isa = PBXFileReference; fileEncoding = 4; lastKnownFileType = sourcecode.c.h; path = NAMacros.h; sourceTree = "<group>"; };
		9023393C256AD12300E383A6 /* NAConfiguration.h */ = {isa = PBXFileReference; fileEncoding = 4; lastKnownFileType = sourcecode.c.h; path = NAConfiguration.h; sourceTree = "<group>"; };
		9023393D256AD12300E383A6 /* NAInt128.h */ = {isa = PBXFileReference; fileEncoding = 4; lastKnownFileType = sourcecode.c.h; path = NAInt128.h; sourceTree = "<group>"; };
		9023393E256AD12300E383A6 /* NANumerics.h */ = {isa = PBXFileReference; fileEncoding = 4; lastKnownFileType = sourcecode.c.h; path = NANumerics.h; sourceTree = "<group>"; };
		9023393F256AD12300E383A6 /* NADebuggingII.h */ = {isa = PBXFileReference; fileEncoding = 4; lastKnownFileType = sourcecode.c.h; path = NADebuggingII.h; sourceTree = "<group>"; };
		90233940256AD12300E383A6 /* NAFloatingPoint.h */ = {isa = PBXFileReference; fileEncoding = 4; lastKnownFileType = sourcecode.c.h; path = NAFloatingPoint.h; sourceTree = "<group>"; };
		90233941256AD12300E383A6 /* NAInt64II.h */ = {isa = PBXFileReference; fileEncoding = 4; lastKnownFileType = sourcecode.c.h; path = NAInt64II.h; sourceTree = "<group>"; };
		90233942256AD12300E383A6 /* NAChar.h */ = {isa = PBXFileReference; fileEncoding = 4; lastKnownFileType = sourcecode.c.h; path = NAChar.h; sourceTree = "<group>"; };
		90233943256AD12300E383A6 /* NADebugging.c */ = {isa = PBXFileReference; fileEncoding = 4; lastKnownFileType = sourcecode.c.c; path = NADebugging.c; sourceTree = "<group>"; };
		90233944256AD12300E383A6 /* NAEnvironment.h */ = {isa = PBXFileReference; fileEncoding = 4; lastKnownFileType = sourcecode.c.h; path = NAEnvironment.h; sourceTree = "<group>"; };
		90233945256AD12300E383A6 /* NAMacros.c */ = {isa = PBXFileReference; fileEncoding = 4; lastKnownFileType = sourcecode.c.c; path = NAMacros.c; sourceTree = "<group>"; };
		90233946256AD12300E383A6 /* NALanguage.h */ = {isa = PBXFileReference; fileEncoding = 4; lastKnownFileType = sourcecode.c.h; path = NALanguage.h; sourceTree = "<group>"; };
		90233947256AD12300E383A6 /* NAInt64.h */ = {isa = PBXFileReference; fileEncoding = 4; lastKnownFileType = sourcecode.c.h; path = NAInt64.h; sourceTree = "<group>"; };
		90233948256AD12300E383A6 /* NAEncoding.h */ = {isa = PBXFileReference; fileEncoding = 4; lastKnownFileType = sourcecode.c.h; path = NAEncoding.h; sourceTree = "<group>"; };
		90233949256AD12300E383A6 /* NANumericsII.h */ = {isa = PBXFileReference; fileEncoding = 4; lastKnownFileType = sourcecode.c.h; path = NANumericsII.h; sourceTree = "<group>"; };
		9023394A256AD12300E383A6 /* NAInt128II.h */ = {isa = PBXFileReference; fileEncoding = 4; lastKnownFileType = sourcecode.c.h; path = NAInt128II.h; sourceTree = "<group>"; };
		9023394B256AD12300E383A6 /* NAFloatingPointII.h */ = {isa = PBXFileReference; fileEncoding = 4; lastKnownFileType = sourcecode.c.h; path = NAFloatingPointII.h; sourceTree = "<group>"; };
		9023394C256AD12300E383A6 /* NAInt256.h */ = {isa = PBXFileReference; fileEncoding = 4; lastKnownFileType = sourcecode.c.h; path = NAInt256.h; sourceTree = "<group>"; };
		9023394D256AD12300E383A6 /* NACompiler.h */ = {isa = PBXFileReference; fileEncoding = 4; lastKnownFileType = sourcecode.c.h; path = NACompiler.h; sourceTree = "<group>"; };
		9023394E256AD12300E383A6 /* NADebugging.h */ = {isa = PBXFileReference; fileEncoding = 4; lastKnownFileType = sourcecode.c.h; path = NADebugging.h; sourceTree = "<group>"; };
		9023394F256AD12300E383A6 /* NAMacrosII.h */ = {isa = PBXFileReference; fileEncoding = 4; lastKnownFileType = sourcecode.c.h; path = NAMacrosII.h; sourceTree = "<group>"; };
		90233950256AD12300E383A6 /* NAURL.h */ = {isa = PBXFileReference; fileEncoding = 4; lastKnownFileType = sourcecode.c.h; path = NAURL.h; sourceTree = "<group>"; };
		90233951256AD12300E383A6 /* NAHeap.h */ = {isa = PBXFileReference; fileEncoding = 4; lastKnownFileType = sourcecode.c.h; path = NAHeap.h; sourceTree = "<group>"; };
		90233953256AD12300E383A6 /* NAPNG.c */ = {isa = PBXFileReference; fileEncoding = 4; lastKnownFileType = sourcecode.c.c; path = NAPNG.c; sourceTree = "<group>"; };
		90233954256AD12300E383A6 /* NABabyColor.c */ = {isa = PBXFileReference; fileEncoding = 4; lastKnownFileType = sourcecode.c.c; path = NABabyColor.c; sourceTree = "<group>"; };
		90233955256AD12300E383A6 /* NABabyImage.c */ = {isa = PBXFileReference; fileEncoding = 4; lastKnownFileType = sourcecode.c.c; path = NABabyImage.c; sourceTree = "<group>"; };
		90233956256AD12300E383A6 /* NADeflate.c */ = {isa = PBXFileReference; fileEncoding = 4; lastKnownFileType = sourcecode.c.c; path = NADeflate.c; sourceTree = "<group>"; };
		90233957256AD12300E383A6 /* NAPNG.h */ = {isa = PBXFileReference; fileEncoding = 4; lastKnownFileType = sourcecode.c.h; path = NAPNG.h; sourceTree = "<group>"; };
		90233958256AD12300E383A6 /* NAFile.h */ = {isa = PBXFileReference; fileEncoding = 4; lastKnownFileType = sourcecode.c.h; path = NAFile.h; sourceTree = "<group>"; };
		90233959256AD12300E383A6 /* NAVectorAlgebra.h */ = {isa = PBXFileReference; fileEncoding = 4; lastKnownFileType = sourcecode.c.h; path = NAVectorAlgebra.h; sourceTree = "<group>"; };
		9023395A256AD12300E383A6 /* NAMathOperators.h */ = {isa = PBXFileReference; fileEncoding = 4; lastKnownFileType = sourcecode.c.h; path = NAMathOperators.h; sourceTree = "<group>"; };
		9023395B256AD12300E383A6 /* NADateTime.h */ = {isa = PBXFileReference; fileEncoding = 4; lastKnownFileType = sourcecode.c.h; path = NADateTime.h; sourceTree = "<group>"; };
		9023395C256AD12300E383A6 /* NABinaryData.h */ = {isa = PBXFileReference; fileEncoding = 4; lastKnownFileType = sourcecode.c.h; path = NABinaryData.h; sourceTree = "<group>"; };
		9023395D256AD12300E383A6 /* NAUI.h */ = {isa = PBXFileReference; fileEncoding = 4; lastKnownFileType = sourcecode.c.h; path = NAUI.h; sourceTree = "<group>"; };
		9023395F256AD12300E383A6 /* NAFile.c */ = {isa = PBXFileReference; fileEncoding = 4; lastKnownFileType = sourcecode.c.c; path = NAFile.c; sourceTree = "<group>"; };
		90233961256AD12300E383A6 /* NATestingII.h */ = {isa = PBXFileReference; fileEncoding = 4; lastKnownFileType = sourcecode.c.h; path = NATestingII.h; sourceTree = "<group>"; };
		90233962256AD12300E383A6 /* NATesting.c */ = {isa = PBXFileReference; fileEncoding = 4; lastKnownFileType = sourcecode.c.c; path = NATesting.c; sourceTree = "<group>"; };
		90233963256AD12300E383A6 /* NADateTime.c */ = {isa = PBXFileReference; fileEncoding = 4; lastKnownFileType = sourcecode.c.c; path = NADateTime.c; sourceTree = "<group>"; };
		90233964256AD12300E383A6 /* NADateTimeII.h */ = {isa = PBXFileReference; fileEncoding = 4; lastKnownFileType = sourcecode.c.h; path = NADateTimeII.h; sourceTree = "<group>"; };
		90233965256AD12300E383A6 /* NAThreadingII.h */ = {isa = PBXFileReference; fileEncoding = 4; lastKnownFileType = sourcecode.c.h; path = NAThreadingII.h; sourceTree = "<group>"; };
		90233966256AD12300E383A6 /* NAValueHelperII.h */ = {isa = PBXFileReference; fileEncoding = 4; lastKnownFileType = sourcecode.c.h; path = NAValueHelperII.h; sourceTree = "<group>"; };
		90233967256AD12300E383A6 /* NAURLII.h */ = {isa = PBXFileReference; fileEncoding = 4; lastKnownFileType = sourcecode.c.h; path = NAURLII.h; sourceTree = "<group>"; };
		90233968256AD12300E383A6 /* NAFileII.h */ = {isa = PBXFileReference; fileEncoding = 4; lastKnownFileType = sourcecode.c.h; path = NAFileII.h; sourceTree = "<group>"; };
		90233969256AD12300E383A6 /* NAKeyII.h */ = {isa = PBXFileReference; fileEncoding = 4; lastKnownFileType = sourcecode.c.h; path = NAKeyII.h; sourceTree = "<group>"; };
		9023396A256AD12400E383A6 /* NAURL.c */ = {isa = PBXFileReference; fileEncoding = 4; lastKnownFileType = sourcecode.c.c; path = NAURL.c; sourceTree = "<group>"; };
		9023396C256AD12400E383A6 /* NARuntimeII.h */ = {isa = PBXFileReference; fileEncoding = 4; lastKnownFileType = sourcecode.c.h; path = NARuntimeII.h; sourceTree = "<group>"; };
		9023396D256AD12400E383A6 /* NARefCountII.h */ = {isa = PBXFileReference; fileEncoding = 4; lastKnownFileType = sourcecode.c.h; path = NARefCountII.h; sourceTree = "<group>"; };
		9023396E256AD12400E383A6 /* NAMallocFreeII.h */ = {isa = PBXFileReference; fileEncoding = 4; lastKnownFileType = sourcecode.c.h; path = NAMallocFreeII.h; sourceTree = "<group>"; };
		9023396F256AD12400E383A6 /* NAMemoryII.h */ = {isa = PBXFileReference; fileEncoding = 4; lastKnownFileType = sourcecode.c.h; path = NAMemoryII.h; sourceTree = "<group>"; };
		90233970256AD12400E383A6 /* NAPointerII.h */ = {isa = PBXFileReference; fileEncoding = 4; lastKnownFileType = sourcecode.c.h; path = NAPointerII.h; sourceTree = "<group>"; };
		90233971256AD12400E383A6 /* NAPtrII.h */ = {isa = PBXFileReference; fileEncoding = 4; lastKnownFileType = sourcecode.c.h; path = NAPtrII.h; sourceTree = "<group>"; };
		90233972256AD12400E383A6 /* NASmartPtrII.h */ = {isa = PBXFileReference; fileEncoding = 4; lastKnownFileType = sourcecode.c.h; path = NASmartPtrII.h; sourceTree = "<group>"; };
		90233973256AD12400E383A6 /* NARuntime.c */ = {isa = PBXFileReference; fileEncoding = 4; lastKnownFileType = sourcecode.c.c; path = NARuntime.c; sourceTree = "<group>"; };
		90233975256AD12400E383A6 /* NABinaryData.c */ = {isa = PBXFileReference; fileEncoding = 4; lastKnownFileType = sourcecode.c.c; path = NABinaryData.c; sourceTree = "<group>"; };
		90233976256AD12400E383A6 /* NABinaryDataII.h */ = {isa = PBXFileReference; fileEncoding = 4; lastKnownFileType = sourcecode.c.h; path = NABinaryDataII.h; sourceTree = "<group>"; };
		90233977256AD12400E383A6 /* NAEndiannessII.h */ = {isa = PBXFileReference; fileEncoding = 4; lastKnownFileType = sourcecode.c.h; path = NAEndiannessII.h; sourceTree = "<group>"; };
		90233978256AD12400E383A6 /* NAKey.h */ = {isa = PBXFileReference; fileEncoding = 4; lastKnownFileType = sourcecode.c.h; path = NAKey.h; sourceTree = "<group>"; };
		90233979256AD12400E383A6 /* NATree.h */ = {isa = PBXFileReference; fileEncoding = 4; lastKnownFileType = sourcecode.c.h; path = NATree.h; sourceTree = "<group>"; };
		9023397A256AD12400E383A6 /* NACircularBuffer.h */ = {isa = PBXFileReference; fileEncoding = 4; lastKnownFileType = sourcecode.c.h; path = NACircularBuffer.h; sourceTree = "<group>"; };
		9023397C256AD12400E383A6 /* NAUICore.h */ = {isa = PBXFileReference; fileEncoding = 4; lastKnownFileType = sourcecode.c.h; path = NAUICore.h; sourceTree = "<group>"; };
		9023397F256AD12400E383A6 /* NACocoa.m */ = {isa = PBXFileReference; fileEncoding = 4; lastKnownFileType = sourcecode.c.objc; path = NACocoa.m; sourceTree = "<group>"; };
		90233981256AD12400E383A6 /* NAPreferencesCocoaII.h */ = {isa = PBXFileReference; fileEncoding = 4; lastKnownFileType = sourcecode.c.h; path = NAPreferencesCocoaII.h; sourceTree = "<group>"; };
		90233983256AD12400E383A6 /* NATextBoxII.h */ = {isa = PBXFileReference; fileEncoding = 4; lastKnownFileType = sourcecode.c.h; path = NATextBoxII.h; sourceTree = "<group>"; };
		90233984256AD12400E383A6 /* NAApplicationII.h */ = {isa = PBXFileReference; fileEncoding = 4; lastKnownFileType = sourcecode.c.h; path = NAApplicationII.h; sourceTree = "<group>"; };
		90233985256AD12400E383A6 /* NAWindowII.h */ = {isa = PBXFileReference; fileEncoding = 4; lastKnownFileType = sourcecode.c.h; path = NAWindowII.h; sourceTree = "<group>"; };
		90233986256AD12400E383A6 /* NAUICocoaLegacyII.h */ = {isa = PBXFileReference; fileEncoding = 4; lastKnownFileType = sourcecode.c.h; path = NAUICocoaLegacyII.h; sourceTree = "<group>"; };
		90233987256AD12400E383A6 /* NAButtonII.h */ = {isa = PBXFileReference; fileEncoding = 4; lastKnownFileType = sourcecode.c.h; path = NAButtonII.h; sourceTree = "<group>"; };
		90233988256AD12400E383A6 /* NACheckBoxII.h */ = {isa = PBXFileReference; fileEncoding = 4; lastKnownFileType = sourcecode.c.h; path = NACheckBoxII.h; sourceTree = "<group>"; };
		90233989256AD12400E383A6 /* NARadioII.h */ = {isa = PBXFileReference; fileEncoding = 4; lastKnownFileType = sourcecode.c.h; path = NARadioII.h; sourceTree = "<group>"; };
		9023398A256AD12400E383A6 /* NASliderII.h */ = {isa = PBXFileReference; fileEncoding = 4; lastKnownFileType = sourcecode.c.h; path = NASliderII.h; sourceTree = "<group>"; };
		9023398B256AD12400E383A6 /* NAOpenGLSpaceII.h */ = {isa = PBXFileReference; fileEncoding = 4; lastKnownFileType = sourcecode.c.h; path = NAOpenGLSpaceII.h; sourceTree = "<group>"; };
		9023398C256AD12400E383A6 /* NAUICocoaII.h */ = {isa = PBXFileReference; fileEncoding = 4; lastKnownFileType = sourcecode.c.h; path = NAUICocoaII.h; sourceTree = "<group>"; };
		9023398D256AD12400E383A6 /* NASpaceII.h */ = {isa = PBXFileReference; fileEncoding = 4; lastKnownFileType = sourcecode.c.h; path = NASpaceII.h; sourceTree = "<group>"; };
		9023398E256AD12400E383A6 /* NAImageSpaceII.h */ = {isa = PBXFileReference; fileEncoding = 4; lastKnownFileType = sourcecode.c.h; path = NAImageSpaceII.h; sourceTree = "<group>"; };
		9023398F256AD12400E383A6 /* NALabelII.h */ = {isa = PBXFileReference; fileEncoding = 4; lastKnownFileType = sourcecode.c.h; path = NALabelII.h; sourceTree = "<group>"; };
		90233990256AD12400E383A6 /* NATextFieldII.h */ = {isa = PBXFileReference; fileEncoding = 4; lastKnownFileType = sourcecode.c.h; path = NATextFieldII.h; sourceTree = "<group>"; };
		90233991256AD12400E383A6 /* NAUIImageCocoaII.h */ = {isa = PBXFileReference; fileEncoding = 4; lastKnownFileType = sourcecode.c.h; path = NAUIImageCocoaII.h; sourceTree = "<group>"; };
		90233992256AD12400E383A6 /* NATranslator.c */ = {isa = PBXFileReference; fileEncoding = 4; lastKnownFileType = sourcecode.c.c; path = NATranslator.c; sourceTree = "<group>"; };
		90233993256AD12400E383A6 /* NAUIImageII.h */ = {isa = PBXFileReference; fileEncoding = 4; lastKnownFileType = sourcecode.c.h; path = NAUIImageII.h; sourceTree = "<group>"; };
		90233994256AD12400E383A6 /* NAUIImage.h */ = {isa = PBXFileReference; fileEncoding = 4; lastKnownFileType = sourcecode.c.h; path = NAUIImage.h; sourceTree = "<group>"; };
		90233995256AD12400E383A6 /* NAUICore.c */ = {isa = PBXFileReference; fileEncoding = 4; lastKnownFileType = sourcecode.c.c; path = NAUICore.c; sourceTree = "<group>"; };
		90233998256AD12400E383A6 /* NAUIWINAPI.c */ = {isa = PBXFileReference; fileEncoding = 4; lastKnownFileType = sourcecode.c.c; path = NAUIWINAPI.c; sourceTree = "<group>"; };
		9023399B256AD12400E383A6 /* NATextBoxII.h */ = {isa = PBXFileReference; fileEncoding = 4; lastKnownFileType = sourcecode.c.h; path = NATextBoxII.h; sourceTree = "<group>"; };
		9023399C256AD12400E383A6 /* NAApplicationII.h */ = {isa = PBXFileReference; fileEncoding = 4; lastKnownFileType = sourcecode.c.h; path = NAApplicationII.h; sourceTree = "<group>"; };
		9023399D256AD12400E383A6 /* NAUIWINAPIII.h */ = {isa = PBXFileReference; fileEncoding = 4; lastKnownFileType = sourcecode.c.h; path = NAUIWINAPIII.h; sourceTree = "<group>"; };
		9023399E256AD12400E383A6 /* NAWindowII.h */ = {isa = PBXFileReference; fileEncoding = 4; lastKnownFileType = sourcecode.c.h; path = NAWindowII.h; sourceTree = "<group>"; };
		9023399F256AD12400E383A6 /* NAButtonII.h */ = {isa = PBXFileReference; fileEncoding = 4; lastKnownFileType = sourcecode.c.h; path = NAButtonII.h; sourceTree = "<group>"; };
		902339A0256AD12400E383A6 /* NACheckBoxII.h */ = {isa = PBXFileReference; fileEncoding = 4; lastKnownFileType = sourcecode.c.h; path = NACheckBoxII.h; sourceTree = "<group>"; };
		902339A1256AD12400E383A6 /* NARadioII.h */ = {isa = PBXFileReference; fileEncoding = 4; lastKnownFileType = sourcecode.c.h; path = NARadioII.h; sourceTree = "<group>"; };
		902339A2256AD12400E383A6 /* NASliderII.h */ = {isa = PBXFileReference; fileEncoding = 4; lastKnownFileType = sourcecode.c.h; path = NASliderII.h; sourceTree = "<group>"; };
		902339A3256AD12400E383A6 /* NAOpenGLSpaceII.h */ = {isa = PBXFileReference; fileEncoding = 4; lastKnownFileType = sourcecode.c.h; path = NAOpenGLSpaceII.h; sourceTree = "<group>"; };
		902339A4256AD12400E383A6 /* NASpaceII.h */ = {isa = PBXFileReference; fileEncoding = 4; lastKnownFileType = sourcecode.c.h; path = NASpaceII.h; sourceTree = "<group>"; };
		902339A5256AD12400E383A6 /* NAImageSpaceII.h */ = {isa = PBXFileReference; fileEncoding = 4; lastKnownFileType = sourcecode.c.h; path = NAImageSpaceII.h; sourceTree = "<group>"; };
		902339A6256AD12400E383A6 /* NALabelII.h */ = {isa = PBXFileReference; fileEncoding = 4; lastKnownFileType = sourcecode.c.h; path = NALabelII.h; sourceTree = "<group>"; };
		902339A7256AD12400E383A6 /* NATextFieldII.h */ = {isa = PBXFileReference; fileEncoding = 4; lastKnownFileType = sourcecode.c.h; path = NATextFieldII.h; sourceTree = "<group>"; };
		902339A8256AD12400E383A6 /* NAUIImageWINAPIII.h */ = {isa = PBXFileReference; fileEncoding = 4; lastKnownFileType = sourcecode.c.h; path = NAUIImageWINAPIII.h; sourceTree = "<group>"; };
		902339A9256AD12400E383A6 /* NAPreferencesWINAPIII.h */ = {isa = PBXFileReference; fileEncoding = 4; lastKnownFileType = sourcecode.c.h; path = NAPreferencesWINAPIII.h; sourceTree = "<group>"; };
		902339AA256AD12400E383A6 /* NAUIImage.c */ = {isa = PBXFileReference; fileEncoding = 4; lastKnownFileType = sourcecode.c.c; path = NAUIImage.c; sourceTree = "<group>"; };
		902339AB256AD12400E383A6 /* NABabyColor.h */ = {isa = PBXFileReference; fileEncoding = 4; lastKnownFileType = sourcecode.c.h; path = NABabyColor.h; sourceTree = "<group>"; };
		902339AC256AD12400E383A6 /* NATesting.h */ = {isa = PBXFileReference; fileEncoding = 4; lastKnownFileType = sourcecode.c.h; path = NATesting.h; sourceTree = "<group>"; };
		902339AE256AD12400E383A6 /* NARandomII.h */ = {isa = PBXFileReference; fileEncoding = 4; lastKnownFileType = sourcecode.c.h; path = NARandomII.h; sourceTree = "<group>"; };
		902339AF256AD12400E383A6 /* NAComplexII.h */ = {isa = PBXFileReference; fileEncoding = 4; lastKnownFileType = sourcecode.c.h; path = NAComplexII.h; sourceTree = "<group>"; };
		902339B1256AD12400E383A6 /* NAVectorBaseOperations.h */ = {isa = PBXFileReference; fileEncoding = 4; lastKnownFileType = sourcecode.c.h; path = NAVectorBaseOperations.h; sourceTree = "<group>"; };
		902339B2256AD12400E383A6 /* NAMatrixBaseOperations.h */ = {isa = PBXFileReference; fileEncoding = 4; lastKnownFileType = sourcecode.c.h; path = NAMatrixBaseOperations.h; sourceTree = "<group>"; };
		902339B3256AD12400E383A6 /* NAVectorComponentwise.h */ = {isa = PBXFileReference; fileEncoding = 4; lastKnownFileType = sourcecode.c.h; path = NAVectorComponentwise.h; sourceTree = "<group>"; };
		902339B4256AD12400E383A6 /* NAMatrixComparison.h */ = {isa = PBXFileReference; fileEncoding = 4; lastKnownFileType = sourcecode.c.h; path = NAMatrixComparison.h; sourceTree = "<group>"; };
		902339B5256AD12400E383A6 /* NAMatrixMultiplication.h */ = {isa = PBXFileReference; fileEncoding = 4; lastKnownFileType = sourcecode.c.h; path = NAMatrixMultiplication.h; sourceTree = "<group>"; };
		902339B6256AD12400E383A6 /* NAVectorFiller.h */ = {isa = PBXFileReference; fileEncoding = 4; lastKnownFileType = sourcecode.c.h; path = NAVectorFiller.h; sourceTree = "<group>"; };
		902339B7256AD12400E383A6 /* NAMatrixFiller.h */ = {isa = PBXFileReference; fileEncoding = 4; lastKnownFileType = sourcecode.c.h; path = NAMatrixFiller.h; sourceTree = "<group>"; };
		902339B8256AD12400E383A6 /* NAMatrixAlgebraOperations.h */ = {isa = PBXFileReference; fileEncoding = 4; lastKnownFileType = sourcecode.c.h; path = NAMatrixAlgebraOperations.h; sourceTree = "<group>"; };
		902339B9256AD12400E383A6 /* NAVectorProducts.h */ = {isa = PBXFileReference; fileEncoding = 4; lastKnownFileType = sourcecode.c.h; path = NAVectorProducts.h; sourceTree = "<group>"; };
		902339BA256AD12400E383A6 /* NAVectorGeometry.h */ = {isa = PBXFileReference; fileEncoding = 4; lastKnownFileType = sourcecode.c.h; path = NAVectorGeometry.h; sourceTree = "<group>"; };
		902339BB256AD12400E383A6 /* NAMatrixRotations.h */ = {isa = PBXFileReference; fileEncoding = 4; lastKnownFileType = sourcecode.c.h; path = NAMatrixRotations.h; sourceTree = "<group>"; };
		902339BC256AD12400E383A6 /* NAHomogeneousCoordinates.h */ = {isa = PBXFileReference; fileEncoding = 4; lastKnownFileType = sourcecode.c.h; path = NAHomogeneousCoordinates.h; sourceTree = "<group>"; };
		902339BD256AD12400E383A6 /* NAMatrixComponentwise.h */ = {isa = PBXFileReference; fileEncoding = 4; lastKnownFileType = sourcecode.c.h; path = NAMatrixComponentwise.h; sourceTree = "<group>"; };
		902339BE256AD12400E383A6 /* NAVectorComparison.h */ = {isa = PBXFileReference; fileEncoding = 4; lastKnownFileType = sourcecode.c.h; path = NAVectorComparison.h; sourceTree = "<group>"; };
		902339BF256AD12400E383A6 /* NAVectorAlgebraII.h */ = {isa = PBXFileReference; fileEncoding = 4; lastKnownFileType = sourcecode.c.h; path = NAVectorAlgebraII.h; sourceTree = "<group>"; };
		902339C0256AD12400E383A6 /* NACoordII.h */ = {isa = PBXFileReference; fileEncoding = 4; lastKnownFileType = sourcecode.c.h; path = NACoordII.h; sourceTree = "<group>"; };
		902339C1256AD12400E383A6 /* NAMathOperatorsII.h */ = {isa = PBXFileReference; fileEncoding = 4; lastKnownFileType = sourcecode.c.h; path = NAMathOperatorsII.h; sourceTree = "<group>"; };
		902339C2256AD12400E383A6 /* NATranslator.h */ = {isa = PBXFileReference; fileEncoding = 4; lastKnownFileType = sourcecode.c.h; path = NATranslator.h; sourceTree = "<group>"; };
		902339C3256AD12400E383A6 /* NACoord.h */ = {isa = PBXFileReference; fileEncoding = 4; lastKnownFileType = sourcecode.c.h; path = NACoord.h; sourceTree = "<group>"; };
		902339C4256AD12400E383A6 /* NAPool.h */ = {isa = PBXFileReference; fileEncoding = 4; lastKnownFileType = sourcecode.c.h; path = NAPool.h; sourceTree = "<group>"; };
		902339C5256AD12400E383A6 /* NAValueHelper.h */ = {isa = PBXFileReference; fileEncoding = 4; lastKnownFileType = sourcecode.c.h; path = NAValueHelper.h; sourceTree = "<group>"; };
		907C76EE22C7EE620020820A /* MatrixBuddyTranslations.h */ = {isa = PBXFileReference; lastKnownFileType = sourcecode.c.h; path = MatrixBuddyTranslations.h; sourceTree = "<group>"; };
		907C77C322C7EFBA0020820A /* MatrixBuddyStrings_eng.h */ = {isa = PBXFileReference; lastKnownFileType = sourcecode.c.h; path = MatrixBuddyStrings_eng.h; sourceTree = "<group>"; };
		90BA03371BA96CAB00A651E9 /* WebKit.framework */ = {isa = PBXFileReference; lastKnownFileType = wrapper.framework; name = WebKit.framework; path = System/Library/Frameworks/WebKit.framework; sourceTree = SDKROOT; };
		90BAF7F12175AB4A001665BF /* en */ = {isa = PBXFileReference; lastKnownFileType = text.plist.strings; name = en; path = en.lproj/InfoPlist.strings; sourceTree = "<group>"; };
		90BAF7F32175AB4A001665BF /* en */ = {isa = PBXFileReference; lastKnownFileType = file.xib; name = en; path = en.lproj/MainMenu.xib; sourceTree = "<group>"; };
		90BAF7F42175AB4A001665BF /* Matrix Buddy.entitlements */ = {isa = PBXFileReference; fileEncoding = 4; lastKnownFileType = text.plist.entitlements; path = "Matrix Buddy.entitlements"; sourceTree = "<group>"; };
		90BAF7F52175AB4A001665BF /* MatrixBuddyChangelog.txt */ = {isa = PBXFileReference; fileEncoding = 4; lastKnownFileType = text; path = MatrixBuddyChangelog.txt; sourceTree = "<group>"; };
		90BAF7F62175AB4A001665BF /* MatrixBuddy.icns */ = {isa = PBXFileReference; lastKnownFileType = image.icns; path = MatrixBuddy.icns; sourceTree = "<group>"; };
		90BAF7F72175AB4A001665BF /* MatrixBuddyLogo.psd */ = {isa = PBXFileReference; lastKnownFileType = file; path = MatrixBuddyLogo.psd; sourceTree = "<group>"; };
		90BAF7F82175AB4A001665BF /* Info.plist */ = {isa = PBXFileReference; fileEncoding = 4; lastKnownFileType = text.plist.xml; path = Info.plist; sourceTree = "<group>"; };
		90BAF7F92175AB4A001665BF /* MatrixBuddy.iconset */ = {isa = PBXFileReference; lastKnownFileType = folder.iconset; path = MatrixBuddy.iconset; sourceTree = "<group>"; };
		90BAF8032175AB51001665BF /* MATApplication.m */ = {isa = PBXFileReference; fileEncoding = 4; lastKnownFileType = sourcecode.c.objc; path = MATApplication.m; sourceTree = "<group>"; };
		90BAF8042175AB51001665BF /* MATValueView.m */ = {isa = PBXFileReference; fileEncoding = 4; lastKnownFileType = sourcecode.c.objc; path = MATValueView.m; sourceTree = "<group>"; };
		90BAF8052175AB51001665BF /* MATComputationView.m */ = {isa = PBXFileReference; fileEncoding = 4; lastKnownFileType = sourcecode.c.objc; path = MATComputationView.m; sourceTree = "<group>"; };
		90BAF8062175AB51001665BF /* MATWindowController.m */ = {isa = PBXFileReference; fileEncoding = 4; lastKnownFileType = sourcecode.c.objc; path = MATWindowController.m; sourceTree = "<group>"; };
		90BAF8072175AB51001665BF /* MATCommon.h */ = {isa = PBXFileReference; fileEncoding = 4; lastKnownFileType = sourcecode.c.h; path = MATCommon.h; sourceTree = "<group>"; };
		90BAF8082175AB51001665BF /* MATTextField.m */ = {isa = PBXFileReference; fileEncoding = 4; lastKnownFileType = sourcecode.c.objc; path = MATTextField.m; sourceTree = "<group>"; };
		90BAF80A2175AB51001665BF /* MATMDivCompV.m */ = {isa = PBXFileReference; fileEncoding = 4; lastKnownFileType = sourcecode.c.objc; path = MATMDivCompV.m; sourceTree = "<group>"; };
		90BAF80B2175AB51001665BF /* MATVCrossV.m */ = {isa = PBXFileReference; fileEncoding = 4; lastKnownFileType = sourcecode.c.objc; path = MATVCrossV.m; sourceTree = "<group>"; };
		90BAF80C2175AB51001665BF /* MATMMulV.h */ = {isa = PBXFileReference; fileEncoding = 4; lastKnownFileType = sourcecode.c.h; path = MATMMulV.h; sourceTree = "<group>"; };
		90BAF80D2175AB51001665BF /* MATMMulCompV.h */ = {isa = PBXFileReference; fileEncoding = 4; lastKnownFileType = sourcecode.c.h; path = MATMMulCompV.h; sourceTree = "<group>"; };
		90BAF80E2175AB51001665BF /* MATVAddV.m */ = {isa = PBXFileReference; fileEncoding = 4; lastKnownFileType = sourcecode.c.objc; path = MATVAddV.m; sourceTree = "<group>"; };
		90BAF80F2175AB51001665BF /* MATInvertM.m */ = {isa = PBXFileReference; fileEncoding = 4; lastKnownFileType = sourcecode.c.objc; path = MATInvertM.m; sourceTree = "<group>"; };
		90BAF8102175AB51001665BF /* MATNegV.h */ = {isa = PBXFileReference; fileEncoding = 4; lastKnownFileType = sourcecode.c.h; path = MATNegV.h; sourceTree = "<group>"; };
		90BAF8112175AB51001665BF /* MATDiagS.m */ = {isa = PBXFileReference; fileEncoding = 4; lastKnownFileType = sourcecode.c.objc; path = MATDiagS.m; sourceTree = "<group>"; };
		90BAF8122175AB51001665BF /* MATMirrorV.h */ = {isa = PBXFileReference; fileEncoding = 4; lastKnownFileType = sourcecode.c.h; path = MATMirrorV.h; sourceTree = "<group>"; };
		90BAF8132175AB51001665BF /* MATVSubV.h */ = {isa = PBXFileReference; fileEncoding = 4; lastKnownFileType = sourcecode.c.h; path = MATVSubV.h; sourceTree = "<group>"; };
		90BAF8142175AB51001665BF /* MATVDivCompV.h */ = {isa = PBXFileReference; fileEncoding = 4; lastKnownFileType = sourcecode.c.h; path = MATVDivCompV.h; sourceTree = "<group>"; };
		90BAF8152175AB51001665BF /* MATMAddM.m */ = {isa = PBXFileReference; fileEncoding = 4; lastKnownFileType = sourcecode.c.objc; path = MATMAddM.m; sourceTree = "<group>"; };
		90BAF8162175AB51001665BF /* MATNegM.h */ = {isa = PBXFileReference; fileEncoding = 4; lastKnownFileType = sourcecode.c.h; path = MATNegM.h; sourceTree = "<group>"; };
		90BAF8172175AB51001665BF /* MATNormalizeV.m */ = {isa = PBXFileReference; fileEncoding = 4; lastKnownFileType = sourcecode.c.objc; path = MATNormalizeV.m; sourceTree = "<group>"; };
		90BAF8182175AB51001665BF /* MATLengthV.h */ = {isa = PBXFileReference; fileEncoding = 4; lastKnownFileType = sourcecode.c.h; path = MATLengthV.h; sourceTree = "<group>"; };
		90BAF8192175AB51001665BF /* MATVMulCompV.m */ = {isa = PBXFileReference; fileEncoding = 4; lastKnownFileType = sourcecode.c.objc; path = MATVMulCompV.m; sourceTree = "<group>"; };
		90BAF81A2175AB51001665BF /* MATVDotV.h */ = {isa = PBXFileReference; fileEncoding = 4; lastKnownFileType = sourcecode.c.h; path = MATVDotV.h; sourceTree = "<group>"; };
		90BAF81B2175AB51001665BF /* MATMSubM.h */ = {isa = PBXFileReference; fileEncoding = 4; lastKnownFileType = sourcecode.c.h; path = MATMSubM.h; sourceTree = "<group>"; };
		90BAF81C2175AB51001665BF /* MATVMulS.m */ = {isa = PBXFileReference; fileEncoding = 4; lastKnownFileType = sourcecode.c.objc; path = MATVMulS.m; sourceTree = "<group>"; };
		90BAF81D2175AB51001665BF /* MATOrthogonalizeV.m */ = {isa = PBXFileReference; fileEncoding = 4; lastKnownFileType = sourcecode.c.objc; path = MATOrthogonalizeV.m; sourceTree = "<group>"; };
		90BAF81E2175AB51001665BF /* MATMMulS.m */ = {isa = PBXFileReference; fileEncoding = 4; lastKnownFileType = sourcecode.c.objc; path = MATMMulS.m; sourceTree = "<group>"; };
		90BAF81F2175AB51001665BF /* MATMDivCompM.m */ = {isa = PBXFileReference; fileEncoding = 4; lastKnownFileType = sourcecode.c.objc; path = MATMDivCompM.m; sourceTree = "<group>"; };
		90BAF8202175AB51001665BF /* MATDiagV.h */ = {isa = PBXFileReference; fileEncoding = 4; lastKnownFileType = sourcecode.c.h; path = MATDiagV.h; sourceTree = "<group>"; };
		90BAF8212175AB51001665BF /* MATVDivS.h */ = {isa = PBXFileReference; fileEncoding = 4; lastKnownFileType = sourcecode.c.h; path = MATVDivS.h; sourceTree = "<group>"; };
		90BAF8222175AB51001665BF /* MATMDivS.h */ = {isa = PBXFileReference; fileEncoding = 4; lastKnownFileType = sourcecode.c.h; path = MATMDivS.h; sourceTree = "<group>"; };
		90BAF8232175AB51001665BF /* MATTransposeM.h */ = {isa = PBXFileReference; fileEncoding = 4; lastKnownFileType = sourcecode.c.h; path = MATTransposeM.h; sourceTree = "<group>"; };
		90BAF8242175AB51001665BF /* MATMMulCompM.h */ = {isa = PBXFileReference; fileEncoding = 4; lastKnownFileType = sourcecode.c.h; path = MATMMulCompM.h; sourceTree = "<group>"; };
		90BAF8252175AB51001665BF /* MATMMulM.h */ = {isa = PBXFileReference; fileEncoding = 4; lastKnownFileType = sourcecode.c.h; path = MATMMulM.h; sourceTree = "<group>"; };
		90BAF8262175AB51001665BF /* MATMMulCompV.m */ = {isa = PBXFileReference; fileEncoding = 4; lastKnownFileType = sourcecode.c.objc; path = MATMMulCompV.m; sourceTree = "<group>"; };
		90BAF8272175AB51001665BF /* MATMMulV.m */ = {isa = PBXFileReference; fileEncoding = 4; lastKnownFileType = sourcecode.c.objc; path = MATMMulV.m; sourceTree = "<group>"; };
		90BAF8282175AB51001665BF /* MATVCrossV.h */ = {isa = PBXFileReference; fileEncoding = 4; lastKnownFileType = sourcecode.c.h; path = MATVCrossV.h; sourceTree = "<group>"; };
		90BAF8292175AB51001665BF /* MATMDivCompV.h */ = {isa = PBXFileReference; fileEncoding = 4; lastKnownFileType = sourcecode.c.h; path = MATMDivCompV.h; sourceTree = "<group>"; };
		90BAF82A2175AB51001665BF /* MATVSubV.m */ = {isa = PBXFileReference; fileEncoding = 4; lastKnownFileType = sourcecode.c.objc; path = MATVSubV.m; sourceTree = "<group>"; };
		90BAF82B2175AB51001665BF /* MATMirrorV.m */ = {isa = PBXFileReference; fileEncoding = 4; lastKnownFileType = sourcecode.c.objc; path = MATMirrorV.m; sourceTree = "<group>"; };
		90BAF82C2175AB51001665BF /* MATDiagS.h */ = {isa = PBXFileReference; fileEncoding = 4; lastKnownFileType = sourcecode.c.h; path = MATDiagS.h; sourceTree = "<group>"; };
		90BAF82D2175AB51001665BF /* MATInvertM.h */ = {isa = PBXFileReference; fileEncoding = 4; lastKnownFileType = sourcecode.c.h; path = MATInvertM.h; sourceTree = "<group>"; };
		90BAF82E2175AB51001665BF /* MATNegV.m */ = {isa = PBXFileReference; fileEncoding = 4; lastKnownFileType = sourcecode.c.objc; path = MATNegV.m; sourceTree = "<group>"; };
		90BAF82F2175AB51001665BF /* MATVAddV.h */ = {isa = PBXFileReference; fileEncoding = 4; lastKnownFileType = sourcecode.c.h; path = MATVAddV.h; sourceTree = "<group>"; };
		90BAF8302175AB51001665BF /* MATOrthogonalizeV.h */ = {isa = PBXFileReference; fileEncoding = 4; lastKnownFileType = sourcecode.c.h; path = MATOrthogonalizeV.h; sourceTree = "<group>"; };
		90BAF8312175AB51001665BF /* MATMMulS.h */ = {isa = PBXFileReference; fileEncoding = 4; lastKnownFileType = sourcecode.c.h; path = MATMMulS.h; sourceTree = "<group>"; };
		90BAF8322175AB51001665BF /* MATVMulS.h */ = {isa = PBXFileReference; fileEncoding = 4; lastKnownFileType = sourcecode.c.h; path = MATVMulS.h; sourceTree = "<group>"; };
		90BAF8332175AB51001665BF /* MATVDotV.m */ = {isa = PBXFileReference; fileEncoding = 4; lastKnownFileType = sourcecode.c.objc; path = MATVDotV.m; sourceTree = "<group>"; };
		90BAF8342175AB51001665BF /* MATMSubM.m */ = {isa = PBXFileReference; fileEncoding = 4; lastKnownFileType = sourcecode.c.objc; path = MATMSubM.m; sourceTree = "<group>"; };
		90BAF8352175AB51001665BF /* MATVMulCompV.h */ = {isa = PBXFileReference; fileEncoding = 4; lastKnownFileType = sourcecode.c.h; path = MATVMulCompV.h; sourceTree = "<group>"; };
		90BAF8362175AB51001665BF /* MATLengthV.m */ = {isa = PBXFileReference; fileEncoding = 4; lastKnownFileType = sourcecode.c.objc; path = MATLengthV.m; sourceTree = "<group>"; };
		90BAF8372175AB51001665BF /* MATNormalizeV.h */ = {isa = PBXFileReference; fileEncoding = 4; lastKnownFileType = sourcecode.c.h; path = MATNormalizeV.h; sourceTree = "<group>"; };
		90BAF8382175AB51001665BF /* MATNegM.m */ = {isa = PBXFileReference; fileEncoding = 4; lastKnownFileType = sourcecode.c.objc; path = MATNegM.m; sourceTree = "<group>"; };
		90BAF8392175AB51001665BF /* MATVDivCompV.m */ = {isa = PBXFileReference; fileEncoding = 4; lastKnownFileType = sourcecode.c.objc; path = MATVDivCompV.m; sourceTree = "<group>"; };
		90BAF83A2175AB51001665BF /* MATMAddM.h */ = {isa = PBXFileReference; fileEncoding = 4; lastKnownFileType = sourcecode.c.h; path = MATMAddM.h; sourceTree = "<group>"; };
		90BAF83B2175AB51001665BF /* MATMMulM.m */ = {isa = PBXFileReference; fileEncoding = 4; lastKnownFileType = sourcecode.c.objc; path = MATMMulM.m; sourceTree = "<group>"; };
		90BAF83C2175AB51001665BF /* MATMMulCompM.m */ = {isa = PBXFileReference; fileEncoding = 4; lastKnownFileType = sourcecode.c.objc; path = MATMMulCompM.m; sourceTree = "<group>"; };
		90BAF83D2175AB51001665BF /* MATTransposeM.m */ = {isa = PBXFileReference; fileEncoding = 4; lastKnownFileType = sourcecode.c.objc; path = MATTransposeM.m; sourceTree = "<group>"; };
		90BAF83E2175AB51001665BF /* MATMDivS.m */ = {isa = PBXFileReference; fileEncoding = 4; lastKnownFileType = sourcecode.c.objc; path = MATMDivS.m; sourceTree = "<group>"; };
		90BAF83F2175AB51001665BF /* MATDiagV.m */ = {isa = PBXFileReference; fileEncoding = 4; lastKnownFileType = sourcecode.c.objc; path = MATDiagV.m; sourceTree = "<group>"; };
		90BAF8402175AB51001665BF /* MATVDivS.m */ = {isa = PBXFileReference; fileEncoding = 4; lastKnownFileType = sourcecode.c.objc; path = MATVDivS.m; sourceTree = "<group>"; };
		90BAF8412175AB51001665BF /* MATMDivCompM.h */ = {isa = PBXFileReference; fileEncoding = 4; lastKnownFileType = sourcecode.c.h; path = MATMDivCompM.h; sourceTree = "<group>"; };
		90BAF8422175AB51001665BF /* MATApplication.h */ = {isa = PBXFileReference; fileEncoding = 4; lastKnownFileType = sourcecode.c.h; path = MATApplication.h; sourceTree = "<group>"; };
		90BAF8432175AB51001665BF /* main.m */ = {isa = PBXFileReference; fileEncoding = 4; lastKnownFileType = sourcecode.c.objc; path = main.m; sourceTree = "<group>"; };
		90BAF8442175AB51001665BF /* MATComputationView.h */ = {isa = PBXFileReference; fileEncoding = 4; lastKnownFileType = sourcecode.c.h; path = MATComputationView.h; sourceTree = "<group>"; };
		90BAF8452175AB51001665BF /* MATValueView.h */ = {isa = PBXFileReference; fileEncoding = 4; lastKnownFileType = sourcecode.c.h; path = MATValueView.h; sourceTree = "<group>"; };
		90BAF8462175AB51001665BF /* MATWindowController.h */ = {isa = PBXFileReference; fileEncoding = 4; lastKnownFileType = sourcecode.c.h; path = MATWindowController.h; sourceTree = "<group>"; };
		90BAF8492175AB51001665BF /* MATViewS.m */ = {isa = PBXFileReference; fileEncoding = 4; lastKnownFileType = sourcecode.c.objc; path = MATViewS.m; sourceTree = "<group>"; };
		90BAF84A2175AB51001665BF /* MATViewV2.h */ = {isa = PBXFileReference; fileEncoding = 4; lastKnownFileType = sourcecode.c.h; path = MATViewV2.h; sourceTree = "<group>"; };
		90BAF84B2175AB51001665BF /* MATViewV4.m */ = {isa = PBXFileReference; fileEncoding = 4; lastKnownFileType = sourcecode.c.objc; path = MATViewV4.m; sourceTree = "<group>"; };
		90BAF84C2175AB51001665BF /* MATViewM22.h */ = {isa = PBXFileReference; fileEncoding = 4; lastKnownFileType = sourcecode.c.h; path = MATViewM22.h; sourceTree = "<group>"; };
		90BAF84D2175AB51001665BF /* MATViewM44.h */ = {isa = PBXFileReference; fileEncoding = 4; lastKnownFileType = sourcecode.c.h; path = MATViewM44.h; sourceTree = "<group>"; };
		90BAF84E2175AB51001665BF /* MATViewV3.m */ = {isa = PBXFileReference; fileEncoding = 4; lastKnownFileType = sourcecode.c.objc; path = MATViewV3.m; sourceTree = "<group>"; };
		90BAF84F2175AB51001665BF /* MATViewM33.m */ = {isa = PBXFileReference; fileEncoding = 4; lastKnownFileType = sourcecode.c.objc; path = MATViewM33.m; sourceTree = "<group>"; };
		90BAF8502175AB51001665BF /* MATViewM22.m */ = {isa = PBXFileReference; fileEncoding = 4; lastKnownFileType = sourcecode.c.objc; path = MATViewM22.m; sourceTree = "<group>"; };
		90BAF8512175AB51001665BF /* MATViewV4.h */ = {isa = PBXFileReference; fileEncoding = 4; lastKnownFileType = sourcecode.c.h; path = MATViewV4.h; sourceTree = "<group>"; };
		90BAF8522175AB51001665BF /* MATViewV2.m */ = {isa = PBXFileReference; fileEncoding = 4; lastKnownFileType = sourcecode.c.objc; path = MATViewV2.m; sourceTree = "<group>"; };
		90BAF8532175AB51001665BF /* MATViewS.h */ = {isa = PBXFileReference; fileEncoding = 4; lastKnownFileType = sourcecode.c.h; path = MATViewS.h; sourceTree = "<group>"; };
		90BAF8542175AB51001665BF /* MATViewV3.h */ = {isa = PBXFileReference; fileEncoding = 4; lastKnownFileType = sourcecode.c.h; path = MATViewV3.h; sourceTree = "<group>"; };
		90BAF8552175AB51001665BF /* MATViewM44.m */ = {isa = PBXFileReference; fileEncoding = 4; lastKnownFileType = sourcecode.c.objc; path = MATViewM44.m; sourceTree = "<group>"; };
		90BAF8562175AB51001665BF /* MATViewM33.h */ = {isa = PBXFileReference; fileEncoding = 4; lastKnownFileType = sourcecode.c.h; path = MATViewM33.h; sourceTree = "<group>"; };
		90BAF8572175AB51001665BF /* MATTextField.h */ = {isa = PBXFileReference; fileEncoding = 4; lastKnownFileType = sourcecode.c.h; path = MATTextField.h; sourceTree = "<group>"; };
/* End PBXFileReference section */

/* Begin PBXFrameworksBuildPhase section */
		9020CF121BA6E29000E74965 /* Frameworks */ = {
			isa = PBXFrameworksBuildPhase;
			buildActionMask = 2147483647;
			files = (
				90BA03381BA96CAB00A651E9 /* WebKit.framework in Frameworks */,
			);
			runOnlyForDeploymentPostprocessing = 0;
		};
/* End PBXFrameworksBuildPhase section */

/* Begin PBXGroup section */
		9020CF0A1BA6E26300E74965 = {
			isa = PBXGroup;
			children = (
				902338E3256AD11800E383A6 /* ManderApp */,
				902338F7256AD12300E383A6 /* NALib */,
				90BAF7ED2175AB4A001665BF /* res */,
				90BAF8022175AB51001665BF /* src */,
				90BA03361BA96C8700A651E9 /* Frameworks */,
				9020CF161BA6E29000E74965 /* Products */,
			);
			sourceTree = "<group>";
		};
		9020CF161BA6E29000E74965 /* Products */ = {
			isa = PBXGroup;
			children = (
				9020CF151BA6E29000E74965 /* Matrix Buddy.app */,
			);
			name = Products;
			sourceTree = "<group>";
		};
		902338E3256AD11800E383A6 /* ManderApp */ = {
			isa = PBXGroup;
			children = (
				902338E4256AD11800E383A6 /* ManderApp.vcxproj */,
				902338E5256AD11800E383A6 /* res */,
				902338E8256AD11800E383A6 /* src */,
			);
			name = ManderApp;
			path = ../../../ManderApp/code/ManderApp;
			sourceTree = "<group>";
		};
		902338E5256AD11800E383A6 /* res */ = {
			isa = PBXGroup;
			children = (
				902338E6256AD11800E383A6 /* ManderApp_deu.h */,
				902338E7256AD11800E383A6 /* ManderApp_eng.h */,
			);
			path = res;
			sourceTree = "<group>";
		};
		902338E8256AD11800E383A6 /* src */ = {
			isa = PBXGroup;
			children = (
				902338E9256AD11800E383A6 /* ManderApp.h */,
				902338EA256AD11800E383A6 /* ManderAppPreferences.c */,
				902338EB256AD11800E383A6 /* ManderAppAbout.c */,
				902338EC256AD11800E383A6 /* ManderAppTranslations.c */,
				902338ED256AD11800E383A6 /* ManderApp.c */,
				902338EE256AD11800E383A6 /* ManderAppPreferences.h */,
				902338EF256AD11800E383A6 /* ManderAppAbout.h */,
				902338F0256AD11800E383A6 /* ManderAppTranslations.h */,
			);
			path = src;
			sourceTree = "<group>";
		};
		902338F7256AD12300E383A6 /* NALib */ = {
			isa = PBXGroup;
			children = (
				902338F8256AD12300E383A6 /* NALib.vcxproj */,
				902338F9256AD12300E383A6 /* src */,
			);
			name = NALib;
			path = ../../../NALib/code/NALib;
			sourceTree = "<group>";
		};
		902338F9256AD12300E383A6 /* src */ = {
			isa = PBXGroup;
			children = (
				902338FA256AD12300E383A6 /* NAMathConstants.h */,
				902338FB256AD12300E383A6 /* NAMemory.h */,
				902338FC256AD12300E383A6 /* NAComplex.h */,
				902338FD256AD12300E383A6 /* NABase.h */,
				902338FE256AD12300E383A6 /* NABuffer.h */,
				902338FF256AD12300E383A6 /* NAArray.h */,
				90233900256AD12300E383A6 /* NAThreading.h */,
				90233901256AD12300E383A6 /* NAStack.h */,
				90233902256AD12300E383A6 /* NADeflate.h */,
				90233903256AD12300E383A6 /* NAList.h */,
				90233904256AD12300E383A6 /* NABabyImage.h */,
				90233905256AD12300E383A6 /* NAString.h */,
				90233906256AD12300E383A6 /* NARandom.h */,
				90233907256AD12300E383A6 /* NAPreferences.h */,
				90233908256AD12300E383A6 /* NAStruct */,
				90233938256AD12300E383A6 /* NABase */,
				90233950256AD12300E383A6 /* NAURL.h */,
				90233951256AD12300E383A6 /* NAHeap.h */,
				90233952256AD12300E383A6 /* NAVisual */,
				90233957256AD12300E383A6 /* NAPNG.h */,
				90233958256AD12300E383A6 /* NAFile.h */,
				90233959256AD12300E383A6 /* NAVectorAlgebra.h */,
				9023395A256AD12300E383A6 /* NAMathOperators.h */,
				9023395B256AD12300E383A6 /* NADateTime.h */,
				9023395C256AD12300E383A6 /* NABinaryData.h */,
				9023395D256AD12300E383A6 /* NAUI.h */,
				9023395E256AD12300E383A6 /* NACore */,
				90233978256AD12400E383A6 /* NAKey.h */,
				90233979256AD12400E383A6 /* NATree.h */,
				9023397A256AD12400E383A6 /* NACircularBuffer.h */,
				9023397B256AD12400E383A6 /* NAEnvironment */,
				902339AB256AD12400E383A6 /* NABabyColor.h */,
				902339AC256AD12400E383A6 /* NATesting.h */,
				902339AD256AD12400E383A6 /* NAMath */,
				902339C2256AD12400E383A6 /* NATranslator.h */,
				902339C3256AD12400E383A6 /* NACoord.h */,
				902339C4256AD12400E383A6 /* NAPool.h */,
				902339C5256AD12400E383A6 /* NAValueHelper.h */,
			);
			path = src;
			sourceTree = "<group>";
		};
		90233908256AD12300E383A6 /* NAStruct */ = {
			isa = PBXGroup;
			children = (
				90233909256AD12300E383A6 /* NAHeap */,
				9023390D256AD12300E383A6 /* NAStringII.h */,
				9023390E256AD12300E383A6 /* NABuffer */,
				90233921256AD12300E383A6 /* NAStackII.h */,
				90233922256AD12300E383A6 /* NACircularBufferII.h */,
				90233923256AD12300E383A6 /* NATree */,
				90233933256AD12300E383A6 /* NAPoolII.h */,
				90233934256AD12300E383A6 /* NAListII.h */,
				90233935256AD12300E383A6 /* NAString.c */,
				90233936256AD12300E383A6 /* NAList.c */,
				90233937256AD12300E383A6 /* NAArrayII.h */,
			);
			path = NAStruct;
			sourceTree = "<group>";
		};
		90233909256AD12300E383A6 /* NAHeap */ = {
			isa = PBXGroup;
			children = (
				9023390A256AD12300E383A6 /* NAHeapII.h */,
				9023390B256AD12300E383A6 /* NAHeapT.h */,
				9023390C256AD12300E383A6 /* NAHeap.c */,
			);
			path = NAHeap;
			sourceTree = "<group>";
		};
		9023390E256AD12300E383A6 /* NABuffer */ = {
			isa = PBXGroup;
			children = (
				9023390F256AD12300E383A6 /* NABufferII.h */,
				90233910256AD12300E383A6 /* NABufferManipulation.c */,
				90233911256AD12300E383A6 /* NABufferPart.c */,
				90233912256AD12300E383A6 /* NABufferWriteII.h */,
				90233913256AD12300E383A6 /* NABufferRead.c */,
				90233914256AD12300E383A6 /* NABufferIterationII.h */,
				90233915256AD12300E383A6 /* NABufferParseII.h */,
				90233916256AD12300E383A6 /* NABufferIteration.c */,
				90233917256AD12300E383A6 /* NABufferWrite.c */,
				90233918256AD12300E383A6 /* NABufferHelperII.h */,
				90233919256AD12300E383A6 /* NAMemoryBlockII.h */,
				9023391A256AD12300E383A6 /* NABufferParse.c */,
				9023391B256AD12300E383A6 /* NABufferPartII.h */,
				9023391C256AD12300E383A6 /* NABuffer.c */,
				9023391D256AD12300E383A6 /* NAMemoryBlock.c */,
				9023391E256AD12300E383A6 /* NABufferReadII.h */,
				9023391F256AD12300E383A6 /* NABufferSource.c */,
				90233920256AD12300E383A6 /* NABufferSourceII.h */,
			);
			path = NABuffer;
			sourceTree = "<group>";
		};
		90233923256AD12300E383A6 /* NATree */ = {
			isa = PBXGroup;
			children = (
				90233924256AD12300E383A6 /* NATreeOct.h */,
				90233925256AD12300E383A6 /* NATreeBin.h */,
				90233926256AD12300E383A6 /* NATree.c */,
				90233927256AD12300E383A6 /* NATreeIteration.c */,
				90233928256AD12300E383A6 /* NATreeQuad.h */,
				90233929256AD12300E383A6 /* NATreeConfigurationII.h */,
				9023392A256AD12300E383A6 /* NATreeII.h */,
				9023392B256AD12300E383A6 /* NATreeIterationII.h */,
				9023392C256AD12300E383A6 /* NATreeBin.c */,
				9023392D256AD12300E383A6 /* NATreeOct.c */,
				9023392E256AD12300E383A6 /* NATreeQuad.c */,
				9023392F256AD12300E383A6 /* NATreeConfiguration.c */,
				90233930256AD12300E383A6 /* NATreeUtilitiesII.h */,
				90233931256AD12300E383A6 /* NATreeAVL.c */,
				90233932256AD12300E383A6 /* NATreeItemII.h */,
			);
			path = NATree;
			sourceTree = "<group>";
		};
		90233938256AD12300E383A6 /* NABase */ = {
			isa = PBXGroup;
			children = (
				90233939256AD12300E383A6 /* NAInt256II.h */,
				9023393A256AD12300E383A6 /* NAInteger.h */,
				9023393B256AD12300E383A6 /* NAMacros.h */,
				9023393C256AD12300E383A6 /* NAConfiguration.h */,
				9023393D256AD12300E383A6 /* NAInt128.h */,
				9023393E256AD12300E383A6 /* NANumerics.h */,
				9023393F256AD12300E383A6 /* NADebuggingII.h */,
				90233940256AD12300E383A6 /* NAFloatingPoint.h */,
				90233941256AD12300E383A6 /* NAInt64II.h */,
				90233942256AD12300E383A6 /* NAChar.h */,
				90233943256AD12300E383A6 /* NADebugging.c */,
				90233944256AD12300E383A6 /* NAEnvironment.h */,
				90233945256AD12300E383A6 /* NAMacros.c */,
				90233946256AD12300E383A6 /* NALanguage.h */,
				90233947256AD12300E383A6 /* NAInt64.h */,
				90233948256AD12300E383A6 /* NAEncoding.h */,
				90233949256AD12300E383A6 /* NANumericsII.h */,
				9023394A256AD12300E383A6 /* NAInt128II.h */,
				9023394B256AD12300E383A6 /* NAFloatingPointII.h */,
				9023394C256AD12300E383A6 /* NAInt256.h */,
				9023394D256AD12300E383A6 /* NACompiler.h */,
				9023394E256AD12300E383A6 /* NADebugging.h */,
				9023394F256AD12300E383A6 /* NAMacrosII.h */,
			);
			path = NABase;
			sourceTree = "<group>";
		};
		90233952256AD12300E383A6 /* NAVisual */ = {
			isa = PBXGroup;
			children = (
				90233953256AD12300E383A6 /* NAPNG.c */,
				90233954256AD12300E383A6 /* NABabyColor.c */,
				90233955256AD12300E383A6 /* NABabyImage.c */,
				90233956256AD12300E383A6 /* NADeflate.c */,
			);
			path = NAVisual;
			sourceTree = "<group>";
		};
		9023395E256AD12300E383A6 /* NACore */ = {
			isa = PBXGroup;
			children = (
				9023395F256AD12300E383A6 /* NAFile.c */,
				90233960256AD12300E383A6 /* NATesting */,
				90233963256AD12300E383A6 /* NADateTime.c */,
				90233964256AD12300E383A6 /* NADateTimeII.h */,
				90233965256AD12300E383A6 /* NAThreadingII.h */,
				90233966256AD12300E383A6 /* NAValueHelperII.h */,
				90233967256AD12300E383A6 /* NAURLII.h */,
				90233968256AD12300E383A6 /* NAFileII.h */,
				90233969256AD12300E383A6 /* NAKeyII.h */,
				9023396A256AD12400E383A6 /* NAURL.c */,
				9023396B256AD12400E383A6 /* NAMemory */,
				90233974256AD12400E383A6 /* NABinaryData */,
			);
			path = NACore;
			sourceTree = "<group>";
		};
		90233960256AD12300E383A6 /* NATesting */ = {
			isa = PBXGroup;
			children = (
				90233961256AD12300E383A6 /* NATestingII.h */,
				90233962256AD12300E383A6 /* NATesting.c */,
			);
			path = NATesting;
			sourceTree = "<group>";
		};
		9023396B256AD12400E383A6 /* NAMemory */ = {
			isa = PBXGroup;
			children = (
				9023396C256AD12400E383A6 /* NARuntimeII.h */,
				9023396D256AD12400E383A6 /* NARefCountII.h */,
				9023396E256AD12400E383A6 /* NAMallocFreeII.h */,
				9023396F256AD12400E383A6 /* NAMemoryII.h */,
				90233970256AD12400E383A6 /* NAPointerII.h */,
				90233971256AD12400E383A6 /* NAPtrII.h */,
				90233972256AD12400E383A6 /* NASmartPtrII.h */,
				90233973256AD12400E383A6 /* NARuntime.c */,
			);
			path = NAMemory;
			sourceTree = "<group>";
		};
		90233974256AD12400E383A6 /* NABinaryData */ = {
			isa = PBXGroup;
			children = (
				90233975256AD12400E383A6 /* NABinaryData.c */,
				90233976256AD12400E383A6 /* NABinaryDataII.h */,
				90233977256AD12400E383A6 /* NAEndiannessII.h */,
			);
			path = NABinaryData;
			sourceTree = "<group>";
		};
		9023397B256AD12400E383A6 /* NAEnvironment */ = {
			isa = PBXGroup;
			children = (
				9023397C256AD12400E383A6 /* NAUICore.h */,
				9023397D256AD12400E383A6 /* macOS */,
				90233992256AD12400E383A6 /* NATranslator.c */,
				90233993256AD12400E383A6 /* NAUIImageII.h */,
				90233994256AD12400E383A6 /* NAUIImage.h */,
				90233995256AD12400E383A6 /* NAUICore.c */,
				90233996256AD12400E383A6 /* Windows */,
				902339AA256AD12400E383A6 /* NAUIImage.c */,
			);
			path = NAEnvironment;
			sourceTree = "<group>";
		};
		9023397D256AD12400E383A6 /* macOS */ = {
			isa = PBXGroup;
			children = (
				9023397E256AD12400E383A6 /* Cocoa */,
			);
			path = macOS;
			sourceTree = "<group>";
		};
		9023397E256AD12400E383A6 /* Cocoa */ = {
			isa = PBXGroup;
			children = (
				9023397F256AD12400E383A6 /* NACocoa.m */,
				90233980256AD12400E383A6 /* ObjectiveC */,
			);
			path = Cocoa;
			sourceTree = "<group>";
		};
		90233980256AD12400E383A6 /* ObjectiveC */ = {
			isa = PBXGroup;
			children = (
				90233981256AD12400E383A6 /* NAPreferencesCocoaII.h */,
				90233982256AD12400E383A6 /* UI */,
				90233991256AD12400E383A6 /* NAUIImageCocoaII.h */,
			);
			path = ObjectiveC;
			sourceTree = "<group>";
		};
		90233982256AD12400E383A6 /* UI */ = {
			isa = PBXGroup;
			children = (
				90233983256AD12400E383A6 /* NATextBoxII.h */,
				90233984256AD12400E383A6 /* NAApplicationII.h */,
				90233985256AD12400E383A6 /* NAWindowII.h */,
				90233986256AD12400E383A6 /* NAUICocoaLegacyII.h */,
				90233987256AD12400E383A6 /* NAButtonII.h */,
				90233988256AD12400E383A6 /* NACheckBoxII.h */,
				90233989256AD12400E383A6 /* NARadioII.h */,
				9023398A256AD12400E383A6 /* NASliderII.h */,
				9023398B256AD12400E383A6 /* NAOpenGLSpaceII.h */,
				9023398C256AD12400E383A6 /* NAUICocoaII.h */,
				9023398D256AD12400E383A6 /* NASpaceII.h */,
				9023398E256AD12400E383A6 /* NAImageSpaceII.h */,
				9023398F256AD12400E383A6 /* NALabelII.h */,
				90233990256AD12400E383A6 /* NATextFieldII.h */,
			);
			path = UI;
			sourceTree = "<group>";
		};
		90233996256AD12400E383A6 /* Windows */ = {
			isa = PBXGroup;
			children = (
				90233997256AD12400E383A6 /* WINAPI */,
			);
			path = Windows;
			sourceTree = "<group>";
		};
		90233997256AD12400E383A6 /* WINAPI */ = {
			isa = PBXGroup;
			children = (
				90233998256AD12400E383A6 /* NAUIWINAPI.c */,
				90233999256AD12400E383A6 /* C */,
			);
			path = WINAPI;
			sourceTree = "<group>";
		};
		90233999256AD12400E383A6 /* C */ = {
			isa = PBXGroup;
			children = (
				9023399A256AD12400E383A6 /* UI */,
				902339A8256AD12400E383A6 /* NAUIImageWINAPIII.h */,
				902339A9256AD12400E383A6 /* NAPreferencesWINAPIII.h */,
			);
			path = C;
			sourceTree = "<group>";
		};
		9023399A256AD12400E383A6 /* UI */ = {
			isa = PBXGroup;
			children = (
				9023399B256AD12400E383A6 /* NATextBoxII.h */,
				9023399C256AD12400E383A6 /* NAApplicationII.h */,
				9023399D256AD12400E383A6 /* NAUIWINAPIII.h */,
				9023399E256AD12400E383A6 /* NAWindowII.h */,
				9023399F256AD12400E383A6 /* NAButtonII.h */,
				902339A0256AD12400E383A6 /* NACheckBoxII.h */,
				902339A1256AD12400E383A6 /* NARadioII.h */,
				902339A2256AD12400E383A6 /* NASliderII.h */,
				902339A3256AD12400E383A6 /* NAOpenGLSpaceII.h */,
				902339A4256AD12400E383A6 /* NASpaceII.h */,
				902339A5256AD12400E383A6 /* NAImageSpaceII.h */,
				902339A6256AD12400E383A6 /* NALabelII.h */,
				902339A7256AD12400E383A6 /* NATextFieldII.h */,
			);
			path = UI;
			sourceTree = "<group>";
		};
		902339AD256AD12400E383A6 /* NAMath */ = {
			isa = PBXGroup;
			children = (
				902339AE256AD12400E383A6 /* NARandomII.h */,
				902339AF256AD12400E383A6 /* NAComplexII.h */,
				902339B0256AD12400E383A6 /* NAVectorAlgebra */,
				902339BF256AD12400E383A6 /* NAVectorAlgebraII.h */,
				902339C0256AD12400E383A6 /* NACoordII.h */,
				902339C1256AD12400E383A6 /* NAMathOperatorsII.h */,
			);
			path = NAMath;
			sourceTree = "<group>";
		};
		902339B0256AD12400E383A6 /* NAVectorAlgebra */ = {
			isa = PBXGroup;
			children = (
				902339B1256AD12400E383A6 /* NAVectorBaseOperations.h */,
				902339B2256AD12400E383A6 /* NAMatrixBaseOperations.h */,
				902339B3256AD12400E383A6 /* NAVectorComponentwise.h */,
				902339B4256AD12400E383A6 /* NAMatrixComparison.h */,
				902339B5256AD12400E383A6 /* NAMatrixMultiplication.h */,
				902339B6256AD12400E383A6 /* NAVectorFiller.h */,
				902339B7256AD12400E383A6 /* NAMatrixFiller.h */,
				902339B8256AD12400E383A6 /* NAMatrixAlgebraOperations.h */,
				902339B9256AD12400E383A6 /* NAVectorProducts.h */,
				902339BA256AD12400E383A6 /* NAVectorGeometry.h */,
				902339BB256AD12400E383A6 /* NAMatrixRotations.h */,
				902339BC256AD12400E383A6 /* NAHomogeneousCoordinates.h */,
				902339BD256AD12400E383A6 /* NAMatrixComponentwise.h */,
				902339BE256AD12400E383A6 /* NAVectorComparison.h */,
			);
			path = NAVectorAlgebra;
			sourceTree = "<group>";
		};
		90BA03361BA96C8700A651E9 /* Frameworks */ = {
			isa = PBXGroup;
			children = (
				90BA03371BA96CAB00A651E9 /* WebKit.framework */,
			);
			name = Frameworks;
			sourceTree = "<group>";
		};
		90BAF7ED2175AB4A001665BF /* res */ = {
			isa = PBXGroup;
			children = (
				90BAF7F02175AB4A001665BF /* InfoPlist.strings */,
				90BAF7F22175AB4A001665BF /* MainMenu.xib */,
				90BAF7F42175AB4A001665BF /* Matrix Buddy.entitlements */,
				907C77C322C7EFBA0020820A /* MatrixBuddyStrings_eng.h */,
				90BAF7F52175AB4A001665BF /* MatrixBuddyChangelog.txt */,
				90BAF7F62175AB4A001665BF /* MatrixBuddy.icns */,
				90BAF7F72175AB4A001665BF /* MatrixBuddyLogo.psd */,
				90BAF7F82175AB4A001665BF /* Info.plist */,
				90BAF7F92175AB4A001665BF /* MatrixBuddy.iconset */,
			);
			name = res;
			path = ../../res;
			sourceTree = "<group>";
		};
		90BAF8022175AB51001665BF /* src */ = {
			isa = PBXGroup;
			children = (
				90035EC422E6E39400128540 /* MatrixBuddyTranslations.c */,
				907C76EE22C7EE620020820A /* MatrixBuddyTranslations.h */,
				90035EC622E6E4EE00128540 /* MatrixBuddyPreferences.c */,
				90035EB922DFDE3200128540 /* MatrixBuddyPreferences.h */,
				90BAF8092175AB51001665BF /* ComputationControllers */,
				90BAF8432175AB51001665BF /* main.m */,
				90BAF8422175AB51001665BF /* MATApplication.h */,
				90BAF8032175AB51001665BF /* MATApplication.m */,
				90BAF8072175AB51001665BF /* MATCommon.h */,
				90BAF8442175AB51001665BF /* MATComputationView.h */,
				90BAF8052175AB51001665BF /* MATComputationView.m */,
				90BAF8572175AB51001665BF /* MATTextField.h */,
				90BAF8082175AB51001665BF /* MATTextField.m */,
				90035EC822E7A18B00128540 /* MATTypes.h */,
				90BAF8452175AB51001665BF /* MATValueView.h */,
				90BAF8042175AB51001665BF /* MATValueView.m */,
				90BAF8462175AB51001665BF /* MATWindowController.h */,
				90BAF8062175AB51001665BF /* MATWindowController.m */,
				90BAF8482175AB51001665BF /* Views */,
			);
			name = src;
			path = ../../src;
			sourceTree = "<group>";
		};
		90BAF8092175AB51001665BF /* ComputationControllers */ = {
			isa = PBXGroup;
			children = (
				90BAF80A2175AB51001665BF /* MATMDivCompV.m */,
				90BAF80B2175AB51001665BF /* MATVCrossV.m */,
				90BAF80C2175AB51001665BF /* MATMMulV.h */,
				90BAF80D2175AB51001665BF /* MATMMulCompV.h */,
				90BAF80E2175AB51001665BF /* MATVAddV.m */,
				90BAF80F2175AB51001665BF /* MATInvertM.m */,
				90BAF8102175AB51001665BF /* MATNegV.h */,
				90BAF8112175AB51001665BF /* MATDiagS.m */,
				90BAF8122175AB51001665BF /* MATMirrorV.h */,
				90BAF8132175AB51001665BF /* MATVSubV.h */,
				90BAF8142175AB51001665BF /* MATVDivCompV.h */,
				90BAF8152175AB51001665BF /* MATMAddM.m */,
				90BAF8162175AB51001665BF /* MATNegM.h */,
				90BAF8172175AB51001665BF /* MATNormalizeV.m */,
				90BAF8182175AB51001665BF /* MATLengthV.h */,
				90BAF8192175AB51001665BF /* MATVMulCompV.m */,
				90BAF81A2175AB51001665BF /* MATVDotV.h */,
				90BAF81B2175AB51001665BF /* MATMSubM.h */,
				90BAF81C2175AB51001665BF /* MATVMulS.m */,
				90BAF81D2175AB51001665BF /* MATOrthogonalizeV.m */,
				90BAF81E2175AB51001665BF /* MATMMulS.m */,
				90BAF81F2175AB51001665BF /* MATMDivCompM.m */,
				90BAF8202175AB51001665BF /* MATDiagV.h */,
				90BAF8212175AB51001665BF /* MATVDivS.h */,
				90BAF8222175AB51001665BF /* MATMDivS.h */,
				90BAF8232175AB51001665BF /* MATTransposeM.h */,
				90BAF8242175AB51001665BF /* MATMMulCompM.h */,
				90BAF8252175AB51001665BF /* MATMMulM.h */,
				90BAF8262175AB51001665BF /* MATMMulCompV.m */,
				90BAF8272175AB51001665BF /* MATMMulV.m */,
				90BAF8282175AB51001665BF /* MATVCrossV.h */,
				90BAF8292175AB51001665BF /* MATMDivCompV.h */,
				90BAF82A2175AB51001665BF /* MATVSubV.m */,
				90BAF82B2175AB51001665BF /* MATMirrorV.m */,
				90BAF82C2175AB51001665BF /* MATDiagS.h */,
				90BAF82D2175AB51001665BF /* MATInvertM.h */,
				90BAF82E2175AB51001665BF /* MATNegV.m */,
				90BAF82F2175AB51001665BF /* MATVAddV.h */,
				90BAF8302175AB51001665BF /* MATOrthogonalizeV.h */,
				90BAF8312175AB51001665BF /* MATMMulS.h */,
				90BAF8322175AB51001665BF /* MATVMulS.h */,
				90BAF8332175AB51001665BF /* MATVDotV.m */,
				90BAF8342175AB51001665BF /* MATMSubM.m */,
				90BAF8352175AB51001665BF /* MATVMulCompV.h */,
				90BAF8362175AB51001665BF /* MATLengthV.m */,
				90BAF8372175AB51001665BF /* MATNormalizeV.h */,
				90BAF8382175AB51001665BF /* MATNegM.m */,
				90BAF8392175AB51001665BF /* MATVDivCompV.m */,
				90BAF83A2175AB51001665BF /* MATMAddM.h */,
				90BAF83B2175AB51001665BF /* MATMMulM.m */,
				90BAF83C2175AB51001665BF /* MATMMulCompM.m */,
				90BAF83D2175AB51001665BF /* MATTransposeM.m */,
				90BAF83E2175AB51001665BF /* MATMDivS.m */,
				90BAF83F2175AB51001665BF /* MATDiagV.m */,
				90BAF8402175AB51001665BF /* MATVDivS.m */,
				90BAF8412175AB51001665BF /* MATMDivCompM.h */,
			);
			path = ComputationControllers;
			sourceTree = "<group>";
		};
		90BAF8482175AB51001665BF /* Views */ = {
			isa = PBXGroup;
			children = (
				90BAF8492175AB51001665BF /* MATViewS.m */,
				90BAF84A2175AB51001665BF /* MATViewV2.h */,
				90BAF84B2175AB51001665BF /* MATViewV4.m */,
				90BAF84C2175AB51001665BF /* MATViewM22.h */,
				90BAF84D2175AB51001665BF /* MATViewM44.h */,
				90BAF84E2175AB51001665BF /* MATViewV3.m */,
				90BAF84F2175AB51001665BF /* MATViewM33.m */,
				90BAF8502175AB51001665BF /* MATViewM22.m */,
				90BAF8512175AB51001665BF /* MATViewV4.h */,
				90BAF8522175AB51001665BF /* MATViewV2.m */,
				90BAF8532175AB51001665BF /* MATViewS.h */,
				90BAF8542175AB51001665BF /* MATViewV3.h */,
				90BAF8552175AB51001665BF /* MATViewM44.m */,
				90BAF8562175AB51001665BF /* MATViewM33.h */,
			);
			path = Views;
			sourceTree = "<group>";
		};
/* End PBXGroup section */

/* Begin PBXNativeTarget section */
		9020CF141BA6E29000E74965 /* Matrix Buddy */ = {
			isa = PBXNativeTarget;
			buildConfigurationList = 9020CF341BA6E29100E74965 /* Build configuration list for PBXNativeTarget "Matrix Buddy" */;
			buildPhases = (
				9020CF111BA6E29000E74965 /* Sources */,
				9020CF121BA6E29000E74965 /* Frameworks */,
				9020CF131BA6E29000E74965 /* Resources */,
			);
			buildRules = (
			);
			dependencies = (
			);
			name = "Matrix Buddy";
			productName = "Matrix Buddy";
			productReference = 9020CF151BA6E29000E74965 /* Matrix Buddy.app */;
			productType = "com.apple.product-type.application";
		};
/* End PBXNativeTarget section */

/* Begin PBXProject section */
		9020CF0B1BA6E26300E74965 /* Project object */ = {
			isa = PBXProject;
			attributes = {
				LastUpgradeCheck = 0610;
				TargetAttributes = {
					9020CF141BA6E29000E74965 = {
						CreatedOnToolsVersion = 6.1.1;
						DevelopmentTeam = YH3QFD54JB;
						ProvisioningStyle = Automatic;
						SystemCapabilities = {
							com.apple.Sandbox = {
								enabled = 1;
							};
						};
					};
				};
			};
			buildConfigurationList = 9020CF0E1BA6E26300E74965 /* Build configuration list for PBXProject "MatrixBuddy" */;
			compatibilityVersion = "Xcode 3.2";
			developmentRegion = English;
			hasScannedForEncodings = 0;
			knownRegions = (
				English,
				en,
				Base,
				de,
			);
			mainGroup = 9020CF0A1BA6E26300E74965;
			productRefGroup = 9020CF161BA6E29000E74965 /* Products */;
			projectDirPath = "";
			projectRoot = "";
			targets = (
				9020CF141BA6E29000E74965 /* Matrix Buddy */,
			);
		};
/* End PBXProject section */

/* Begin PBXResourcesBuildPhase section */
		9020CF131BA6E29000E74965 /* Resources */ = {
			isa = PBXResourcesBuildPhase;
			buildActionMask = 2147483647;
			files = (
				902338F1256AD11800E383A6 /* ManderApp.vcxproj in Resources */,
				902339C6256AD12400E383A6 /* NALib.vcxproj in Resources */,
				90BAF7FB2175AB4A001665BF /* InfoPlist.strings in Resources */,
				90BAF7FD2175AB4A001665BF /* MatrixBuddyChangelog.txt in Resources */,
				90BAF7FC2175AB4A001665BF /* MainMenu.xib in Resources */,
				90BAF7FE2175AB4A001665BF /* MatrixBuddy.icns in Resources */,
			);
			runOnlyForDeploymentPostprocessing = 0;
		};
/* End PBXResourcesBuildPhase section */

/* Begin PBXSourcesBuildPhase section */
		9020CF111BA6E29000E74965 /* Sources */ = {
			isa = PBXSourcesBuildPhase;
			buildActionMask = 2147483647;
			files = (
				90BAF85F2175AB51001665BF /* MATVAddV.m in Sources */,
				90035EC722E6E4EE00128540 /* MatrixBuddyPreferences.c in Sources */,
				902339E3256AD12400E383A6 /* NAURL.c in Sources */,
				90BAF8652175AB51001665BF /* MATVMulS.m in Sources */,
				902339DE256AD12400E383A6 /* NABabyImage.c in Sources */,
				902339EA256AD12400E383A6 /* NAUIImage.c in Sources */,
				902339D5256AD12400E383A6 /* NATreeQuad.c in Sources */,
				90BAF86F2175AB51001665BF /* MATMSubM.m in Sources */,
				90BAF87F2175AB51001665BF /* MATViewV2.m in Sources */,
				902339E7256AD12400E383A6 /* NATranslator.c in Sources */,
				902339E1256AD12400E383A6 /* NATesting.c in Sources */,
				90BAF8622175AB51001665BF /* MATMAddM.m in Sources */,
				902339C7256AD12400E383A6 /* NAHeap.c in Sources */,
				902339D4256AD12400E383A6 /* NATreeOct.c in Sources */,
				90BAF8602175AB51001665BF /* MATInvertM.m in Sources */,
				902339DD256AD12400E383A6 /* NABabyColor.c in Sources */,
				90BAF8732175AB51001665BF /* MATMMulM.m in Sources */,
				902339E9256AD12400E383A6 /* NAUIWINAPI.c in Sources */,
				902339DB256AD12400E383A6 /* NAMacros.c in Sources */,
				90BAF8802175AB51001665BF /* MATViewM44.m in Sources */,
				90BAF86C2175AB51001665BF /* MATMirrorV.m in Sources */,
				902338F4256AD11800E383A6 /* ManderAppTranslations.c in Sources */,
				90BAF8672175AB51001665BF /* MATMMulS.m in Sources */,
				90BAF8712175AB51001665BF /* MATNegM.m in Sources */,
				90BAF87A2175AB51001665BF /* MATViewS.m in Sources */,
				90BAF8792175AB51001665BF /* main.m in Sources */,
				90BAF8752175AB51001665BF /* MATTransposeM.m in Sources */,
				90BAF8742175AB51001665BF /* MATMMulCompM.m in Sources */,
				902339DC256AD12400E383A6 /* NAPNG.c in Sources */,
				90BAF8612175AB51001665BF /* MATDiagS.m in Sources */,
				90BAF8682175AB51001665BF /* MATMDivCompM.m in Sources */,
				90BAF87D2175AB51001665BF /* MATViewM33.m in Sources */,
				902339C9256AD12400E383A6 /* NABufferPart.c in Sources */,
				902339D1256AD12400E383A6 /* NATree.c in Sources */,
				902338F5256AD11800E383A6 /* ManderApp.c in Sources */,
				902339D3256AD12400E383A6 /* NATreeBin.c in Sources */,
				902339E5256AD12400E383A6 /* NABinaryData.c in Sources */,
				90BAF8592175AB51001665BF /* MATValueView.m in Sources */,
				90035EC522E6E39500128540 /* MatrixBuddyTranslations.c in Sources */,
				902339E6256AD12400E383A6 /* NACocoa.m in Sources */,
				90BAF85A2175AB51001665BF /* MATComputationView.m in Sources */,
				902339E0256AD12400E383A6 /* NAFile.c in Sources */,
				902339D7256AD12400E383A6 /* NATreeAVL.c in Sources */,
				90BAF87B2175AB51001665BF /* MATViewV4.m in Sources */,
				90BAF8702175AB51001665BF /* MATLengthV.m in Sources */,
				902339E4256AD12400E383A6 /* NARuntime.c in Sources */,
				902339E2256AD12400E383A6 /* NADateTime.c in Sources */,
				90BAF86E2175AB51001665BF /* MATVDotV.m in Sources */,
				902339D0256AD12400E383A6 /* NABufferSource.c in Sources */,
				90BAF86A2175AB51001665BF /* MATMMulV.m in Sources */,
				902339CD256AD12400E383A6 /* NABufferParse.c in Sources */,
				90BAF8692175AB51001665BF /* MATMMulCompV.m in Sources */,
				902339D9256AD12400E383A6 /* NAList.c in Sources */,
				90BAF86B2175AB51001665BF /* MATVSubV.m in Sources */,
				902339D8256AD12400E383A6 /* NAString.c in Sources */,
				90BAF8582175AB51001665BF /* MATApplication.m in Sources */,
				90BAF8642175AB51001665BF /* MATVMulCompV.m in Sources */,
				902339CE256AD12400E383A6 /* NABuffer.c in Sources */,
				902339DF256AD12400E383A6 /* NADeflate.c in Sources */,
				90BAF8722175AB51001665BF /* MATVDivCompV.m in Sources */,
				90BAF85C2175AB51001665BF /* MATTextField.m in Sources */,
				90BAF87E2175AB51001665BF /* MATViewM22.m in Sources */,
				902338F3256AD11800E383A6 /* ManderAppAbout.c in Sources */,
				902338F2256AD11800E383A6 /* ManderAppPreferences.c in Sources */,
				90BAF87C2175AB51001665BF /* MATViewV3.m in Sources */,
				902339CB256AD12400E383A6 /* NABufferIteration.c in Sources */,
				902339CF256AD12400E383A6 /* NAMemoryBlock.c in Sources */,
				902339D6256AD12400E383A6 /* NATreeConfiguration.c in Sources */,
				902339CC256AD12400E383A6 /* NABufferWrite.c in Sources */,
				90BAF85B2175AB51001665BF /* MATWindowController.m in Sources */,
				902339DA256AD12400E383A6 /* NADebugging.c in Sources */,
				902339E8256AD12400E383A6 /* NAUICore.c in Sources */,
				902339D2256AD12400E383A6 /* NATreeIteration.c in Sources */,
				90BAF86D2175AB51001665BF /* MATNegV.m in Sources */,
				902339CA256AD12400E383A6 /* NABufferRead.c in Sources */,
				90BAF85E2175AB51001665BF /* MATVCrossV.m in Sources */,
				902339C8256AD12400E383A6 /* NABufferManipulation.c in Sources */,
				90BAF8762175AB51001665BF /* MATMDivS.m in Sources */,
				90BAF8782175AB51001665BF /* MATVDivS.m in Sources */,
				90BAF85D2175AB51001665BF /* MATMDivCompV.m in Sources */,
				90BAF8632175AB51001665BF /* MATNormalizeV.m in Sources */,
				90BAF8662175AB51001665BF /* MATOrthogonalizeV.m in Sources */,
				90BAF8772175AB51001665BF /* MATDiagV.m in Sources */,
			);
			runOnlyForDeploymentPostprocessing = 0;
		};
/* End PBXSourcesBuildPhase section */

/* Begin PBXVariantGroup section */
		90BAF7F02175AB4A001665BF /* InfoPlist.strings */ = {
			isa = PBXVariantGroup;
			children = (
				90BAF7F12175AB4A001665BF /* en */,
			);
			name = InfoPlist.strings;
			sourceTree = "<group>";
		};
		90BAF7F22175AB4A001665BF /* MainMenu.xib */ = {
			isa = PBXVariantGroup;
			children = (
				90BAF7F32175AB4A001665BF /* en */,
			);
			name = MainMenu.xib;
			sourceTree = "<group>";
		};
/* End PBXVariantGroup section */

/* Begin XCBuildConfiguration section */
		9020CF0F1BA6E26300E74965 /* Debug */ = {
			isa = XCBuildConfiguration;
			buildSettings = {
				COPY_PHASE_STRIP = NO;
				EXCLUDED_ARCHS = "";
				GCC_PREPROCESSOR_DEFINITIONS = "NA_COMPILE_GUI=1";
				MACOSX_DEPLOYMENT_TARGET = 10.9;
				ONLY_ACTIVE_ARCH = YES;
				STRIP_INSTALLED_PRODUCT = NO;
				STRIP_SWIFT_SYMBOLS = NO;
			};
			name = Debug;
		};
		9020CF101BA6E26300E74965 /* Release */ = {
			isa = XCBuildConfiguration;
			buildSettings = {
				EXCLUDED_ARCHS = "";
				GCC_GENERATE_DEBUGGING_SYMBOLS = NO;
				GCC_PREPROCESSOR_DEFINITIONS = (
					NDEBUG,
					"NA_COMPILE_GUI=1",
				);
				MACOSX_DEPLOYMENT_TARGET = 10.9;
			};
			name = Release;
		};
		9020CF301BA6E29100E74965 /* Debug */ = {
			isa = XCBuildConfiguration;
			buildSettings = {
				ALWAYS_SEARCH_USER_PATHS = NO;
				CLANG_CXX_LANGUAGE_STANDARD = "gnu++0x";
				CLANG_CXX_LIBRARY = "libc++";
				CLANG_ENABLE_MODULES = YES;
				CLANG_WARN_BOOL_CONVERSION = YES;
				CLANG_WARN_CONSTANT_CONVERSION = YES;
				CLANG_WARN_DIRECT_OBJC_ISA_USAGE = YES_ERROR;
				CLANG_WARN_EMPTY_BODY = YES;
				CLANG_WARN_ENUM_CONVERSION = YES;
				CLANG_WARN_INT_CONVERSION = YES;
				CLANG_WARN_OBJC_ROOT_CLASS = YES_ERROR;
				CLANG_WARN_UNREACHABLE_CODE = YES;
				CLANG_WARN__DUPLICATE_METHOD_MATCH = YES;
				CODE_SIGN_ENTITLEMENTS = "../../res/Matrix Buddy.entitlements";
				CODE_SIGN_IDENTITY = "Mac Developer";
				CODE_SIGN_STYLE = Automatic;
				COMBINE_HIDPI_IMAGES = YES;
				COPY_PHASE_STRIP = NO;
				DEVELOPMENT_TEAM = YH3QFD54JB;
				ENABLE_STRICT_OBJC_MSGSEND = YES;
				GCC_C_LANGUAGE_STANDARD = gnu99;
				GCC_DYNAMIC_NO_PIC = NO;
				GCC_OPTIMIZATION_LEVEL = 0;
				GCC_SYMBOLS_PRIVATE_EXTERN = NO;
				GCC_WARN_64_TO_32_BIT_CONVERSION = YES;
				GCC_WARN_ABOUT_RETURN_TYPE = YES_ERROR;
				GCC_WARN_UNDECLARED_SELECTOR = YES;
				GCC_WARN_UNINITIALIZED_AUTOS = YES_AGGRESSIVE;
				GCC_WARN_UNUSED_PARAMETER = YES;
				GCC_WARN_UNUSED_VARIABLE = YES;
				INFOPLIST_FILE = ../../res/Info.plist;
				LD_RUNPATH_SEARCH_PATHS = "$(inherited) @executable_path/../Frameworks";
				MTL_ENABLE_DEBUG_INFO = YES;
				PRODUCT_BUNDLE_IDENTIFIER = "ch.manderim.Matrix-Buddy";
				PRODUCT_NAME = "$(TARGET_NAME)";
				PROVISIONING_PROFILE_SPECIFIER = "";
			};
			name = Debug;
		};
		9020CF311BA6E29100E74965 /* Release */ = {
			isa = XCBuildConfiguration;
			buildSettings = {
				ALWAYS_SEARCH_USER_PATHS = NO;
				CLANG_CXX_LANGUAGE_STANDARD = "gnu++0x";
				CLANG_CXX_LIBRARY = "libc++";
				CLANG_ENABLE_MODULES = YES;
				CLANG_WARN_BOOL_CONVERSION = YES;
				CLANG_WARN_CONSTANT_CONVERSION = YES;
				CLANG_WARN_DIRECT_OBJC_ISA_USAGE = YES_ERROR;
				CLANG_WARN_EMPTY_BODY = YES;
				CLANG_WARN_ENUM_CONVERSION = YES;
				CLANG_WARN_INT_CONVERSION = YES;
				CLANG_WARN_OBJC_ROOT_CLASS = YES_ERROR;
				CLANG_WARN_UNREACHABLE_CODE = YES;
				CLANG_WARN__DUPLICATE_METHOD_MATCH = YES;
				CODE_SIGN_ENTITLEMENTS = "../../res/Matrix Buddy.entitlements";
				CODE_SIGN_IDENTITY = "Mac Developer";
				CODE_SIGN_STYLE = Automatic;
				COMBINE_HIDPI_IMAGES = YES;
				COPY_PHASE_STRIP = YES;
				DEBUG_INFORMATION_FORMAT = "dwarf-with-dsym";
				DEVELOPMENT_TEAM = YH3QFD54JB;
				ENABLE_NS_ASSERTIONS = NO;
				ENABLE_STRICT_OBJC_MSGSEND = YES;
				GCC_C_LANGUAGE_STANDARD = gnu99;
				GCC_WARN_64_TO_32_BIT_CONVERSION = YES;
				GCC_WARN_ABOUT_RETURN_TYPE = YES_ERROR;
				GCC_WARN_UNDECLARED_SELECTOR = YES;
				GCC_WARN_UNINITIALIZED_AUTOS = YES_AGGRESSIVE;
				GCC_WARN_UNUSED_PARAMETER = YES;
				GCC_WARN_UNUSED_VARIABLE = YES;
				INFOPLIST_FILE = ../../res/Info.plist;
				LD_RUNPATH_SEARCH_PATHS = "$(inherited) @executable_path/../Frameworks";
				MTL_ENABLE_DEBUG_INFO = NO;
				PRODUCT_BUNDLE_IDENTIFIER = "ch.manderim.Matrix-Buddy";
				PRODUCT_NAME = "$(TARGET_NAME)";
				PROVISIONING_PROFILE_SPECIFIER = "";
			};
			name = Release;
		};
/* End XCBuildConfiguration section */

/* Begin XCConfigurationList section */
		9020CF0E1BA6E26300E74965 /* Build configuration list for PBXProject "MatrixBuddy" */ = {
			isa = XCConfigurationList;
			buildConfigurations = (
				9020CF0F1BA6E26300E74965 /* Debug */,
				9020CF101BA6E26300E74965 /* Release */,
			);
			defaultConfigurationIsVisible = 0;
			defaultConfigurationName = Release;
		};
		9020CF341BA6E29100E74965 /* Build configuration list for PBXNativeTarget "Matrix Buddy" */ = {
			isa = XCConfigurationList;
			buildConfigurations = (
				9020CF301BA6E29100E74965 /* Debug */,
				9020CF311BA6E29100E74965 /* Release */,
			);
			defaultConfigurationIsVisible = 0;
			defaultConfigurationName = Release;
		};
/* End XCConfigurationList section */
	};
	rootObject = 9020CF0B1BA6E26300E74965 /* Project object */;
}
