// !$*UTF8*$!
{
	archiveVersion = 1;
	classes = {
	};
	objectVersion = 46;
	objects = {

/* Begin PBXBuildFile section */
		90378003229C7FF300FFEEBD /* NAHeap.c in Sources */ = {isa = PBXBuildFile; fileRef = 90377F80229C7FF300FFEEBD /* NAHeap.c */; };
		90378004229C7FF300FFEEBD /* NABufferManipulation.c in Sources */ = {isa = PBXBuildFile; fileRef = 90377F84229C7FF300FFEEBD /* NABufferManipulation.c */; };
		90378005229C7FF300FFEEBD /* NABufferPart.c in Sources */ = {isa = PBXBuildFile; fileRef = 90377F85229C7FF300FFEEBD /* NABufferPart.c */; };
		90378006229C7FF300FFEEBD /* NABufferRead.c in Sources */ = {isa = PBXBuildFile; fileRef = 90377F87229C7FF300FFEEBD /* NABufferRead.c */; };
		90378007229C7FF300FFEEBD /* NABufferIteration.c in Sources */ = {isa = PBXBuildFile; fileRef = 90377F8A229C7FF300FFEEBD /* NABufferIteration.c */; };
		90378008229C7FF300FFEEBD /* NABufferWrite.c in Sources */ = {isa = PBXBuildFile; fileRef = 90377F8B229C7FF300FFEEBD /* NABufferWrite.c */; };
		90378009229C7FF300FFEEBD /* NABufferParse.c in Sources */ = {isa = PBXBuildFile; fileRef = 90377F8E229C7FF300FFEEBD /* NABufferParse.c */; };
		9037800A229C7FF300FFEEBD /* NABuffer.c in Sources */ = {isa = PBXBuildFile; fileRef = 90377F90229C7FF300FFEEBD /* NABuffer.c */; };
		9037800B229C7FF300FFEEBD /* NAMemoryBlock.c in Sources */ = {isa = PBXBuildFile; fileRef = 90377F91229C7FF300FFEEBD /* NAMemoryBlock.c */; };
		9037800C229C7FF300FFEEBD /* NABufferSource.c in Sources */ = {isa = PBXBuildFile; fileRef = 90377F93229C7FF300FFEEBD /* NABufferSource.c */; };
		9037800D229C7FF300FFEEBD /* NATree.c in Sources */ = {isa = PBXBuildFile; fileRef = 90377F9A229C7FF300FFEEBD /* NATree.c */; };
		9037800E229C7FF300FFEEBD /* NATreeIteration.c in Sources */ = {isa = PBXBuildFile; fileRef = 90377F9B229C7FF300FFEEBD /* NATreeIteration.c */; };
		9037800F229C7FF300FFEEBD /* NATreeBin.c in Sources */ = {isa = PBXBuildFile; fileRef = 90377FA0229C7FF300FFEEBD /* NATreeBin.c */; };
		90378010229C7FF300FFEEBD /* NATreeOct.c in Sources */ = {isa = PBXBuildFile; fileRef = 90377FA1229C7FF300FFEEBD /* NATreeOct.c */; };
		90378011229C7FF300FFEEBD /* NATreeQuad.c in Sources */ = {isa = PBXBuildFile; fileRef = 90377FA2229C7FF300FFEEBD /* NATreeQuad.c */; };
		90378012229C7FF300FFEEBD /* NATreeConfiguration.c in Sources */ = {isa = PBXBuildFile; fileRef = 90377FA3229C7FF300FFEEBD /* NATreeConfiguration.c */; };
		90378013229C7FF300FFEEBD /* NATreeAVL.c in Sources */ = {isa = PBXBuildFile; fileRef = 90377FA5229C7FF300FFEEBD /* NATreeAVL.c */; };
		90378014229C7FF300FFEEBD /* NAString.c in Sources */ = {isa = PBXBuildFile; fileRef = 90377FA9229C7FF300FFEEBD /* NAString.c */; };
		90378015229C7FF300FFEEBD /* NAList.c in Sources */ = {isa = PBXBuildFile; fileRef = 90377FAA229C7FF300FFEEBD /* NAList.c */; };
		90378016229C7FF300FFEEBD /* NADebug.c in Sources */ = {isa = PBXBuildFile; fileRef = 90377FAE229C7FF300FFEEBD /* NADebug.c */; };
		90378017229C7FF300FFEEBD /* NAPNG.c in Sources */ = {isa = PBXBuildFile; fileRef = 90377FBF229C7FF300FFEEBD /* NAPNG.c */; };
		90378018229C7FF300FFEEBD /* NAUI.c in Sources */ = {isa = PBXBuildFile; fileRef = 90377FC0229C7FF300FFEEBD /* NAUI.c */; };
		90378019229C7FF300FFEEBD /* NAUIWINAPI.c in Sources */ = {isa = PBXBuildFile; fileRef = 90377FC1229C7FF300FFEEBD /* NAUIWINAPI.c */; };
		9037801A229C7FF300FFEEBD /* NACocoaHelper.m in Sources */ = {isa = PBXBuildFile; fileRef = 90377FC2229C7FF300FFEEBD /* NACocoaHelper.m */; };
		9037801B229C7FF300FFEEBD /* NAUICocoa.m in Sources */ = {isa = PBXBuildFile; fileRef = 90377FC3229C7FF300FFEEBD /* NAUICocoa.m */; };
		9037801C229C7FF300FFEEBD /* NAUICoreAPI.c in Sources */ = {isa = PBXBuildFile; fileRef = 90377FC4229C7FF300FFEEBD /* NAUICoreAPI.c */; };
		9037801D229C7FF300FFEEBD /* NADeflate.c in Sources */ = {isa = PBXBuildFile; fileRef = 90377FC6229C7FF300FFEEBD /* NADeflate.c */; };
		9037801E229C7FF300FFEEBD /* NAFile.c in Sources */ = {isa = PBXBuildFile; fileRef = 90377FD1229C7FF300FFEEBD /* NAFile.c */; };
		9037801F229C7FF300FFEEBD /* NADateTime.c in Sources */ = {isa = PBXBuildFile; fileRef = 90377FD2229C7FF300FFEEBD /* NADateTime.c */; };
		90378020229C7FF300FFEEBD /* NAURL.c in Sources */ = {isa = PBXBuildFile; fileRef = 90377FD8229C7FF300FFEEBD /* NAURL.c */; };
		90378021229C7FF300FFEEBD /* NARuntime.c in Sources */ = {isa = PBXBuildFile; fileRef = 90377FE1229C7FF300FFEEBD /* NARuntime.c */; };
		90378022229C7FF300FFEEBD /* NABinaryData.c in Sources */ = {isa = PBXBuildFile; fileRef = 90377FE4229C7FF300FFEEBD /* NABinaryData.c */; };
		90378023229C7FF300FFEEBD /* NAMoney.c in Sources */ = {isa = PBXBuildFile; fileRef = 90377FEB229C7FF300FFEEBD /* NAMoney.c */; };
		90378039229C7FFB00FFEEBD /* ManderApp.strings in Resources */ = {isa = PBXBuildFile; fileRef = 90378026229C7FFB00FFEEBD /* ManderApp.strings */; };
		9037803A229C7FFB00FFEEBD /* MandAboutWindow.xib in Resources */ = {isa = PBXBuildFile; fileRef = 90378029229C7FFB00FFEEBD /* MandAboutWindow.xib */; };
		9037803B229C7FFB00FFEEBD /* manderc.png in Resources */ = {isa = PBXBuildFile; fileRef = 9037802A229C7FFB00FFEEBD /* manderc.png */; };
		9037803C229C7FFB00FFEEBD /* .gitignore in Resources */ = {isa = PBXBuildFile; fileRef = 9037802B229C7FFB00FFEEBD /* .gitignore */; };
		9037803D229C7FFB00FFEEBD /* MandCocoaHelper.m in Sources */ = {isa = PBXBuildFile; fileRef = 90378032229C7FFB00FFEEBD /* MandCocoaHelper.m */; };
		9037803E229C7FFB00FFEEBD /* MandAboutWindowController.m in Sources */ = {isa = PBXBuildFile; fileRef = 90378033229C7FFB00FFEEBD /* MandAboutWindowController.m */; };
		9037803F229C7FFB00FFEEBD /* MandTranslation.c in Sources */ = {isa = PBXBuildFile; fileRef = 90378034229C7FFB00FFEEBD /* MandTranslation.c */; };
		90378040229C7FFB00FFEEBD /* MandEnvironment.m in Sources */ = {isa = PBXBuildFile; fileRef = 90378035229C7FFB00FFEEBD /* MandEnvironment.m */; };
		90378041229C7FFB00FFEEBD /* MandMenuHelper.m in Sources */ = {isa = PBXBuildFile; fileRef = 90378036229C7FFB00FFEEBD /* MandMenuHelper.m */; };
		90378042229C7FFB00FFEEBD /* MandApplication.m in Sources */ = {isa = PBXBuildFile; fileRef = 90378038229C7FFB00FFEEBD /* MandApplication.m */; };
		90BA03381BA96CAB00A651E9 /* WebKit.framework in Frameworks */ = {isa = PBXBuildFile; fileRef = 90BA03371BA96CAB00A651E9 /* WebKit.framework */; };
		90BAF7FA2175AB4A001665BF /* Localizable.strings in Resources */ = {isa = PBXBuildFile; fileRef = 90BAF7EE2175AB4A001665BF /* Localizable.strings */; };
		90BAF7FB2175AB4A001665BF /* InfoPlist.strings in Resources */ = {isa = PBXBuildFile; fileRef = 90BAF7F02175AB4A001665BF /* InfoPlist.strings */; };
		90BAF7FC2175AB4A001665BF /* MainMenu.xib in Resources */ = {isa = PBXBuildFile; fileRef = 90BAF7F22175AB4A001665BF /* MainMenu.xib */; };
		90BAF7FD2175AB4A001665BF /* MatrixBuddyChangelog.txt in Resources */ = {isa = PBXBuildFile; fileRef = 90BAF7F52175AB4A001665BF /* MatrixBuddyChangelog.txt */; };
		90BAF7FE2175AB4A001665BF /* MatrixBuddy.icns in Resources */ = {isa = PBXBuildFile; fileRef = 90BAF7F62175AB4A001665BF /* MatrixBuddy.icns */; };
		90BAF8582175AB51001665BF /* MATApplication.m in Sources */ = {isa = PBXBuildFile; fileRef = 90BAF8032175AB51001665BF /* MATApplication.m */; };
		90BAF8592175AB51001665BF /* MATValueView.m in Sources */ = {isa = PBXBuildFile; fileRef = 90BAF8042175AB51001665BF /* MATValueView.m */; };
		90BAF85A2175AB51001665BF /* MATComputationView.m in Sources */ = {isa = PBXBuildFile; fileRef = 90BAF8052175AB51001665BF /* MATComputationView.m */; };
		90BAF85B2175AB51001665BF /* MATWindowController.m in Sources */ = {isa = PBXBuildFile; fileRef = 90BAF8062175AB51001665BF /* MATWindowController.m */; };
		90BAF85C2175AB51001665BF /* MATTextField.m in Sources */ = {isa = PBXBuildFile; fileRef = 90BAF8082175AB51001665BF /* MATTextField.m */; };
		90BAF85D2175AB51001665BF /* MATMDivCompV.m in Sources */ = {isa = PBXBuildFile; fileRef = 90BAF80A2175AB51001665BF /* MATMDivCompV.m */; };
		90BAF85E2175AB51001665BF /* MATVCrossV.m in Sources */ = {isa = PBXBuildFile; fileRef = 90BAF80B2175AB51001665BF /* MATVCrossV.m */; };
		90BAF85F2175AB51001665BF /* MATVAddV.m in Sources */ = {isa = PBXBuildFile; fileRef = 90BAF80E2175AB51001665BF /* MATVAddV.m */; };
		90BAF8602175AB51001665BF /* MATInvertM.m in Sources */ = {isa = PBXBuildFile; fileRef = 90BAF80F2175AB51001665BF /* MATInvertM.m */; };
		90BAF8612175AB51001665BF /* MATDiagS.m in Sources */ = {isa = PBXBuildFile; fileRef = 90BAF8112175AB51001665BF /* MATDiagS.m */; };
		90BAF8622175AB51001665BF /* MATMAddM.m in Sources */ = {isa = PBXBuildFile; fileRef = 90BAF8152175AB51001665BF /* MATMAddM.m */; };
		90BAF8632175AB51001665BF /* MATNormalizeV.m in Sources */ = {isa = PBXBuildFile; fileRef = 90BAF8172175AB51001665BF /* MATNormalizeV.m */; };
		90BAF8642175AB51001665BF /* MATVMulCompV.m in Sources */ = {isa = PBXBuildFile; fileRef = 90BAF8192175AB51001665BF /* MATVMulCompV.m */; };
		90BAF8652175AB51001665BF /* MATVMulS.m in Sources */ = {isa = PBXBuildFile; fileRef = 90BAF81C2175AB51001665BF /* MATVMulS.m */; };
		90BAF8662175AB51001665BF /* MATOrthogonalizeV.m in Sources */ = {isa = PBXBuildFile; fileRef = 90BAF81D2175AB51001665BF /* MATOrthogonalizeV.m */; };
		90BAF8672175AB51001665BF /* MATMMulS.m in Sources */ = {isa = PBXBuildFile; fileRef = 90BAF81E2175AB51001665BF /* MATMMulS.m */; };
		90BAF8682175AB51001665BF /* MATMDivCompM.m in Sources */ = {isa = PBXBuildFile; fileRef = 90BAF81F2175AB51001665BF /* MATMDivCompM.m */; };
		90BAF8692175AB51001665BF /* MATMMulCompV.m in Sources */ = {isa = PBXBuildFile; fileRef = 90BAF8262175AB51001665BF /* MATMMulCompV.m */; };
		90BAF86A2175AB51001665BF /* MATMMulV.m in Sources */ = {isa = PBXBuildFile; fileRef = 90BAF8272175AB51001665BF /* MATMMulV.m */; };
		90BAF86B2175AB51001665BF /* MATVSubV.m in Sources */ = {isa = PBXBuildFile; fileRef = 90BAF82A2175AB51001665BF /* MATVSubV.m */; };
		90BAF86C2175AB51001665BF /* MATMirrorV.m in Sources */ = {isa = PBXBuildFile; fileRef = 90BAF82B2175AB51001665BF /* MATMirrorV.m */; };
		90BAF86D2175AB51001665BF /* MATNegV.m in Sources */ = {isa = PBXBuildFile; fileRef = 90BAF82E2175AB51001665BF /* MATNegV.m */; };
		90BAF86E2175AB51001665BF /* MATVDotV.m in Sources */ = {isa = PBXBuildFile; fileRef = 90BAF8332175AB51001665BF /* MATVDotV.m */; };
		90BAF86F2175AB51001665BF /* MATMSubM.m in Sources */ = {isa = PBXBuildFile; fileRef = 90BAF8342175AB51001665BF /* MATMSubM.m */; };
		90BAF8702175AB51001665BF /* MATLengthV.m in Sources */ = {isa = PBXBuildFile; fileRef = 90BAF8362175AB51001665BF /* MATLengthV.m */; };
		90BAF8712175AB51001665BF /* MATNegM.m in Sources */ = {isa = PBXBuildFile; fileRef = 90BAF8382175AB51001665BF /* MATNegM.m */; };
		90BAF8722175AB51001665BF /* MATVDivCompV.m in Sources */ = {isa = PBXBuildFile; fileRef = 90BAF8392175AB51001665BF /* MATVDivCompV.m */; };
		90BAF8732175AB51001665BF /* MATMMulM.m in Sources */ = {isa = PBXBuildFile; fileRef = 90BAF83B2175AB51001665BF /* MATMMulM.m */; };
		90BAF8742175AB51001665BF /* MATMMulCompM.m in Sources */ = {isa = PBXBuildFile; fileRef = 90BAF83C2175AB51001665BF /* MATMMulCompM.m */; };
		90BAF8752175AB51001665BF /* MATTransposeM.m in Sources */ = {isa = PBXBuildFile; fileRef = 90BAF83D2175AB51001665BF /* MATTransposeM.m */; };
		90BAF8762175AB51001665BF /* MATMDivS.m in Sources */ = {isa = PBXBuildFile; fileRef = 90BAF83E2175AB51001665BF /* MATMDivS.m */; };
		90BAF8772175AB51001665BF /* MATDiagV.m in Sources */ = {isa = PBXBuildFile; fileRef = 90BAF83F2175AB51001665BF /* MATDiagV.m */; };
		90BAF8782175AB51001665BF /* MATVDivS.m in Sources */ = {isa = PBXBuildFile; fileRef = 90BAF8402175AB51001665BF /* MATVDivS.m */; };
		90BAF8792175AB51001665BF /* main.m in Sources */ = {isa = PBXBuildFile; fileRef = 90BAF8432175AB51001665BF /* main.m */; };
		90BAF87A2175AB51001665BF /* MATViewS.m in Sources */ = {isa = PBXBuildFile; fileRef = 90BAF8492175AB51001665BF /* MATViewS.m */; };
		90BAF87B2175AB51001665BF /* MATViewV4.m in Sources */ = {isa = PBXBuildFile; fileRef = 90BAF84B2175AB51001665BF /* MATViewV4.m */; };
		90BAF87C2175AB51001665BF /* MATViewV3.m in Sources */ = {isa = PBXBuildFile; fileRef = 90BAF84E2175AB51001665BF /* MATViewV3.m */; };
		90BAF87D2175AB51001665BF /* MATViewM33.m in Sources */ = {isa = PBXBuildFile; fileRef = 90BAF84F2175AB51001665BF /* MATViewM33.m */; };
		90BAF87E2175AB51001665BF /* MATViewM22.m in Sources */ = {isa = PBXBuildFile; fileRef = 90BAF8502175AB51001665BF /* MATViewM22.m */; };
		90BAF87F2175AB51001665BF /* MATViewV2.m in Sources */ = {isa = PBXBuildFile; fileRef = 90BAF8522175AB51001665BF /* MATViewV2.m */; };
		90BAF8802175AB51001665BF /* MATViewM44.m in Sources */ = {isa = PBXBuildFile; fileRef = 90BAF8552175AB51001665BF /* MATViewM44.m */; };
/* End PBXBuildFile section */

/* Begin PBXFileReference section */
		9020CF151BA6E29000E74965 /* Matrix Buddy.app */ = {isa = PBXFileReference; explicitFileType = wrapper.application; includeInIndex = 0; path = "Matrix Buddy.app"; sourceTree = BUILT_PRODUCTS_DIR; };
		90377F6F229C7FF300FFEEBD /* NAMathConstants.h */ = {isa = PBXFileReference; fileEncoding = 4; lastKnownFileType = sourcecode.c.h; path = NAMathConstants.h; sourceTree = "<group>"; };
		90377F70229C7FF300FFEEBD /* NAMemory.h */ = {isa = PBXFileReference; fileEncoding = 4; lastKnownFileType = sourcecode.c.h; path = NAMemory.h; sourceTree = "<group>"; };
		90377F71229C7FF300FFEEBD /* NAComplex.h */ = {isa = PBXFileReference; fileEncoding = 4; lastKnownFileType = sourcecode.c.h; path = NAComplex.h; sourceTree = "<group>"; };
		90377F72229C7FF300FFEEBD /* NAConfiguration.h */ = {isa = PBXFileReference; fileEncoding = 4; lastKnownFileType = sourcecode.c.h; path = NAConfiguration.h; sourceTree = "<group>"; };
		90377F73229C7FF300FFEEBD /* NABase.h */ = {isa = PBXFileReference; fileEncoding = 4; lastKnownFileType = sourcecode.c.h; path = NABase.h; sourceTree = "<group>"; };
		90377F74229C7FF300FFEEBD /* NABuffer.h */ = {isa = PBXFileReference; fileEncoding = 4; lastKnownFileType = sourcecode.c.h; path = NABuffer.h; sourceTree = "<group>"; };
		90377F75229C7FF300FFEEBD /* NAArray.h */ = {isa = PBXFileReference; fileEncoding = 4; lastKnownFileType = sourcecode.c.h; path = NAArray.h; sourceTree = "<group>"; };
		90377F76229C7FF300FFEEBD /* NAThreading.h */ = {isa = PBXFileReference; fileEncoding = 4; lastKnownFileType = sourcecode.c.h; path = NAThreading.h; sourceTree = "<group>"; };
		90377F77229C7FF300FFEEBD /* NAStack.h */ = {isa = PBXFileReference; fileEncoding = 4; lastKnownFileType = sourcecode.c.h; path = NAStack.h; sourceTree = "<group>"; };
		90377F78229C7FF300FFEEBD /* NADeflate.h */ = {isa = PBXFileReference; fileEncoding = 4; lastKnownFileType = sourcecode.c.h; path = NADeflate.h; sourceTree = "<group>"; };
		90377F79229C7FF300FFEEBD /* NAList.h */ = {isa = PBXFileReference; fileEncoding = 4; lastKnownFileType = sourcecode.c.h; path = NAList.h; sourceTree = "<group>"; };
		90377F7A229C7FF300FFEEBD /* NAString.h */ = {isa = PBXFileReference; fileEncoding = 4; lastKnownFileType = sourcecode.c.h; path = NAString.h; sourceTree = "<group>"; };
		90377F7B229C7FF300FFEEBD /* NARandom.h */ = {isa = PBXFileReference; fileEncoding = 4; lastKnownFileType = sourcecode.c.h; path = NARandom.h; sourceTree = "<group>"; };
		90377F7E229C7FF300FFEEBD /* NAHeapII.h */ = {isa = PBXFileReference; fileEncoding = 4; lastKnownFileType = sourcecode.c.h; path = NAHeapII.h; sourceTree = "<group>"; };
		90377F7F229C7FF300FFEEBD /* NAHeapT.h */ = {isa = PBXFileReference; fileEncoding = 4; lastKnownFileType = sourcecode.c.h; path = NAHeapT.h; sourceTree = "<group>"; };
		90377F80229C7FF300FFEEBD /* NAHeap.c */ = {isa = PBXFileReference; fileEncoding = 4; lastKnownFileType = sourcecode.c.c; path = NAHeap.c; sourceTree = "<group>"; };
		90377F81229C7FF300FFEEBD /* NAStringII.h */ = {isa = PBXFileReference; fileEncoding = 4; lastKnownFileType = sourcecode.c.h; path = NAStringII.h; sourceTree = "<group>"; };
		90377F83229C7FF300FFEEBD /* NABufferII.h */ = {isa = PBXFileReference; fileEncoding = 4; lastKnownFileType = sourcecode.c.h; path = NABufferII.h; sourceTree = "<group>"; };
		90377F84229C7FF300FFEEBD /* NABufferManipulation.c */ = {isa = PBXFileReference; fileEncoding = 4; lastKnownFileType = sourcecode.c.c; path = NABufferManipulation.c; sourceTree = "<group>"; };
		90377F85229C7FF300FFEEBD /* NABufferPart.c */ = {isa = PBXFileReference; fileEncoding = 4; lastKnownFileType = sourcecode.c.c; path = NABufferPart.c; sourceTree = "<group>"; };
		90377F86229C7FF300FFEEBD /* NABufferWriteII.h */ = {isa = PBXFileReference; fileEncoding = 4; lastKnownFileType = sourcecode.c.h; path = NABufferWriteII.h; sourceTree = "<group>"; };
		90377F87229C7FF300FFEEBD /* NABufferRead.c */ = {isa = PBXFileReference; fileEncoding = 4; lastKnownFileType = sourcecode.c.c; path = NABufferRead.c; sourceTree = "<group>"; };
		90377F88229C7FF300FFEEBD /* NABufferIterationII.h */ = {isa = PBXFileReference; fileEncoding = 4; lastKnownFileType = sourcecode.c.h; path = NABufferIterationII.h; sourceTree = "<group>"; };
		90377F89229C7FF300FFEEBD /* NABufferParseII.h */ = {isa = PBXFileReference; fileEncoding = 4; lastKnownFileType = sourcecode.c.h; path = NABufferParseII.h; sourceTree = "<group>"; };
		90377F8A229C7FF300FFEEBD /* NABufferIteration.c */ = {isa = PBXFileReference; fileEncoding = 4; lastKnownFileType = sourcecode.c.c; path = NABufferIteration.c; sourceTree = "<group>"; };
		90377F8B229C7FF300FFEEBD /* NABufferWrite.c */ = {isa = PBXFileReference; fileEncoding = 4; lastKnownFileType = sourcecode.c.c; path = NABufferWrite.c; sourceTree = "<group>"; };
		90377F8C229C7FF300FFEEBD /* NABufferHelperII.h */ = {isa = PBXFileReference; fileEncoding = 4; lastKnownFileType = sourcecode.c.h; path = NABufferHelperII.h; sourceTree = "<group>"; };
		90377F8D229C7FF300FFEEBD /* NAMemoryBlockII.h */ = {isa = PBXFileReference; fileEncoding = 4; lastKnownFileType = sourcecode.c.h; path = NAMemoryBlockII.h; sourceTree = "<group>"; };
		90377F8E229C7FF300FFEEBD /* NABufferParse.c */ = {isa = PBXFileReference; fileEncoding = 4; lastKnownFileType = sourcecode.c.c; path = NABufferParse.c; sourceTree = "<group>"; };
		90377F8F229C7FF300FFEEBD /* NABufferPartII.h */ = {isa = PBXFileReference; fileEncoding = 4; lastKnownFileType = sourcecode.c.h; path = NABufferPartII.h; sourceTree = "<group>"; };
		90377F90229C7FF300FFEEBD /* NABuffer.c */ = {isa = PBXFileReference; fileEncoding = 4; lastKnownFileType = sourcecode.c.c; path = NABuffer.c; sourceTree = "<group>"; };
		90377F91229C7FF300FFEEBD /* NAMemoryBlock.c */ = {isa = PBXFileReference; fileEncoding = 4; lastKnownFileType = sourcecode.c.c; path = NAMemoryBlock.c; sourceTree = "<group>"; };
		90377F92229C7FF300FFEEBD /* NABufferReadII.h */ = {isa = PBXFileReference; fileEncoding = 4; lastKnownFileType = sourcecode.c.h; path = NABufferReadII.h; sourceTree = "<group>"; };
		90377F93229C7FF300FFEEBD /* NABufferSource.c */ = {isa = PBXFileReference; fileEncoding = 4; lastKnownFileType = sourcecode.c.c; path = NABufferSource.c; sourceTree = "<group>"; };
		90377F94229C7FF300FFEEBD /* NABufferSourceII.h */ = {isa = PBXFileReference; fileEncoding = 4; lastKnownFileType = sourcecode.c.h; path = NABufferSourceII.h; sourceTree = "<group>"; };
		90377F95229C7FF300FFEEBD /* NAStackII.h */ = {isa = PBXFileReference; fileEncoding = 4; lastKnownFileType = sourcecode.c.h; path = NAStackII.h; sourceTree = "<group>"; };
		90377F96229C7FF300FFEEBD /* NACircularBufferII.h */ = {isa = PBXFileReference; fileEncoding = 4; lastKnownFileType = sourcecode.c.h; path = NACircularBufferII.h; sourceTree = "<group>"; };
		90377F98229C7FF300FFEEBD /* NATreeOct.h */ = {isa = PBXFileReference; fileEncoding = 4; lastKnownFileType = sourcecode.c.h; path = NATreeOct.h; sourceTree = "<group>"; };
		90377F99229C7FF300FFEEBD /* NATreeBin.h */ = {isa = PBXFileReference; fileEncoding = 4; lastKnownFileType = sourcecode.c.h; path = NATreeBin.h; sourceTree = "<group>"; };
		90377F9A229C7FF300FFEEBD /* NATree.c */ = {isa = PBXFileReference; fileEncoding = 4; lastKnownFileType = sourcecode.c.c; path = NATree.c; sourceTree = "<group>"; };
		90377F9B229C7FF300FFEEBD /* NATreeIteration.c */ = {isa = PBXFileReference; fileEncoding = 4; lastKnownFileType = sourcecode.c.c; path = NATreeIteration.c; sourceTree = "<group>"; };
		90377F9C229C7FF300FFEEBD /* NATreeQuad.h */ = {isa = PBXFileReference; fileEncoding = 4; lastKnownFileType = sourcecode.c.h; path = NATreeQuad.h; sourceTree = "<group>"; };
		90377F9D229C7FF300FFEEBD /* NATreeConfigurationII.h */ = {isa = PBXFileReference; fileEncoding = 4; lastKnownFileType = sourcecode.c.h; path = NATreeConfigurationII.h; sourceTree = "<group>"; };
		90377F9E229C7FF300FFEEBD /* NATreeII.h */ = {isa = PBXFileReference; fileEncoding = 4; lastKnownFileType = sourcecode.c.h; path = NATreeII.h; sourceTree = "<group>"; };
		90377F9F229C7FF300FFEEBD /* NATreeIterationII.h */ = {isa = PBXFileReference; fileEncoding = 4; lastKnownFileType = sourcecode.c.h; path = NATreeIterationII.h; sourceTree = "<group>"; };
		90377FA0229C7FF300FFEEBD /* NATreeBin.c */ = {isa = PBXFileReference; fileEncoding = 4; lastKnownFileType = sourcecode.c.c; path = NATreeBin.c; sourceTree = "<group>"; };
		90377FA1229C7FF300FFEEBD /* NATreeOct.c */ = {isa = PBXFileReference; fileEncoding = 4; lastKnownFileType = sourcecode.c.c; path = NATreeOct.c; sourceTree = "<group>"; };
		90377FA2229C7FF300FFEEBD /* NATreeQuad.c */ = {isa = PBXFileReference; fileEncoding = 4; lastKnownFileType = sourcecode.c.c; path = NATreeQuad.c; sourceTree = "<group>"; };
		90377FA3229C7FF300FFEEBD /* NATreeConfiguration.c */ = {isa = PBXFileReference; fileEncoding = 4; lastKnownFileType = sourcecode.c.c; path = NATreeConfiguration.c; sourceTree = "<group>"; };
		90377FA4229C7FF300FFEEBD /* NATreeUtilitiesII.h */ = {isa = PBXFileReference; fileEncoding = 4; lastKnownFileType = sourcecode.c.h; path = NATreeUtilitiesII.h; sourceTree = "<group>"; };
		90377FA5229C7FF300FFEEBD /* NATreeAVL.c */ = {isa = PBXFileReference; fileEncoding = 4; lastKnownFileType = sourcecode.c.c; path = NATreeAVL.c; sourceTree = "<group>"; };
		90377FA6229C7FF300FFEEBD /* NATreeItemII.h */ = {isa = PBXFileReference; fileEncoding = 4; lastKnownFileType = sourcecode.c.h; path = NATreeItemII.h; sourceTree = "<group>"; };
		90377FA7229C7FF300FFEEBD /* NAPoolII.h */ = {isa = PBXFileReference; fileEncoding = 4; lastKnownFileType = sourcecode.c.h; path = NAPoolII.h; sourceTree = "<group>"; };
		90377FA8229C7FF300FFEEBD /* NAListII.h */ = {isa = PBXFileReference; fileEncoding = 4; lastKnownFileType = sourcecode.c.h; path = NAListII.h; sourceTree = "<group>"; };
		90377FA9229C7FF300FFEEBD /* NAString.c */ = {isa = PBXFileReference; fileEncoding = 4; lastKnownFileType = sourcecode.c.c; path = NAString.c; sourceTree = "<group>"; };
		90377FAA229C7FF300FFEEBD /* NAList.c */ = {isa = PBXFileReference; fileEncoding = 4; lastKnownFileType = sourcecode.c.c; path = NAList.c; sourceTree = "<group>"; };
		90377FAB229C7FF300FFEEBD /* NAArrayII.h */ = {isa = PBXFileReference; fileEncoding = 4; lastKnownFileType = sourcecode.c.h; path = NAArrayII.h; sourceTree = "<group>"; };
		90377FAD229C7FF300FFEEBD /* NAInteger.h */ = {isa = PBXFileReference; fileEncoding = 4; lastKnownFileType = sourcecode.c.h; path = NAInteger.h; sourceTree = "<group>"; };
		90377FAE229C7FF300FFEEBD /* NADebug.c */ = {isa = PBXFileReference; fileEncoding = 4; lastKnownFileType = sourcecode.c.c; path = NADebug.c; sourceTree = "<group>"; };
		90377FAF229C7FF300FFEEBD /* NANumerics.h */ = {isa = PBXFileReference; fileEncoding = 4; lastKnownFileType = sourcecode.c.h; path = NANumerics.h; sourceTree = "<group>"; };
		90377FB0229C7FF300FFEEBD /* NATemplate.h */ = {isa = PBXFileReference; fileEncoding = 4; lastKnownFileType = sourcecode.c.h; path = NATemplate.h; sourceTree = "<group>"; };
		90377FB1229C7FF300FFEEBD /* NAFloatingPoint.h */ = {isa = PBXFileReference; fileEncoding = 4; lastKnownFileType = sourcecode.c.h; path = NAFloatingPoint.h; sourceTree = "<group>"; };
		90377FB2229C7FF300FFEEBD /* NAInt64II.h */ = {isa = PBXFileReference; fileEncoding = 4; lastKnownFileType = sourcecode.c.h; path = NAInt64II.h; sourceTree = "<group>"; };
		90377FB3229C7FF300FFEEBD /* NAChar.h */ = {isa = PBXFileReference; fileEncoding = 4; lastKnownFileType = sourcecode.c.h; path = NAChar.h; sourceTree = "<group>"; };
		90377FB4229C7FF300FFEEBD /* NAEnvironment.h */ = {isa = PBXFileReference; fileEncoding = 4; lastKnownFileType = sourcecode.c.h; path = NAEnvironment.h; sourceTree = "<group>"; };
		90377FB5229C7FF300FFEEBD /* NADebug.h */ = {isa = PBXFileReference; fileEncoding = 4; lastKnownFileType = sourcecode.c.h; path = NADebug.h; sourceTree = "<group>"; };
		90377FB6229C7FF300FFEEBD /* NALanguage.h */ = {isa = PBXFileReference; fileEncoding = 4; lastKnownFileType = sourcecode.c.h; path = NALanguage.h; sourceTree = "<group>"; };
		90377FB7229C7FF300FFEEBD /* NAInt64.h */ = {isa = PBXFileReference; fileEncoding = 4; lastKnownFileType = sourcecode.c.h; path = NAInt64.h; sourceTree = "<group>"; };
		90377FB8229C7FF300FFEEBD /* NANumericsII.h */ = {isa = PBXFileReference; fileEncoding = 4; lastKnownFileType = sourcecode.c.h; path = NANumericsII.h; sourceTree = "<group>"; };
		90377FB9229C7FF300FFEEBD /* NAFloatingPointII.h */ = {isa = PBXFileReference; fileEncoding = 4; lastKnownFileType = sourcecode.c.h; path = NAFloatingPointII.h; sourceTree = "<group>"; };
		90377FBA229C7FF300FFEEBD /* NACompiler.h */ = {isa = PBXFileReference; fileEncoding = 4; lastKnownFileType = sourcecode.c.h; path = NACompiler.h; sourceTree = "<group>"; };
		90377FBB229C7FF300FFEEBD /* NAURL.h */ = {isa = PBXFileReference; fileEncoding = 4; lastKnownFileType = sourcecode.c.h; path = NAURL.h; sourceTree = "<group>"; };
		90377FBC229C7FF300FFEEBD /* NAHeap.h */ = {isa = PBXFileReference; fileEncoding = 4; lastKnownFileType = sourcecode.c.h; path = NAHeap.h; sourceTree = "<group>"; };
		90377FBE229C7FF300FFEEBD /* NAUICoreAPI.h */ = {isa = PBXFileReference; fileEncoding = 4; lastKnownFileType = sourcecode.c.h; path = NAUICoreAPI.h; sourceTree = "<group>"; };
		90377FBF229C7FF300FFEEBD /* NAPNG.c */ = {isa = PBXFileReference; fileEncoding = 4; lastKnownFileType = sourcecode.c.c; path = NAPNG.c; sourceTree = "<group>"; };
		90377FC0229C7FF300FFEEBD /* NAUI.c */ = {isa = PBXFileReference; fileEncoding = 4; lastKnownFileType = sourcecode.c.c; path = NAUI.c; sourceTree = "<group>"; };
		90377FC1229C7FF300FFEEBD /* NAUIWINAPI.c */ = {isa = PBXFileReference; fileEncoding = 4; lastKnownFileType = sourcecode.c.c; path = NAUIWINAPI.c; sourceTree = "<group>"; };
		90377FC2229C7FF300FFEEBD /* NACocoaHelper.m */ = {isa = PBXFileReference; fileEncoding = 4; lastKnownFileType = sourcecode.c.objc; path = NACocoaHelper.m; sourceTree = "<group>"; };
		90377FC3229C7FF300FFEEBD /* NAUICocoa.m */ = {isa = PBXFileReference; fileEncoding = 4; lastKnownFileType = sourcecode.c.objc; path = NAUICocoa.m; sourceTree = "<group>"; };
		90377FC4229C7FF300FFEEBD /* NAUICoreAPI.c */ = {isa = PBXFileReference; fileEncoding = 4; lastKnownFileType = sourcecode.c.c; path = NAUICoreAPI.c; sourceTree = "<group>"; };
		90377FC5229C7FF300FFEEBD /* NAUIWINAPI.h */ = {isa = PBXFileReference; fileEncoding = 4; lastKnownFileType = sourcecode.c.h; path = NAUIWINAPI.h; sourceTree = "<group>"; };
		90377FC6229C7FF300FFEEBD /* NADeflate.c */ = {isa = PBXFileReference; fileEncoding = 4; lastKnownFileType = sourcecode.c.c; path = NADeflate.c; sourceTree = "<group>"; };
		90377FC7229C7FF300FFEEBD /* NAUICocoa.h */ = {isa = PBXFileReference; fileEncoding = 4; lastKnownFileType = sourcecode.c.h; path = NAUICocoa.h; sourceTree = "<group>"; };
		90377FC8229C7FF300FFEEBD /* NAPNG.h */ = {isa = PBXFileReference; fileEncoding = 4; lastKnownFileType = sourcecode.c.h; path = NAPNG.h; sourceTree = "<group>"; };
		90377FC9229C7FF300FFEEBD /* NAFile.h */ = {isa = PBXFileReference; fileEncoding = 4; lastKnownFileType = sourcecode.c.h; path = NAFile.h; sourceTree = "<group>"; };
		90377FCA229C7FF300FFEEBD /* NAMoney.h */ = {isa = PBXFileReference; fileEncoding = 4; lastKnownFileType = sourcecode.c.h; path = NAMoney.h; sourceTree = "<group>"; };
		90377FCB229C7FF300FFEEBD /* NAVectorAlgebra.h */ = {isa = PBXFileReference; fileEncoding = 4; lastKnownFileType = sourcecode.c.h; path = NAVectorAlgebra.h; sourceTree = "<group>"; };
		90377FCC229C7FF300FFEEBD /* NAMathOperators.h */ = {isa = PBXFileReference; fileEncoding = 4; lastKnownFileType = sourcecode.c.h; path = NAMathOperators.h; sourceTree = "<group>"; };
		90377FCD229C7FF300FFEEBD /* NADateTime.h */ = {isa = PBXFileReference; fileEncoding = 4; lastKnownFileType = sourcecode.c.h; path = NADateTime.h; sourceTree = "<group>"; };
		90377FCE229C7FF300FFEEBD /* NABinaryData.h */ = {isa = PBXFileReference; fileEncoding = 4; lastKnownFileType = sourcecode.c.h; path = NABinaryData.h; sourceTree = "<group>"; };
		90377FCF229C7FF300FFEEBD /* NAUI.h */ = {isa = PBXFileReference; fileEncoding = 4; lastKnownFileType = sourcecode.c.h; path = NAUI.h; sourceTree = "<group>"; };
		90377FD1229C7FF300FFEEBD /* NAFile.c */ = {isa = PBXFileReference; fileEncoding = 4; lastKnownFileType = sourcecode.c.c; path = NAFile.c; sourceTree = "<group>"; };
		90377FD2229C7FF300FFEEBD /* NADateTime.c */ = {isa = PBXFileReference; fileEncoding = 4; lastKnownFileType = sourcecode.c.c; path = NADateTime.c; sourceTree = "<group>"; };
		90377FD3229C7FF300FFEEBD /* NADateTimeII.h */ = {isa = PBXFileReference; fileEncoding = 4; lastKnownFileType = sourcecode.c.h; path = NADateTimeII.h; sourceTree = "<group>"; };
		90377FD4229C7FF300FFEEBD /* NAThreadingII.h */ = {isa = PBXFileReference; fileEncoding = 4; lastKnownFileType = sourcecode.c.h; path = NAThreadingII.h; sourceTree = "<group>"; };
		90377FD5229C7FF300FFEEBD /* NAURLII.h */ = {isa = PBXFileReference; fileEncoding = 4; lastKnownFileType = sourcecode.c.h; path = NAURLII.h; sourceTree = "<group>"; };
		90377FD6229C7FF300FFEEBD /* NAFileII.h */ = {isa = PBXFileReference; fileEncoding = 4; lastKnownFileType = sourcecode.c.h; path = NAFileII.h; sourceTree = "<group>"; };
		90377FD7229C7FF300FFEEBD /* NAKeyII.h */ = {isa = PBXFileReference; fileEncoding = 4; lastKnownFileType = sourcecode.c.h; path = NAKeyII.h; sourceTree = "<group>"; };
		90377FD8229C7FF300FFEEBD /* NAURL.c */ = {isa = PBXFileReference; fileEncoding = 4; lastKnownFileType = sourcecode.c.c; path = NAURL.c; sourceTree = "<group>"; };
		90377FDA229C7FF300FFEEBD /* NARuntimeII.h */ = {isa = PBXFileReference; fileEncoding = 4; lastKnownFileType = sourcecode.c.h; path = NARuntimeII.h; sourceTree = "<group>"; };
		90377FDB229C7FF300FFEEBD /* NARefCountII.h */ = {isa = PBXFileReference; fileEncoding = 4; lastKnownFileType = sourcecode.c.h; path = NARefCountII.h; sourceTree = "<group>"; };
		90377FDC229C7FF300FFEEBD /* NAMallocFreeII.h */ = {isa = PBXFileReference; fileEncoding = 4; lastKnownFileType = sourcecode.c.h; path = NAMallocFreeII.h; sourceTree = "<group>"; };
		90377FDD229C7FF300FFEEBD /* NAMemoryII.h */ = {isa = PBXFileReference; fileEncoding = 4; lastKnownFileType = sourcecode.c.h; path = NAMemoryII.h; sourceTree = "<group>"; };
		90377FDE229C7FF300FFEEBD /* NAPointerII.h */ = {isa = PBXFileReference; fileEncoding = 4; lastKnownFileType = sourcecode.c.h; path = NAPointerII.h; sourceTree = "<group>"; };
		90377FDF229C7FF300FFEEBD /* NAPtrII.h */ = {isa = PBXFileReference; fileEncoding = 4; lastKnownFileType = sourcecode.c.h; path = NAPtrII.h; sourceTree = "<group>"; };
		90377FE0229C7FF300FFEEBD /* NASmartPtrII.h */ = {isa = PBXFileReference; fileEncoding = 4; lastKnownFileType = sourcecode.c.h; path = NASmartPtrII.h; sourceTree = "<group>"; };
		90377FE1229C7FF300FFEEBD /* NARuntime.c */ = {isa = PBXFileReference; fileEncoding = 4; lastKnownFileType = sourcecode.c.c; path = NARuntime.c; sourceTree = "<group>"; };
		90377FE2229C7FF300FFEEBD /* NAValueHelper.h */ = {isa = PBXFileReference; fileEncoding = 4; lastKnownFileType = sourcecode.c.h; path = NAValueHelper.h; sourceTree = "<group>"; };
		90377FE4229C7FF300FFEEBD /* NABinaryData.c */ = {isa = PBXFileReference; fileEncoding = 4; lastKnownFileType = sourcecode.c.c; path = NABinaryData.c; sourceTree = "<group>"; };
		90377FE5229C7FF300FFEEBD /* NABinaryDataII.h */ = {isa = PBXFileReference; fileEncoding = 4; lastKnownFileType = sourcecode.c.h; path = NABinaryDataII.h; sourceTree = "<group>"; };
		90377FE6229C7FF300FFEEBD /* NAEndiannessII.h */ = {isa = PBXFileReference; fileEncoding = 4; lastKnownFileType = sourcecode.c.h; path = NAEndiannessII.h; sourceTree = "<group>"; };
		90377FE7229C7FF300FFEEBD /* NAKey.h */ = {isa = PBXFileReference; fileEncoding = 4; lastKnownFileType = sourcecode.c.h; path = NAKey.h; sourceTree = "<group>"; };
		90377FE8229C7FF300FFEEBD /* NATree.h */ = {isa = PBXFileReference; fileEncoding = 4; lastKnownFileType = sourcecode.c.h; path = NATree.h; sourceTree = "<group>"; };
		90377FE9229C7FF300FFEEBD /* NACircularBuffer.h */ = {isa = PBXFileReference; fileEncoding = 4; lastKnownFileType = sourcecode.c.h; path = NACircularBuffer.h; sourceTree = "<group>"; };
		90377FEB229C7FF300FFEEBD /* NAMoney.c */ = {isa = PBXFileReference; fileEncoding = 4; lastKnownFileType = sourcecode.c.c; path = NAMoney.c; sourceTree = "<group>"; };
		90377FEC229C7FF300FFEEBD /* NAMoneyII.h */ = {isa = PBXFileReference; fileEncoding = 4; lastKnownFileType = sourcecode.c.h; path = NAMoneyII.h; sourceTree = "<group>"; };
		90377FED229C7FF300FFEEBD /* NARandomII.h */ = {isa = PBXFileReference; fileEncoding = 4; lastKnownFileType = sourcecode.c.h; path = NARandomII.h; sourceTree = "<group>"; };
		90377FEE229C7FF300FFEEBD /* NAComplexII.h */ = {isa = PBXFileReference; fileEncoding = 4; lastKnownFileType = sourcecode.c.h; path = NAComplexII.h; sourceTree = "<group>"; };
		90377FF0229C7FF300FFEEBD /* NAVectorBaseOperations.h */ = {isa = PBXFileReference; fileEncoding = 4; lastKnownFileType = sourcecode.c.h; path = NAVectorBaseOperations.h; sourceTree = "<group>"; };
		90377FF1229C7FF300FFEEBD /* NAMatrixBaseOperations.h */ = {isa = PBXFileReference; fileEncoding = 4; lastKnownFileType = sourcecode.c.h; path = NAMatrixBaseOperations.h; sourceTree = "<group>"; };
		90377FF2229C7FF300FFEEBD /* NAVectorComponentwise.h */ = {isa = PBXFileReference; fileEncoding = 4; lastKnownFileType = sourcecode.c.h; path = NAVectorComponentwise.h; sourceTree = "<group>"; };
		90377FF3229C7FF300FFEEBD /* NAMatrixComparison.h */ = {isa = PBXFileReference; fileEncoding = 4; lastKnownFileType = sourcecode.c.h; path = NAMatrixComparison.h; sourceTree = "<group>"; };
		90377FF4229C7FF300FFEEBD /* NAMatrixMultiplication.h */ = {isa = PBXFileReference; fileEncoding = 4; lastKnownFileType = sourcecode.c.h; path = NAMatrixMultiplication.h; sourceTree = "<group>"; };
		90377FF5229C7FF300FFEEBD /* NAVectorFiller.h */ = {isa = PBXFileReference; fileEncoding = 4; lastKnownFileType = sourcecode.c.h; path = NAVectorFiller.h; sourceTree = "<group>"; };
		90377FF6229C7FF300FFEEBD /* NAMatrixFiller.h */ = {isa = PBXFileReference; fileEncoding = 4; lastKnownFileType = sourcecode.c.h; path = NAMatrixFiller.h; sourceTree = "<group>"; };
		90377FF7229C7FF300FFEEBD /* NAMatrixAlgebraOperations.h */ = {isa = PBXFileReference; fileEncoding = 4; lastKnownFileType = sourcecode.c.h; path = NAMatrixAlgebraOperations.h; sourceTree = "<group>"; };
		90377FF8229C7FF300FFEEBD /* NAVectorProducts.h */ = {isa = PBXFileReference; fileEncoding = 4; lastKnownFileType = sourcecode.c.h; path = NAVectorProducts.h; sourceTree = "<group>"; };
		90377FF9229C7FF300FFEEBD /* NAVectorGeometry.h */ = {isa = PBXFileReference; fileEncoding = 4; lastKnownFileType = sourcecode.c.h; path = NAVectorGeometry.h; sourceTree = "<group>"; };
		90377FFA229C7FF300FFEEBD /* NAMatrixRotations.h */ = {isa = PBXFileReference; fileEncoding = 4; lastKnownFileType = sourcecode.c.h; path = NAMatrixRotations.h; sourceTree = "<group>"; };
		90377FFB229C7FF300FFEEBD /* NAHomogeneousCoordinates.h */ = {isa = PBXFileReference; fileEncoding = 4; lastKnownFileType = sourcecode.c.h; path = NAHomogeneousCoordinates.h; sourceTree = "<group>"; };
		90377FFC229C7FF300FFEEBD /* NAMatrixComponentwise.h */ = {isa = PBXFileReference; fileEncoding = 4; lastKnownFileType = sourcecode.c.h; path = NAMatrixComponentwise.h; sourceTree = "<group>"; };
		90377FFD229C7FF300FFEEBD /* NAVectorComparison.h */ = {isa = PBXFileReference; fileEncoding = 4; lastKnownFileType = sourcecode.c.h; path = NAVectorComparison.h; sourceTree = "<group>"; };
		90377FFE229C7FF300FFEEBD /* NAVectorAlgebraII.h */ = {isa = PBXFileReference; fileEncoding = 4; lastKnownFileType = sourcecode.c.h; path = NAVectorAlgebraII.h; sourceTree = "<group>"; };
		90377FFF229C7FF300FFEEBD /* NACoordII.h */ = {isa = PBXFileReference; fileEncoding = 4; lastKnownFileType = sourcecode.c.h; path = NACoordII.h; sourceTree = "<group>"; };
		90378000229C7FF300FFEEBD /* NAMathOperatorsII.h */ = {isa = PBXFileReference; fileEncoding = 4; lastKnownFileType = sourcecode.c.h; path = NAMathOperatorsII.h; sourceTree = "<group>"; };
		90378001229C7FF300FFEEBD /* NACoord.h */ = {isa = PBXFileReference; fileEncoding = 4; lastKnownFileType = sourcecode.c.h; path = NACoord.h; sourceTree = "<group>"; };
		90378002229C7FF300FFEEBD /* NAPool.h */ = {isa = PBXFileReference; fileEncoding = 4; lastKnownFileType = sourcecode.c.h; path = NAPool.h; sourceTree = "<group>"; };
		90378027229C7FFB00FFEEBD /* de */ = {isa = PBXFileReference; lastKnownFileType = text.plist.strings; name = de; path = de.lproj/ManderApp.strings; sourceTree = "<group>"; };
		90378028229C7FFB00FFEEBD /* en */ = {isa = PBXFileReference; lastKnownFileType = text.plist.strings; name = en; path = en.lproj/ManderApp.strings; sourceTree = "<group>"; };
		90378029229C7FFB00FFEEBD /* MandAboutWindow.xib */ = {isa = PBXFileReference; fileEncoding = 4; lastKnownFileType = file.xib; path = MandAboutWindow.xib; sourceTree = "<group>"; };
		9037802A229C7FFB00FFEEBD /* manderc.png */ = {isa = PBXFileReference; lastKnownFileType = image.png; path = manderc.png; sourceTree = "<group>"; };
		9037802B229C7FFB00FFEEBD /* .gitignore */ = {isa = PBXFileReference; fileEncoding = 4; lastKnownFileType = text; path = .gitignore; sourceTree = "<group>"; };
		9037802D229C7FFB00FFEEBD /* ManderApp.h */ = {isa = PBXFileReference; fileEncoding = 4; lastKnownFileType = sourcecode.c.h; path = ManderApp.h; sourceTree = "<group>"; };
		9037802E229C7FFB00FFEEBD /* MandAboutWindowController.h */ = {isa = PBXFileReference; fileEncoding = 4; lastKnownFileType = sourcecode.c.h; path = MandAboutWindowController.h; sourceTree = "<group>"; };
		9037802F229C7FFB00FFEEBD /* MandMenuHelper.h */ = {isa = PBXFileReference; fileEncoding = 4; lastKnownFileType = sourcecode.c.h; path = MandMenuHelper.h; sourceTree = "<group>"; };
		90378030229C7FFB00FFEEBD /* MandEnvironment.h */ = {isa = PBXFileReference; fileEncoding = 4; lastKnownFileType = sourcecode.c.h; path = MandEnvironment.h; sourceTree = "<group>"; };
		90378031229C7FFB00FFEEBD /* MandTranslation.h */ = {isa = PBXFileReference; fileEncoding = 4; lastKnownFileType = sourcecode.c.h; path = MandTranslation.h; sourceTree = "<group>"; };
		90378032229C7FFB00FFEEBD /* MandCocoaHelper.m */ = {isa = PBXFileReference; fileEncoding = 4; lastKnownFileType = sourcecode.c.objc; path = MandCocoaHelper.m; sourceTree = "<group>"; };
		90378033229C7FFB00FFEEBD /* MandAboutWindowController.m */ = {isa = PBXFileReference; fileEncoding = 4; lastKnownFileType = sourcecode.c.objc; path = MandAboutWindowController.m; sourceTree = "<group>"; };
		90378034229C7FFB00FFEEBD /* MandTranslation.c */ = {isa = PBXFileReference; fileEncoding = 4; lastKnownFileType = sourcecode.c.c; path = MandTranslation.c; sourceTree = "<group>"; };
		90378035229C7FFB00FFEEBD /* MandEnvironment.m */ = {isa = PBXFileReference; fileEncoding = 4; lastKnownFileType = sourcecode.c.objc; path = MandEnvironment.m; sourceTree = "<group>"; };
		90378036229C7FFB00FFEEBD /* MandMenuHelper.m */ = {isa = PBXFileReference; fileEncoding = 4; lastKnownFileType = sourcecode.c.objc; path = MandMenuHelper.m; sourceTree = "<group>"; };
		90378037229C7FFB00FFEEBD /* MandCocoaHelper.h */ = {isa = PBXFileReference; fileEncoding = 4; lastKnownFileType = sourcecode.c.h; path = MandCocoaHelper.h; sourceTree = "<group>"; };
		90378038229C7FFB00FFEEBD /* MandApplication.m */ = {isa = PBXFileReference; fileEncoding = 4; lastKnownFileType = sourcecode.c.objc; path = MandApplication.m; sourceTree = "<group>"; };
		90BA03371BA96CAB00A651E9 /* WebKit.framework */ = {isa = PBXFileReference; lastKnownFileType = wrapper.framework; name = WebKit.framework; path = System/Library/Frameworks/WebKit.framework; sourceTree = SDKROOT; };
		90BAF7EF2175AB4A001665BF /* en */ = {isa = PBXFileReference; lastKnownFileType = text.plist.strings; name = en; path = en.lproj/Localizable.strings; sourceTree = "<group>"; };
		90BAF7F12175AB4A001665BF /* en */ = {isa = PBXFileReference; lastKnownFileType = text.plist.strings; name = en; path = en.lproj/InfoPlist.strings; sourceTree = "<group>"; };
		90BAF7F32175AB4A001665BF /* en */ = {isa = PBXFileReference; lastKnownFileType = file.xib; name = en; path = en.lproj/MainMenu.xib; sourceTree = "<group>"; };
		90BAF7F42175AB4A001665BF /* Matrix Buddy.entitlements */ = {isa = PBXFileReference; fileEncoding = 4; lastKnownFileType = text.plist.entitlements; path = "Matrix Buddy.entitlements"; sourceTree = "<group>"; };
		90BAF7F52175AB4A001665BF /* MatrixBuddyChangelog.txt */ = {isa = PBXFileReference; fileEncoding = 4; lastKnownFileType = text; path = MatrixBuddyChangelog.txt; sourceTree = "<group>"; };
		90BAF7F62175AB4A001665BF /* MatrixBuddy.icns */ = {isa = PBXFileReference; lastKnownFileType = image.icns; path = MatrixBuddy.icns; sourceTree = "<group>"; };
		90BAF7F72175AB4A001665BF /* MatrixBuddyLogo.psd */ = {isa = PBXFileReference; lastKnownFileType = file; path = MatrixBuddyLogo.psd; sourceTree = "<group>"; };
		90BAF7F82175AB4A001665BF /* Info.plist */ = {isa = PBXFileReference; fileEncoding = 4; lastKnownFileType = text.plist.xml; path = Info.plist; sourceTree = "<group>"; };
		90BAF7F92175AB4A001665BF /* MatrixBuddy.iconset */ = {isa = PBXFileReference; lastKnownFileType = folder.iconset; path = MatrixBuddy.iconset; sourceTree = "<group>"; };
		90BAF8032175AB51001665BF /* MATApplication.m */ = {isa = PBXFileReference; fileEncoding = 4; lastKnownFileType = sourcecode.c.objc; path = MATApplication.m; sourceTree = "<group>"; };
		90BAF8042175AB51001665BF /* MATValueView.m */ = {isa = PBXFileReference; fileEncoding = 4; lastKnownFileType = sourcecode.c.objc; path = MATValueView.m; sourceTree = "<group>"; };
		90BAF8052175AB51001665BF /* MATComputationView.m */ = {isa = PBXFileReference; fileEncoding = 4; lastKnownFileType = sourcecode.c.objc; path = MATComputationView.m; sourceTree = "<group>"; };
		90BAF8062175AB51001665BF /* MATWindowController.m */ = {isa = PBXFileReference; fileEncoding = 4; lastKnownFileType = sourcecode.c.objc; path = MATWindowController.m; sourceTree = "<group>"; };
		90BAF8072175AB51001665BF /* MATCommon.h */ = {isa = PBXFileReference; fileEncoding = 4; lastKnownFileType = sourcecode.c.h; path = MATCommon.h; sourceTree = "<group>"; };
		90BAF8082175AB51001665BF /* MATTextField.m */ = {isa = PBXFileReference; fileEncoding = 4; lastKnownFileType = sourcecode.c.objc; path = MATTextField.m; sourceTree = "<group>"; };
		90BAF80A2175AB51001665BF /* MATMDivCompV.m */ = {isa = PBXFileReference; fileEncoding = 4; lastKnownFileType = sourcecode.c.objc; path = MATMDivCompV.m; sourceTree = "<group>"; };
		90BAF80B2175AB51001665BF /* MATVCrossV.m */ = {isa = PBXFileReference; fileEncoding = 4; lastKnownFileType = sourcecode.c.objc; path = MATVCrossV.m; sourceTree = "<group>"; };
		90BAF80C2175AB51001665BF /* MATMMulV.h */ = {isa = PBXFileReference; fileEncoding = 4; lastKnownFileType = sourcecode.c.h; path = MATMMulV.h; sourceTree = "<group>"; };
		90BAF80D2175AB51001665BF /* MATMMulCompV.h */ = {isa = PBXFileReference; fileEncoding = 4; lastKnownFileType = sourcecode.c.h; path = MATMMulCompV.h; sourceTree = "<group>"; };
		90BAF80E2175AB51001665BF /* MATVAddV.m */ = {isa = PBXFileReference; fileEncoding = 4; lastKnownFileType = sourcecode.c.objc; path = MATVAddV.m; sourceTree = "<group>"; };
		90BAF80F2175AB51001665BF /* MATInvertM.m */ = {isa = PBXFileReference; fileEncoding = 4; lastKnownFileType = sourcecode.c.objc; path = MATInvertM.m; sourceTree = "<group>"; };
		90BAF8102175AB51001665BF /* MATNegV.h */ = {isa = PBXFileReference; fileEncoding = 4; lastKnownFileType = sourcecode.c.h; path = MATNegV.h; sourceTree = "<group>"; };
		90BAF8112175AB51001665BF /* MATDiagS.m */ = {isa = PBXFileReference; fileEncoding = 4; lastKnownFileType = sourcecode.c.objc; path = MATDiagS.m; sourceTree = "<group>"; };
		90BAF8122175AB51001665BF /* MATMirrorV.h */ = {isa = PBXFileReference; fileEncoding = 4; lastKnownFileType = sourcecode.c.h; path = MATMirrorV.h; sourceTree = "<group>"; };
		90BAF8132175AB51001665BF /* MATVSubV.h */ = {isa = PBXFileReference; fileEncoding = 4; lastKnownFileType = sourcecode.c.h; path = MATVSubV.h; sourceTree = "<group>"; };
		90BAF8142175AB51001665BF /* MATVDivCompV.h */ = {isa = PBXFileReference; fileEncoding = 4; lastKnownFileType = sourcecode.c.h; path = MATVDivCompV.h; sourceTree = "<group>"; };
		90BAF8152175AB51001665BF /* MATMAddM.m */ = {isa = PBXFileReference; fileEncoding = 4; lastKnownFileType = sourcecode.c.objc; path = MATMAddM.m; sourceTree = "<group>"; };
		90BAF8162175AB51001665BF /* MATNegM.h */ = {isa = PBXFileReference; fileEncoding = 4; lastKnownFileType = sourcecode.c.h; path = MATNegM.h; sourceTree = "<group>"; };
		90BAF8172175AB51001665BF /* MATNormalizeV.m */ = {isa = PBXFileReference; fileEncoding = 4; lastKnownFileType = sourcecode.c.objc; path = MATNormalizeV.m; sourceTree = "<group>"; };
		90BAF8182175AB51001665BF /* MATLengthV.h */ = {isa = PBXFileReference; fileEncoding = 4; lastKnownFileType = sourcecode.c.h; path = MATLengthV.h; sourceTree = "<group>"; };
		90BAF8192175AB51001665BF /* MATVMulCompV.m */ = {isa = PBXFileReference; fileEncoding = 4; lastKnownFileType = sourcecode.c.objc; path = MATVMulCompV.m; sourceTree = "<group>"; };
		90BAF81A2175AB51001665BF /* MATVDotV.h */ = {isa = PBXFileReference; fileEncoding = 4; lastKnownFileType = sourcecode.c.h; path = MATVDotV.h; sourceTree = "<group>"; };
		90BAF81B2175AB51001665BF /* MATMSubM.h */ = {isa = PBXFileReference; fileEncoding = 4; lastKnownFileType = sourcecode.c.h; path = MATMSubM.h; sourceTree = "<group>"; };
		90BAF81C2175AB51001665BF /* MATVMulS.m */ = {isa = PBXFileReference; fileEncoding = 4; lastKnownFileType = sourcecode.c.objc; path = MATVMulS.m; sourceTree = "<group>"; };
		90BAF81D2175AB51001665BF /* MATOrthogonalizeV.m */ = {isa = PBXFileReference; fileEncoding = 4; lastKnownFileType = sourcecode.c.objc; path = MATOrthogonalizeV.m; sourceTree = "<group>"; };
		90BAF81E2175AB51001665BF /* MATMMulS.m */ = {isa = PBXFileReference; fileEncoding = 4; lastKnownFileType = sourcecode.c.objc; path = MATMMulS.m; sourceTree = "<group>"; };
		90BAF81F2175AB51001665BF /* MATMDivCompM.m */ = {isa = PBXFileReference; fileEncoding = 4; lastKnownFileType = sourcecode.c.objc; path = MATMDivCompM.m; sourceTree = "<group>"; };
		90BAF8202175AB51001665BF /* MATDiagV.h */ = {isa = PBXFileReference; fileEncoding = 4; lastKnownFileType = sourcecode.c.h; path = MATDiagV.h; sourceTree = "<group>"; };
		90BAF8212175AB51001665BF /* MATVDivS.h */ = {isa = PBXFileReference; fileEncoding = 4; lastKnownFileType = sourcecode.c.h; path = MATVDivS.h; sourceTree = "<group>"; };
		90BAF8222175AB51001665BF /* MATMDivS.h */ = {isa = PBXFileReference; fileEncoding = 4; lastKnownFileType = sourcecode.c.h; path = MATMDivS.h; sourceTree = "<group>"; };
		90BAF8232175AB51001665BF /* MATTransposeM.h */ = {isa = PBXFileReference; fileEncoding = 4; lastKnownFileType = sourcecode.c.h; path = MATTransposeM.h; sourceTree = "<group>"; };
		90BAF8242175AB51001665BF /* MATMMulCompM.h */ = {isa = PBXFileReference; fileEncoding = 4; lastKnownFileType = sourcecode.c.h; path = MATMMulCompM.h; sourceTree = "<group>"; };
		90BAF8252175AB51001665BF /* MATMMulM.h */ = {isa = PBXFileReference; fileEncoding = 4; lastKnownFileType = sourcecode.c.h; path = MATMMulM.h; sourceTree = "<group>"; };
		90BAF8262175AB51001665BF /* MATMMulCompV.m */ = {isa = PBXFileReference; fileEncoding = 4; lastKnownFileType = sourcecode.c.objc; path = MATMMulCompV.m; sourceTree = "<group>"; };
		90BAF8272175AB51001665BF /* MATMMulV.m */ = {isa = PBXFileReference; fileEncoding = 4; lastKnownFileType = sourcecode.c.objc; path = MATMMulV.m; sourceTree = "<group>"; };
		90BAF8282175AB51001665BF /* MATVCrossV.h */ = {isa = PBXFileReference; fileEncoding = 4; lastKnownFileType = sourcecode.c.h; path = MATVCrossV.h; sourceTree = "<group>"; };
		90BAF8292175AB51001665BF /* MATMDivCompV.h */ = {isa = PBXFileReference; fileEncoding = 4; lastKnownFileType = sourcecode.c.h; path = MATMDivCompV.h; sourceTree = "<group>"; };
		90BAF82A2175AB51001665BF /* MATVSubV.m */ = {isa = PBXFileReference; fileEncoding = 4; lastKnownFileType = sourcecode.c.objc; path = MATVSubV.m; sourceTree = "<group>"; };
		90BAF82B2175AB51001665BF /* MATMirrorV.m */ = {isa = PBXFileReference; fileEncoding = 4; lastKnownFileType = sourcecode.c.objc; path = MATMirrorV.m; sourceTree = "<group>"; };
		90BAF82C2175AB51001665BF /* MATDiagS.h */ = {isa = PBXFileReference; fileEncoding = 4; lastKnownFileType = sourcecode.c.h; path = MATDiagS.h; sourceTree = "<group>"; };
		90BAF82D2175AB51001665BF /* MATInvertM.h */ = {isa = PBXFileReference; fileEncoding = 4; lastKnownFileType = sourcecode.c.h; path = MATInvertM.h; sourceTree = "<group>"; };
		90BAF82E2175AB51001665BF /* MATNegV.m */ = {isa = PBXFileReference; fileEncoding = 4; lastKnownFileType = sourcecode.c.objc; path = MATNegV.m; sourceTree = "<group>"; };
		90BAF82F2175AB51001665BF /* MATVAddV.h */ = {isa = PBXFileReference; fileEncoding = 4; lastKnownFileType = sourcecode.c.h; path = MATVAddV.h; sourceTree = "<group>"; };
		90BAF8302175AB51001665BF /* MATOrthogonalizeV.h */ = {isa = PBXFileReference; fileEncoding = 4; lastKnownFileType = sourcecode.c.h; path = MATOrthogonalizeV.h; sourceTree = "<group>"; };
		90BAF8312175AB51001665BF /* MATMMulS.h */ = {isa = PBXFileReference; fileEncoding = 4; lastKnownFileType = sourcecode.c.h; path = MATMMulS.h; sourceTree = "<group>"; };
		90BAF8322175AB51001665BF /* MATVMulS.h */ = {isa = PBXFileReference; fileEncoding = 4; lastKnownFileType = sourcecode.c.h; path = MATVMulS.h; sourceTree = "<group>"; };
		90BAF8332175AB51001665BF /* MATVDotV.m */ = {isa = PBXFileReference; fileEncoding = 4; lastKnownFileType = sourcecode.c.objc; path = MATVDotV.m; sourceTree = "<group>"; };
		90BAF8342175AB51001665BF /* MATMSubM.m */ = {isa = PBXFileReference; fileEncoding = 4; lastKnownFileType = sourcecode.c.objc; path = MATMSubM.m; sourceTree = "<group>"; };
		90BAF8352175AB51001665BF /* MATVMulCompV.h */ = {isa = PBXFileReference; fileEncoding = 4; lastKnownFileType = sourcecode.c.h; path = MATVMulCompV.h; sourceTree = "<group>"; };
		90BAF8362175AB51001665BF /* MATLengthV.m */ = {isa = PBXFileReference; fileEncoding = 4; lastKnownFileType = sourcecode.c.objc; path = MATLengthV.m; sourceTree = "<group>"; };
		90BAF8372175AB51001665BF /* MATNormalizeV.h */ = {isa = PBXFileReference; fileEncoding = 4; lastKnownFileType = sourcecode.c.h; path = MATNormalizeV.h; sourceTree = "<group>"; };
		90BAF8382175AB51001665BF /* MATNegM.m */ = {isa = PBXFileReference; fileEncoding = 4; lastKnownFileType = sourcecode.c.objc; path = MATNegM.m; sourceTree = "<group>"; };
		90BAF8392175AB51001665BF /* MATVDivCompV.m */ = {isa = PBXFileReference; fileEncoding = 4; lastKnownFileType = sourcecode.c.objc; path = MATVDivCompV.m; sourceTree = "<group>"; };
		90BAF83A2175AB51001665BF /* MATMAddM.h */ = {isa = PBXFileReference; fileEncoding = 4; lastKnownFileType = sourcecode.c.h; path = MATMAddM.h; sourceTree = "<group>"; };
		90BAF83B2175AB51001665BF /* MATMMulM.m */ = {isa = PBXFileReference; fileEncoding = 4; lastKnownFileType = sourcecode.c.objc; path = MATMMulM.m; sourceTree = "<group>"; };
		90BAF83C2175AB51001665BF /* MATMMulCompM.m */ = {isa = PBXFileReference; fileEncoding = 4; lastKnownFileType = sourcecode.c.objc; path = MATMMulCompM.m; sourceTree = "<group>"; };
		90BAF83D2175AB51001665BF /* MATTransposeM.m */ = {isa = PBXFileReference; fileEncoding = 4; lastKnownFileType = sourcecode.c.objc; path = MATTransposeM.m; sourceTree = "<group>"; };
		90BAF83E2175AB51001665BF /* MATMDivS.m */ = {isa = PBXFileReference; fileEncoding = 4; lastKnownFileType = sourcecode.c.objc; path = MATMDivS.m; sourceTree = "<group>"; };
		90BAF83F2175AB51001665BF /* MATDiagV.m */ = {isa = PBXFileReference; fileEncoding = 4; lastKnownFileType = sourcecode.c.objc; path = MATDiagV.m; sourceTree = "<group>"; };
		90BAF8402175AB51001665BF /* MATVDivS.m */ = {isa = PBXFileReference; fileEncoding = 4; lastKnownFileType = sourcecode.c.objc; path = MATVDivS.m; sourceTree = "<group>"; };
		90BAF8412175AB51001665BF /* MATMDivCompM.h */ = {isa = PBXFileReference; fileEncoding = 4; lastKnownFileType = sourcecode.c.h; path = MATMDivCompM.h; sourceTree = "<group>"; };
		90BAF8422175AB51001665BF /* MATApplication.h */ = {isa = PBXFileReference; fileEncoding = 4; lastKnownFileType = sourcecode.c.h; path = MATApplication.h; sourceTree = "<group>"; };
		90BAF8432175AB51001665BF /* main.m */ = {isa = PBXFileReference; fileEncoding = 4; lastKnownFileType = sourcecode.c.objc; path = main.m; sourceTree = "<group>"; };
		90BAF8442175AB51001665BF /* MATComputationView.h */ = {isa = PBXFileReference; fileEncoding = 4; lastKnownFileType = sourcecode.c.h; path = MATComputationView.h; sourceTree = "<group>"; };
		90BAF8452175AB51001665BF /* MATValueView.h */ = {isa = PBXFileReference; fileEncoding = 4; lastKnownFileType = sourcecode.c.h; path = MATValueView.h; sourceTree = "<group>"; };
		90BAF8462175AB51001665BF /* MATWindowController.h */ = {isa = PBXFileReference; fileEncoding = 4; lastKnownFileType = sourcecode.c.h; path = MATWindowController.h; sourceTree = "<group>"; };
		90BAF8472175AB51001665BF /* MandConfiguration.h */ = {isa = PBXFileReference; fileEncoding = 4; lastKnownFileType = sourcecode.c.h; path = MandConfiguration.h; sourceTree = "<group>"; };
		90BAF8492175AB51001665BF /* MATViewS.m */ = {isa = PBXFileReference; fileEncoding = 4; lastKnownFileType = sourcecode.c.objc; path = MATViewS.m; sourceTree = "<group>"; };
		90BAF84A2175AB51001665BF /* MATViewV2.h */ = {isa = PBXFileReference; fileEncoding = 4; lastKnownFileType = sourcecode.c.h; path = MATViewV2.h; sourceTree = "<group>"; };
		90BAF84B2175AB51001665BF /* MATViewV4.m */ = {isa = PBXFileReference; fileEncoding = 4; lastKnownFileType = sourcecode.c.objc; path = MATViewV4.m; sourceTree = "<group>"; };
		90BAF84C2175AB51001665BF /* MATViewM22.h */ = {isa = PBXFileReference; fileEncoding = 4; lastKnownFileType = sourcecode.c.h; path = MATViewM22.h; sourceTree = "<group>"; };
		90BAF84D2175AB51001665BF /* MATViewM44.h */ = {isa = PBXFileReference; fileEncoding = 4; lastKnownFileType = sourcecode.c.h; path = MATViewM44.h; sourceTree = "<group>"; };
		90BAF84E2175AB51001665BF /* MATViewV3.m */ = {isa = PBXFileReference; fileEncoding = 4; lastKnownFileType = sourcecode.c.objc; path = MATViewV3.m; sourceTree = "<group>"; };
		90BAF84F2175AB51001665BF /* MATViewM33.m */ = {isa = PBXFileReference; fileEncoding = 4; lastKnownFileType = sourcecode.c.objc; path = MATViewM33.m; sourceTree = "<group>"; };
		90BAF8502175AB51001665BF /* MATViewM22.m */ = {isa = PBXFileReference; fileEncoding = 4; lastKnownFileType = sourcecode.c.objc; path = MATViewM22.m; sourceTree = "<group>"; };
		90BAF8512175AB51001665BF /* MATViewV4.h */ = {isa = PBXFileReference; fileEncoding = 4; lastKnownFileType = sourcecode.c.h; path = MATViewV4.h; sourceTree = "<group>"; };
		90BAF8522175AB51001665BF /* MATViewV2.m */ = {isa = PBXFileReference; fileEncoding = 4; lastKnownFileType = sourcecode.c.objc; path = MATViewV2.m; sourceTree = "<group>"; };
		90BAF8532175AB51001665BF /* MATViewS.h */ = {isa = PBXFileReference; fileEncoding = 4; lastKnownFileType = sourcecode.c.h; path = MATViewS.h; sourceTree = "<group>"; };
		90BAF8542175AB51001665BF /* MATViewV3.h */ = {isa = PBXFileReference; fileEncoding = 4; lastKnownFileType = sourcecode.c.h; path = MATViewV3.h; sourceTree = "<group>"; };
		90BAF8552175AB51001665BF /* MATViewM44.m */ = {isa = PBXFileReference; fileEncoding = 4; lastKnownFileType = sourcecode.c.objc; path = MATViewM44.m; sourceTree = "<group>"; };
		90BAF8562175AB51001665BF /* MATViewM33.h */ = {isa = PBXFileReference; fileEncoding = 4; lastKnownFileType = sourcecode.c.h; path = MATViewM33.h; sourceTree = "<group>"; };
		90BAF8572175AB51001665BF /* MATTextField.h */ = {isa = PBXFileReference; fileEncoding = 4; lastKnownFileType = sourcecode.c.h; path = MATTextField.h; sourceTree = "<group>"; };
/* End PBXFileReference section */

/* Begin PBXFrameworksBuildPhase section */
		9020CF121BA6E29000E74965 /* Frameworks */ = {
			isa = PBXFrameworksBuildPhase;
			buildActionMask = 2147483647;
			files = (
				90BA03381BA96CAB00A651E9 /* WebKit.framework in Frameworks */,
			);
			runOnlyForDeploymentPostprocessing = 0;
		};
/* End PBXFrameworksBuildPhase section */

/* Begin PBXGroup section */
		9020CF0A1BA6E26300E74965 = {
			isa = PBXGroup;
			children = (
				90378024229C7FFB00FFEEBD /* ManderApp */,
				90377F6E229C7FF300FFEEBD /* NALib */,
				90BAF7ED2175AB4A001665BF /* res */,
				90BAF8022175AB51001665BF /* src */,
				90BA03361BA96C8700A651E9 /* Frameworks */,
				9020CF161BA6E29000E74965 /* Products */,
			);
			sourceTree = "<group>";
		};
		9020CF161BA6E29000E74965 /* Products */ = {
			isa = PBXGroup;
			children = (
				9020CF151BA6E29000E74965 /* Matrix Buddy.app */,
			);
			name = Products;
			sourceTree = "<group>";
		};
		90377F6E229C7FF300FFEEBD /* NALib */ = {
			isa = PBXGroup;
			children = (
				90377F6F229C7FF300FFEEBD /* NAMathConstants.h */,
				90377F70229C7FF300FFEEBD /* NAMemory.h */,
				90377F71229C7FF300FFEEBD /* NAComplex.h */,
				90377F72229C7FF300FFEEBD /* NAConfiguration.h */,
				90377F73229C7FF300FFEEBD /* NABase.h */,
				90377F74229C7FF300FFEEBD /* NABuffer.h */,
				90377F75229C7FF300FFEEBD /* NAArray.h */,
				90377F76229C7FF300FFEEBD /* NAThreading.h */,
				90377F77229C7FF300FFEEBD /* NAStack.h */,
				90377F78229C7FF300FFEEBD /* NADeflate.h */,
				90377F79229C7FF300FFEEBD /* NAList.h */,
				90377F7A229C7FF300FFEEBD /* NAString.h */,
				90377F7B229C7FF300FFEEBD /* NARandom.h */,
				90377F7C229C7FF300FFEEBD /* NAStruct */,
				90377FAC229C7FF300FFEEBD /* NABase */,
				90377FBB229C7FF300FFEEBD /* NAURL.h */,
				90377FBC229C7FF300FFEEBD /* NAHeap.h */,
				90377FBD229C7FF300FFEEBD /* NAVisual */,
				90377FC8229C7FF300FFEEBD /* NAPNG.h */,
				90377FC9229C7FF300FFEEBD /* NAFile.h */,
				90377FCA229C7FF300FFEEBD /* NAMoney.h */,
				90377FCB229C7FF300FFEEBD /* NAVectorAlgebra.h */,
				90377FCC229C7FF300FFEEBD /* NAMathOperators.h */,
				90377FCD229C7FF300FFEEBD /* NADateTime.h */,
				90377FCE229C7FF300FFEEBD /* NABinaryData.h */,
				90377FCF229C7FF300FFEEBD /* NAUI.h */,
				90377FD0229C7FF300FFEEBD /* NACore */,
				90377FE7229C7FF300FFEEBD /* NAKey.h */,
				90377FE8229C7FF300FFEEBD /* NATree.h */,
				90377FE9229C7FF300FFEEBD /* NACircularBuffer.h */,
				90377FEA229C7FF300FFEEBD /* NAMath */,
				90378001229C7FF300FFEEBD /* NACoord.h */,
				90378002229C7FF300FFEEBD /* NAPool.h */,
			);
			name = NALib;
			path = ../../../NALib/src/NALib;
			sourceTree = "<group>";
		};
		90377F7C229C7FF300FFEEBD /* NAStruct */ = {
			isa = PBXGroup;
			children = (
				90377F7D229C7FF300FFEEBD /* NAHeap */,
				90377F81229C7FF300FFEEBD /* NAStringII.h */,
				90377F82229C7FF300FFEEBD /* NABuffer */,
				90377F95229C7FF300FFEEBD /* NAStackII.h */,
				90377F96229C7FF300FFEEBD /* NACircularBufferII.h */,
				90377F97229C7FF300FFEEBD /* NATree */,
				90377FA7229C7FF300FFEEBD /* NAPoolII.h */,
				90377FA8229C7FF300FFEEBD /* NAListII.h */,
				90377FA9229C7FF300FFEEBD /* NAString.c */,
				90377FAA229C7FF300FFEEBD /* NAList.c */,
				90377FAB229C7FF300FFEEBD /* NAArrayII.h */,
			);
			path = NAStruct;
			sourceTree = "<group>";
		};
		90377F7D229C7FF300FFEEBD /* NAHeap */ = {
			isa = PBXGroup;
			children = (
				90377F7E229C7FF300FFEEBD /* NAHeapII.h */,
				90377F7F229C7FF300FFEEBD /* NAHeapT.h */,
				90377F80229C7FF300FFEEBD /* NAHeap.c */,
			);
			path = NAHeap;
			sourceTree = "<group>";
		};
		90377F82229C7FF300FFEEBD /* NABuffer */ = {
			isa = PBXGroup;
			children = (
				90377F83229C7FF300FFEEBD /* NABufferII.h */,
				90377F84229C7FF300FFEEBD /* NABufferManipulation.c */,
				90377F85229C7FF300FFEEBD /* NABufferPart.c */,
				90377F86229C7FF300FFEEBD /* NABufferWriteII.h */,
				90377F87229C7FF300FFEEBD /* NABufferRead.c */,
				90377F88229C7FF300FFEEBD /* NABufferIterationII.h */,
				90377F89229C7FF300FFEEBD /* NABufferParseII.h */,
				90377F8A229C7FF300FFEEBD /* NABufferIteration.c */,
				90377F8B229C7FF300FFEEBD /* NABufferWrite.c */,
				90377F8C229C7FF300FFEEBD /* NABufferHelperII.h */,
				90377F8D229C7FF300FFEEBD /* NAMemoryBlockII.h */,
				90377F8E229C7FF300FFEEBD /* NABufferParse.c */,
				90377F8F229C7FF300FFEEBD /* NABufferPartII.h */,
				90377F90229C7FF300FFEEBD /* NABuffer.c */,
				90377F91229C7FF300FFEEBD /* NAMemoryBlock.c */,
				90377F92229C7FF300FFEEBD /* NABufferReadII.h */,
				90377F93229C7FF300FFEEBD /* NABufferSource.c */,
				90377F94229C7FF300FFEEBD /* NABufferSourceII.h */,
			);
			path = NABuffer;
			sourceTree = "<group>";
		};
		90377F97229C7FF300FFEEBD /* NATree */ = {
			isa = PBXGroup;
			children = (
				90377F98229C7FF300FFEEBD /* NATreeOct.h */,
				90377F99229C7FF300FFEEBD /* NATreeBin.h */,
				90377F9A229C7FF300FFEEBD /* NATree.c */,
				90377F9B229C7FF300FFEEBD /* NATreeIteration.c */,
				90377F9C229C7FF300FFEEBD /* NATreeQuad.h */,
				90377F9D229C7FF300FFEEBD /* NATreeConfigurationII.h */,
				90377F9E229C7FF300FFEEBD /* NATreeII.h */,
				90377F9F229C7FF300FFEEBD /* NATreeIterationII.h */,
				90377FA0229C7FF300FFEEBD /* NATreeBin.c */,
				90377FA1229C7FF300FFEEBD /* NATreeOct.c */,
				90377FA2229C7FF300FFEEBD /* NATreeQuad.c */,
				90377FA3229C7FF300FFEEBD /* NATreeConfiguration.c */,
				90377FA4229C7FF300FFEEBD /* NATreeUtilitiesII.h */,
				90377FA5229C7FF300FFEEBD /* NATreeAVL.c */,
				90377FA6229C7FF300FFEEBD /* NATreeItemII.h */,
			);
			path = NATree;
			sourceTree = "<group>";
		};
		90377FAC229C7FF300FFEEBD /* NABase */ = {
			isa = PBXGroup;
			children = (
				90377FAD229C7FF300FFEEBD /* NAInteger.h */,
				90377FAE229C7FF300FFEEBD /* NADebug.c */,
				90377FAF229C7FF300FFEEBD /* NANumerics.h */,
				90377FB0229C7FF300FFEEBD /* NATemplate.h */,
				90377FB1229C7FF300FFEEBD /* NAFloatingPoint.h */,
				90377FB2229C7FF300FFEEBD /* NAInt64II.h */,
				90377FB3229C7FF300FFEEBD /* NAChar.h */,
				90377FB4229C7FF300FFEEBD /* NAEnvironment.h */,
				90377FB5229C7FF300FFEEBD /* NADebug.h */,
				90377FB6229C7FF300FFEEBD /* NALanguage.h */,
				90377FB7229C7FF300FFEEBD /* NAInt64.h */,
				90377FB8229C7FF300FFEEBD /* NANumericsII.h */,
				90377FB9229C7FF300FFEEBD /* NAFloatingPointII.h */,
				90377FBA229C7FF300FFEEBD /* NACompiler.h */,
			);
			path = NABase;
			sourceTree = "<group>";
		};
		90377FBD229C7FF300FFEEBD /* NAVisual */ = {
			isa = PBXGroup;
			children = (
				90377FBE229C7FF300FFEEBD /* NAUICoreAPI.h */,
				90377FBF229C7FF300FFEEBD /* NAPNG.c */,
				90377FC0229C7FF300FFEEBD /* NAUI.c */,
				90377FC1229C7FF300FFEEBD /* NAUIWINAPI.c */,
				90377FC2229C7FF300FFEEBD /* NACocoaHelper.m */,
				90377FC3229C7FF300FFEEBD /* NAUICocoa.m */,
				90377FC4229C7FF300FFEEBD /* NAUICoreAPI.c */,
				90377FC5229C7FF300FFEEBD /* NAUIWINAPI.h */,
				90377FC6229C7FF300FFEEBD /* NADeflate.c */,
				90377FC7229C7FF300FFEEBD /* NAUICocoa.h */,
			);
			path = NAVisual;
			sourceTree = "<group>";
		};
		90377FD0229C7FF300FFEEBD /* NACore */ = {
			isa = PBXGroup;
			children = (
				90377FD1229C7FF300FFEEBD /* NAFile.c */,
				90377FD2229C7FF300FFEEBD /* NADateTime.c */,
				90377FD3229C7FF300FFEEBD /* NADateTimeII.h */,
				90377FD4229C7FF300FFEEBD /* NAThreadingII.h */,
				90377FD5229C7FF300FFEEBD /* NAURLII.h */,
				90377FD6229C7FF300FFEEBD /* NAFileII.h */,
				90377FD7229C7FF300FFEEBD /* NAKeyII.h */,
				90377FD8229C7FF300FFEEBD /* NAURL.c */,
				90377FD9229C7FF300FFEEBD /* NAMemory */,
				90377FE2229C7FF300FFEEBD /* NAValueHelper.h */,
				90377FE3229C7FF300FFEEBD /* NABinaryData */,
			);
			path = NACore;
			sourceTree = "<group>";
		};
		90377FD9229C7FF300FFEEBD /* NAMemory */ = {
			isa = PBXGroup;
			children = (
				90377FDA229C7FF300FFEEBD /* NARuntimeII.h */,
				90377FDB229C7FF300FFEEBD /* NARefCountII.h */,
				90377FDC229C7FF300FFEEBD /* NAMallocFreeII.h */,
				90377FDD229C7FF300FFEEBD /* NAMemoryII.h */,
				90377FDE229C7FF300FFEEBD /* NAPointerII.h */,
				90377FDF229C7FF300FFEEBD /* NAPtrII.h */,
				90377FE0229C7FF300FFEEBD /* NASmartPtrII.h */,
				90377FE1229C7FF300FFEEBD /* NARuntime.c */,
			);
			path = NAMemory;
			sourceTree = "<group>";
		};
		90377FE3229C7FF300FFEEBD /* NABinaryData */ = {
			isa = PBXGroup;
			children = (
				90377FE4229C7FF300FFEEBD /* NABinaryData.c */,
				90377FE5229C7FF300FFEEBD /* NABinaryDataII.h */,
				90377FE6229C7FF300FFEEBD /* NAEndiannessII.h */,
			);
			path = NABinaryData;
			sourceTree = "<group>";
		};
		90377FEA229C7FF300FFEEBD /* NAMath */ = {
			isa = PBXGroup;
			children = (
				90377FEB229C7FF300FFEEBD /* NAMoney.c */,
				90377FEC229C7FF300FFEEBD /* NAMoneyII.h */,
				90377FED229C7FF300FFEEBD /* NARandomII.h */,
				90377FEE229C7FF300FFEEBD /* NAComplexII.h */,
				90377FEF229C7FF300FFEEBD /* NAVectorAlgebra */,
				90377FFE229C7FF300FFEEBD /* NAVectorAlgebraII.h */,
				90377FFF229C7FF300FFEEBD /* NACoordII.h */,
				90378000229C7FF300FFEEBD /* NAMathOperatorsII.h */,
			);
			path = NAMath;
			sourceTree = "<group>";
		};
		90377FEF229C7FF300FFEEBD /* NAVectorAlgebra */ = {
			isa = PBXGroup;
			children = (
				90377FF0229C7FF300FFEEBD /* NAVectorBaseOperations.h */,
				90377FF1229C7FF300FFEEBD /* NAMatrixBaseOperations.h */,
				90377FF2229C7FF300FFEEBD /* NAVectorComponentwise.h */,
				90377FF3229C7FF300FFEEBD /* NAMatrixComparison.h */,
				90377FF4229C7FF300FFEEBD /* NAMatrixMultiplication.h */,
				90377FF5229C7FF300FFEEBD /* NAVectorFiller.h */,
				90377FF6229C7FF300FFEEBD /* NAMatrixFiller.h */,
				90377FF7229C7FF300FFEEBD /* NAMatrixAlgebraOperations.h */,
				90377FF8229C7FF300FFEEBD /* NAVectorProducts.h */,
				90377FF9229C7FF300FFEEBD /* NAVectorGeometry.h */,
				90377FFA229C7FF300FFEEBD /* NAMatrixRotations.h */,
				90377FFB229C7FF300FFEEBD /* NAHomogeneousCoordinates.h */,
				90377FFC229C7FF300FFEEBD /* NAMatrixComponentwise.h */,
				90377FFD229C7FF300FFEEBD /* NAVectorComparison.h */,
			);
			path = NAVectorAlgebra;
			sourceTree = "<group>";
		};
		90378024229C7FFB00FFEEBD /* ManderApp */ = {
			isa = PBXGroup;
			children = (
				90378025229C7FFB00FFEEBD /* res */,
				9037802B229C7FFB00FFEEBD /* .gitignore */,
				9037802C229C7FFB00FFEEBD /* src */,
			);
			name = ManderApp;
			path = ../../../ManderApp;
			sourceTree = "<group>";
		};
		90378025229C7FFB00FFEEBD /* res */ = {
			isa = PBXGroup;
			children = (
				90378026229C7FFB00FFEEBD /* ManderApp.strings */,
				90378029229C7FFB00FFEEBD /* MandAboutWindow.xib */,
				9037802A229C7FFB00FFEEBD /* manderc.png */,
			);
			path = res;
			sourceTree = "<group>";
		};
		9037802C229C7FFB00FFEEBD /* src */ = {
			isa = PBXGroup;
			children = (
				9037802D229C7FFB00FFEEBD /* ManderApp.h */,
				9037802E229C7FFB00FFEEBD /* MandAboutWindowController.h */,
				9037802F229C7FFB00FFEEBD /* MandMenuHelper.h */,
				90378030229C7FFB00FFEEBD /* MandEnvironment.h */,
				90378031229C7FFB00FFEEBD /* MandTranslation.h */,
				90378032229C7FFB00FFEEBD /* MandCocoaHelper.m */,
				90378033229C7FFB00FFEEBD /* MandAboutWindowController.m */,
				90378034229C7FFB00FFEEBD /* MandTranslation.c */,
				90378035229C7FFB00FFEEBD /* MandEnvironment.m */,
				90378036229C7FFB00FFEEBD /* MandMenuHelper.m */,
				90378037229C7FFB00FFEEBD /* MandCocoaHelper.h */,
				90378038229C7FFB00FFEEBD /* MandApplication.m */,
			);
			path = src;
			sourceTree = "<group>";
		};
		90BA03361BA96C8700A651E9 /* Frameworks */ = {
			isa = PBXGroup;
			children = (
				90BA03371BA96CAB00A651E9 /* WebKit.framework */,
			);
			name = Frameworks;
			sourceTree = "<group>";
		};
		90BAF7ED2175AB4A001665BF /* res */ = {
			isa = PBXGroup;
			children = (
				90BAF7EE2175AB4A001665BF /* Localizable.strings */,
				90BAF7F02175AB4A001665BF /* InfoPlist.strings */,
				90BAF7F22175AB4A001665BF /* MainMenu.xib */,
				90BAF7F42175AB4A001665BF /* Matrix Buddy.entitlements */,
				90BAF7F52175AB4A001665BF /* MatrixBuddyChangelog.txt */,
				90BAF7F62175AB4A001665BF /* MatrixBuddy.icns */,
				90BAF7F72175AB4A001665BF /* MatrixBuddyLogo.psd */,
				90BAF7F82175AB4A001665BF /* Info.plist */,
				90BAF7F92175AB4A001665BF /* MatrixBuddy.iconset */,
			);
			name = res;
			path = ../../res;
			sourceTree = "<group>";
		};
		90BAF8022175AB51001665BF /* src */ = {
			isa = PBXGroup;
			children = (
				90BAF8092175AB51001665BF /* ComputationControllers */,
				90BAF8432175AB51001665BF /* main.m */,
				90BAF8472175AB51001665BF /* MandConfiguration.h */,
				90BAF8422175AB51001665BF /* MATApplication.h */,
				90BAF8032175AB51001665BF /* MATApplication.m */,
				90BAF8072175AB51001665BF /* MATCommon.h */,
				90BAF8442175AB51001665BF /* MATComputationView.h */,
				90BAF8052175AB51001665BF /* MATComputationView.m */,
				90BAF8572175AB51001665BF /* MATTextField.h */,
				90BAF8082175AB51001665BF /* MATTextField.m */,
				90BAF8452175AB51001665BF /* MATValueView.h */,
				90BAF8042175AB51001665BF /* MATValueView.m */,
				90BAF8462175AB51001665BF /* MATWindowController.h */,
				90BAF8062175AB51001665BF /* MATWindowController.m */,
				90BAF8482175AB51001665BF /* Views */,
			);
			name = src;
			path = ../../src;
			sourceTree = "<group>";
		};
		90BAF8092175AB51001665BF /* ComputationControllers */ = {
			isa = PBXGroup;
			children = (
				90BAF80A2175AB51001665BF /* MATMDivCompV.m */,
				90BAF80B2175AB51001665BF /* MATVCrossV.m */,
				90BAF80C2175AB51001665BF /* MATMMulV.h */,
				90BAF80D2175AB51001665BF /* MATMMulCompV.h */,
				90BAF80E2175AB51001665BF /* MATVAddV.m */,
				90BAF80F2175AB51001665BF /* MATInvertM.m */,
				90BAF8102175AB51001665BF /* MATNegV.h */,
				90BAF8112175AB51001665BF /* MATDiagS.m */,
				90BAF8122175AB51001665BF /* MATMirrorV.h */,
				90BAF8132175AB51001665BF /* MATVSubV.h */,
				90BAF8142175AB51001665BF /* MATVDivCompV.h */,
				90BAF8152175AB51001665BF /* MATMAddM.m */,
				90BAF8162175AB51001665BF /* MATNegM.h */,
				90BAF8172175AB51001665BF /* MATNormalizeV.m */,
				90BAF8182175AB51001665BF /* MATLengthV.h */,
				90BAF8192175AB51001665BF /* MATVMulCompV.m */,
				90BAF81A2175AB51001665BF /* MATVDotV.h */,
				90BAF81B2175AB51001665BF /* MATMSubM.h */,
				90BAF81C2175AB51001665BF /* MATVMulS.m */,
				90BAF81D2175AB51001665BF /* MATOrthogonalizeV.m */,
				90BAF81E2175AB51001665BF /* MATMMulS.m */,
				90BAF81F2175AB51001665BF /* MATMDivCompM.m */,
				90BAF8202175AB51001665BF /* MATDiagV.h */,
				90BAF8212175AB51001665BF /* MATVDivS.h */,
				90BAF8222175AB51001665BF /* MATMDivS.h */,
				90BAF8232175AB51001665BF /* MATTransposeM.h */,
				90BAF8242175AB51001665BF /* MATMMulCompM.h */,
				90BAF8252175AB51001665BF /* MATMMulM.h */,
				90BAF8262175AB51001665BF /* MATMMulCompV.m */,
				90BAF8272175AB51001665BF /* MATMMulV.m */,
				90BAF8282175AB51001665BF /* MATVCrossV.h */,
				90BAF8292175AB51001665BF /* MATMDivCompV.h */,
				90BAF82A2175AB51001665BF /* MATVSubV.m */,
				90BAF82B2175AB51001665BF /* MATMirrorV.m */,
				90BAF82C2175AB51001665BF /* MATDiagS.h */,
				90BAF82D2175AB51001665BF /* MATInvertM.h */,
				90BAF82E2175AB51001665BF /* MATNegV.m */,
				90BAF82F2175AB51001665BF /* MATVAddV.h */,
				90BAF8302175AB51001665BF /* MATOrthogonalizeV.h */,
				90BAF8312175AB51001665BF /* MATMMulS.h */,
				90BAF8322175AB51001665BF /* MATVMulS.h */,
				90BAF8332175AB51001665BF /* MATVDotV.m */,
				90BAF8342175AB51001665BF /* MATMSubM.m */,
				90BAF8352175AB51001665BF /* MATVMulCompV.h */,
				90BAF8362175AB51001665BF /* MATLengthV.m */,
				90BAF8372175AB51001665BF /* MATNormalizeV.h */,
				90BAF8382175AB51001665BF /* MATNegM.m */,
				90BAF8392175AB51001665BF /* MATVDivCompV.m */,
				90BAF83A2175AB51001665BF /* MATMAddM.h */,
				90BAF83B2175AB51001665BF /* MATMMulM.m */,
				90BAF83C2175AB51001665BF /* MATMMulCompM.m */,
				90BAF83D2175AB51001665BF /* MATTransposeM.m */,
				90BAF83E2175AB51001665BF /* MATMDivS.m */,
				90BAF83F2175AB51001665BF /* MATDiagV.m */,
				90BAF8402175AB51001665BF /* MATVDivS.m */,
				90BAF8412175AB51001665BF /* MATMDivCompM.h */,
			);
			path = ComputationControllers;
			sourceTree = "<group>";
		};
		90BAF8482175AB51001665BF /* Views */ = {
			isa = PBXGroup;
			children = (
				90BAF8492175AB51001665BF /* MATViewS.m */,
				90BAF84A2175AB51001665BF /* MATViewV2.h */,
				90BAF84B2175AB51001665BF /* MATViewV4.m */,
				90BAF84C2175AB51001665BF /* MATViewM22.h */,
				90BAF84D2175AB51001665BF /* MATViewM44.h */,
				90BAF84E2175AB51001665BF /* MATViewV3.m */,
				90BAF84F2175AB51001665BF /* MATViewM33.m */,
				90BAF8502175AB51001665BF /* MATViewM22.m */,
				90BAF8512175AB51001665BF /* MATViewV4.h */,
				90BAF8522175AB51001665BF /* MATViewV2.m */,
				90BAF8532175AB51001665BF /* MATViewS.h */,
				90BAF8542175AB51001665BF /* MATViewV3.h */,
				90BAF8552175AB51001665BF /* MATViewM44.m */,
				90BAF8562175AB51001665BF /* MATViewM33.h */,
			);
			path = Views;
			sourceTree = "<group>";
		};
/* End PBXGroup section */

/* Begin PBXNativeTarget section */
		9020CF141BA6E29000E74965 /* Matrix Buddy */ = {
			isa = PBXNativeTarget;
			buildConfigurationList = 9020CF341BA6E29100E74965 /* Build configuration list for PBXNativeTarget "Matrix Buddy" */;
			buildPhases = (
				9020CF111BA6E29000E74965 /* Sources */,
				9020CF121BA6E29000E74965 /* Frameworks */,
				9020CF131BA6E29000E74965 /* Resources */,
			);
			buildRules = (
			);
			dependencies = (
			);
			name = "Matrix Buddy";
			productName = "Matrix Buddy";
			productReference = 9020CF151BA6E29000E74965 /* Matrix Buddy.app */;
			productType = "com.apple.product-type.application";
		};
/* End PBXNativeTarget section */

/* Begin PBXProject section */
		9020CF0B1BA6E26300E74965 /* Project object */ = {
			isa = PBXProject;
			attributes = {
				LastUpgradeCheck = 0610;
				TargetAttributes = {
					9020CF141BA6E29000E74965 = {
						CreatedOnToolsVersion = 6.1.1;
						DevelopmentTeam = YH3QFD54JB;
						ProvisioningStyle = Automatic;
						SystemCapabilities = {
							com.apple.Sandbox = {
								enabled = 1;
							};
						};
					};
				};
			};
			buildConfigurationList = 9020CF0E1BA6E26300E74965 /* Build configuration list for PBXProject "MatrixBuddy" */;
			compatibilityVersion = "Xcode 3.2";
			developmentRegion = English;
			hasScannedForEncodings = 0;
			knownRegions = (
				English,
				en,
				Base,
				de,
			);
			mainGroup = 9020CF0A1BA6E26300E74965;
			productRefGroup = 9020CF161BA6E29000E74965 /* Products */;
			projectDirPath = "";
			projectRoot = "";
			targets = (
				9020CF141BA6E29000E74965 /* Matrix Buddy */,
			);
		};
/* End PBXProject section */

/* Begin PBXResourcesBuildPhase section */
		9020CF131BA6E29000E74965 /* Resources */ = {
			isa = PBXResourcesBuildPhase;
			buildActionMask = 2147483647;
			files = (
				9037803B229C7FFB00FFEEBD /* manderc.png in Resources */,
				90BAF7FA2175AB4A001665BF /* Localizable.strings in Resources */,
				90BAF7FB2175AB4A001665BF /* InfoPlist.strings in Resources */,
				90BAF7FD2175AB4A001665BF /* MatrixBuddyChangelog.txt in Resources */,
				90378039229C7FFB00FFEEBD /* ManderApp.strings in Resources */,
				90BAF7FC2175AB4A001665BF /* MainMenu.xib in Resources */,
				9037803A229C7FFB00FFEEBD /* MandAboutWindow.xib in Resources */,
				9037803C229C7FFB00FFEEBD /* .gitignore in Resources */,
				90BAF7FE2175AB4A001665BF /* MatrixBuddy.icns in Resources */,
			);
			runOnlyForDeploymentPostprocessing = 0;
		};
/* End PBXResourcesBuildPhase section */

/* Begin PBXSourcesBuildPhase section */
		9020CF111BA6E29000E74965 /* Sources */ = {
			isa = PBXSourcesBuildPhase;
			buildActionMask = 2147483647;
			files = (
				90378041229C7FFB00FFEEBD /* MandMenuHelper.m in Sources */,
				9037801C229C7FF300FFEEBD /* NAUICoreAPI.c in Sources */,
				90378010229C7FF300FFEEBD /* NATreeOct.c in Sources */,
				90378008229C7FF300FFEEBD /* NABufferWrite.c in Sources */,
				9037801A229C7FF300FFEEBD /* NACocoaHelper.m in Sources */,
				9037800B229C7FF300FFEEBD /* NAMemoryBlock.c in Sources */,
				90378022229C7FF300FFEEBD /* NABinaryData.c in Sources */,
				90BAF85F2175AB51001665BF /* MATVAddV.m in Sources */,
				90BAF8652175AB51001665BF /* MATVMulS.m in Sources */,
				90378021229C7FF300FFEEBD /* NARuntime.c in Sources */,
				90BAF86F2175AB51001665BF /* MATMSubM.m in Sources */,
				90BAF87F2175AB51001665BF /* MATViewV2.m in Sources */,
				90378020229C7FF300FFEEBD /* NAURL.c in Sources */,
				90378007229C7FF300FFEEBD /* NABufferIteration.c in Sources */,
				90BAF8622175AB51001665BF /* MATMAddM.m in Sources */,
				90BAF8602175AB51001665BF /* MATInvertM.m in Sources */,
				90378042229C7FFB00FFEEBD /* MandApplication.m in Sources */,
				90378012229C7FF300FFEEBD /* NATreeConfiguration.c in Sources */,
				90BAF8732175AB51001665BF /* MATMMulM.m in Sources */,
				90BAF8802175AB51001665BF /* MATViewM44.m in Sources */,
				90BAF86C2175AB51001665BF /* MATMirrorV.m in Sources */,
				90378040229C7FFB00FFEEBD /* MandEnvironment.m in Sources */,
				90378017229C7FF300FFEEBD /* NAPNG.c in Sources */,
				90BAF8672175AB51001665BF /* MATMMulS.m in Sources */,
				90BAF8712175AB51001665BF /* MATNegM.m in Sources */,
				90BAF87A2175AB51001665BF /* MATViewS.m in Sources */,
				90378019229C7FF300FFEEBD /* NAUIWINAPI.c in Sources */,
				90378014229C7FF300FFEEBD /* NAString.c in Sources */,
				90378003229C7FF300FFEEBD /* NAHeap.c in Sources */,
				9037803D229C7FFB00FFEEBD /* MandCocoaHelper.m in Sources */,
				90BAF8792175AB51001665BF /* main.m in Sources */,
				90BAF8752175AB51001665BF /* MATTransposeM.m in Sources */,
				90378013229C7FF300FFEEBD /* NATreeAVL.c in Sources */,
				90BAF8742175AB51001665BF /* MATMMulCompM.m in Sources */,
				90BAF8612175AB51001665BF /* MATDiagS.m in Sources */,
				9037801D229C7FF300FFEEBD /* NADeflate.c in Sources */,
				9037800E229C7FF300FFEEBD /* NATreeIteration.c in Sources */,
				90BAF8682175AB51001665BF /* MATMDivCompM.m in Sources */,
				9037800A229C7FF300FFEEBD /* NABuffer.c in Sources */,
				90BAF87D2175AB51001665BF /* MATViewM33.m in Sources */,
				9037803E229C7FFB00FFEEBD /* MandAboutWindowController.m in Sources */,
				90BAF8592175AB51001665BF /* MATValueView.m in Sources */,
				90BAF85A2175AB51001665BF /* MATComputationView.m in Sources */,
				90378006229C7FF300FFEEBD /* NABufferRead.c in Sources */,
				90BAF87B2175AB51001665BF /* MATViewV4.m in Sources */,
				90BAF8702175AB51001665BF /* MATLengthV.m in Sources */,
				90BAF86E2175AB51001665BF /* MATVDotV.m in Sources */,
				90BAF86A2175AB51001665BF /* MATMMulV.m in Sources */,
				90BAF8692175AB51001665BF /* MATMMulCompV.m in Sources */,
				90BAF86B2175AB51001665BF /* MATVSubV.m in Sources */,
				90378018229C7FF300FFEEBD /* NAUI.c in Sources */,
				90378016229C7FF300FFEEBD /* NADebug.c in Sources */,
				9037801B229C7FF300FFEEBD /* NAUICocoa.m in Sources */,
				90BAF8582175AB51001665BF /* MATApplication.m in Sources */,
				90BAF8642175AB51001665BF /* MATVMulCompV.m in Sources */,
				90BAF8722175AB51001665BF /* MATVDivCompV.m in Sources */,
				90BAF85C2175AB51001665BF /* MATTextField.m in Sources */,
				9037801F229C7FF300FFEEBD /* NADateTime.c in Sources */,
				90378023229C7FF300FFEEBD /* NAMoney.c in Sources */,
				9037800D229C7FF300FFEEBD /* NATree.c in Sources */,
				90378005229C7FF300FFEEBD /* NABufferPart.c in Sources */,
				90BAF87E2175AB51001665BF /* MATViewM22.m in Sources */,
				90378015229C7FF300FFEEBD /* NAList.c in Sources */,
				90378009229C7FF300FFEEBD /* NABufferParse.c in Sources */,
				90BAF87C2175AB51001665BF /* MATViewV3.m in Sources */,
				9037800F229C7FF300FFEEBD /* NATreeBin.c in Sources */,
				90BAF85B2175AB51001665BF /* MATWindowController.m in Sources */,
				90BAF86D2175AB51001665BF /* MATNegV.m in Sources */,
				90BAF85E2175AB51001665BF /* MATVCrossV.m in Sources */,
				90378011229C7FF300FFEEBD /* NATreeQuad.c in Sources */,
				90BAF8762175AB51001665BF /* MATMDivS.m in Sources */,
				9037800C229C7FF300FFEEBD /* NABufferSource.c in Sources */,
				90378004229C7FF300FFEEBD /* NABufferManipulation.c in Sources */,
				90BAF8782175AB51001665BF /* MATVDivS.m in Sources */,
				9037801E229C7FF300FFEEBD /* NAFile.c in Sources */,
				9037803F229C7FFB00FFEEBD /* MandTranslation.c in Sources */,
				90BAF85D2175AB51001665BF /* MATMDivCompV.m in Sources */,
				90BAF8632175AB51001665BF /* MATNormalizeV.m in Sources */,
				90BAF8662175AB51001665BF /* MATOrthogonalizeV.m in Sources */,
				90BAF8772175AB51001665BF /* MATDiagV.m in Sources */,
			);
			runOnlyForDeploymentPostprocessing = 0;
		};
/* End PBXSourcesBuildPhase section */

/* Begin PBXVariantGroup section */
		90378026229C7FFB00FFEEBD /* ManderApp.strings */ = {
			isa = PBXVariantGroup;
			children = (
				90378027229C7FFB00FFEEBD /* de */,
				90378028229C7FFB00FFEEBD /* en */,
			);
			name = ManderApp.strings;
			sourceTree = "<group>";
		};
		90BAF7EE2175AB4A001665BF /* Localizable.strings */ = {
			isa = PBXVariantGroup;
			children = (
				90BAF7EF2175AB4A001665BF /* en */,
			);
			name = Localizable.strings;
			sourceTree = "<group>";
		};
		90BAF7F02175AB4A001665BF /* InfoPlist.strings */ = {
			isa = PBXVariantGroup;
			children = (
				90BAF7F12175AB4A001665BF /* en */,
			);
			name = InfoPlist.strings;
			sourceTree = "<group>";
		};
		90BAF7F22175AB4A001665BF /* MainMenu.xib */ = {
			isa = PBXVariantGroup;
			children = (
				90BAF7F32175AB4A001665BF /* en */,
			);
			name = MainMenu.xib;
			sourceTree = "<group>";
		};
/* End PBXVariantGroup section */

/* Begin XCBuildConfiguration section */
		9020CF0F1BA6E26300E74965 /* Debug */ = {
			isa = XCBuildConfiguration;
			buildSettings = {
				GCC_PREPROCESSOR_DEFINITIONS = "NA_CONFIG_COMPILE_GUI=1";
				MACOSX_DEPLOYMENT_TARGET = 10.6;
				VALID_ARCHS = x86_64;
			};
			name = Debug;
		};
		9020CF101BA6E26300E74965 /* Release */ = {
			isa = XCBuildConfiguration;
			buildSettings = {
				GCC_PREPROCESSOR_DEFINITIONS = (
					NDEBUG,
					"NA_CONFIG_COMPILE_GUI=1",
				);
				MACOSX_DEPLOYMENT_TARGET = 10.6;
				VALID_ARCHS = x86_64;
			};
			name = Release;
		};
		9020CF301BA6E29100E74965 /* Debug */ = {
			isa = XCBuildConfiguration;
			buildSettings = {
				ALWAYS_SEARCH_USER_PATHS = NO;
				CLANG_CXX_LANGUAGE_STANDARD = "gnu++0x";
				CLANG_CXX_LIBRARY = "libc++";
				CLANG_ENABLE_MODULES = YES;
				CLANG_WARN_BOOL_CONVERSION = YES;
				CLANG_WARN_CONSTANT_CONVERSION = YES;
				CLANG_WARN_DIRECT_OBJC_ISA_USAGE = YES_ERROR;
				CLANG_WARN_EMPTY_BODY = YES;
				CLANG_WARN_ENUM_CONVERSION = YES;
				CLANG_WARN_INT_CONVERSION = YES;
				CLANG_WARN_OBJC_ROOT_CLASS = YES_ERROR;
				CLANG_WARN_UNREACHABLE_CODE = YES;
				CLANG_WARN__DUPLICATE_METHOD_MATCH = YES;
				CODE_SIGN_ENTITLEMENTS = "../../res/Matrix Buddy.entitlements";
				CODE_SIGN_IDENTITY = "Mac Developer";
				CODE_SIGN_STYLE = Automatic;
				COMBINE_HIDPI_IMAGES = YES;
				COPY_PHASE_STRIP = NO;
				DEVELOPMENT_TEAM = YH3QFD54JB;
				ENABLE_STRICT_OBJC_MSGSEND = YES;
				GCC_C_LANGUAGE_STANDARD = gnu99;
				GCC_DYNAMIC_NO_PIC = NO;
				GCC_OPTIMIZATION_LEVEL = 0;
				GCC_SYMBOLS_PRIVATE_EXTERN = NO;
				GCC_WARN_64_TO_32_BIT_CONVERSION = YES;
				GCC_WARN_ABOUT_RETURN_TYPE = YES_ERROR;
				GCC_WARN_UNDECLARED_SELECTOR = YES;
				GCC_WARN_UNINITIALIZED_AUTOS = YES_AGGRESSIVE;
				GCC_WARN_UNUSED_PARAMETER = YES;
				GCC_WARN_UNUSED_VARIABLE = YES;
				INFOPLIST_FILE = ../../res/Info.plist;
				LD_RUNPATH_SEARCH_PATHS = "$(inherited) @executable_path/../Frameworks";
				MACOSX_DEPLOYMENT_TARGET = 10.6;
				MTL_ENABLE_DEBUG_INFO = YES;
				ONLY_ACTIVE_ARCH = YES;
				PRODUCT_NAME = "$(TARGET_NAME)";
				PROVISIONING_PROFILE_SPECIFIER = "";
				SDKROOT = macosx;
			};
			name = Debug;
		};
		9020CF311BA6E29100E74965 /* Release */ = {
			isa = XCBuildConfiguration;
			buildSettings = {
				ALWAYS_SEARCH_USER_PATHS = NO;
				CLANG_CXX_LANGUAGE_STANDARD = "gnu++0x";
				CLANG_CXX_LIBRARY = "libc++";
				CLANG_ENABLE_MODULES = YES;
				CLANG_WARN_BOOL_CONVERSION = YES;
				CLANG_WARN_CONSTANT_CONVERSION = YES;
				CLANG_WARN_DIRECT_OBJC_ISA_USAGE = YES_ERROR;
				CLANG_WARN_EMPTY_BODY = YES;
				CLANG_WARN_ENUM_CONVERSION = YES;
				CLANG_WARN_INT_CONVERSION = YES;
				CLANG_WARN_OBJC_ROOT_CLASS = YES_ERROR;
				CLANG_WARN_UNREACHABLE_CODE = YES;
				CLANG_WARN__DUPLICATE_METHOD_MATCH = YES;
				CODE_SIGN_ENTITLEMENTS = "../../res/Matrix Buddy.entitlements";
				CODE_SIGN_IDENTITY = "Mac Developer";
				CODE_SIGN_STYLE = Automatic;
				COMBINE_HIDPI_IMAGES = YES;
				COPY_PHASE_STRIP = YES;
				DEBUG_INFORMATION_FORMAT = "dwarf-with-dsym";
				DEVELOPMENT_TEAM = YH3QFD54JB;
				ENABLE_NS_ASSERTIONS = NO;
				ENABLE_STRICT_OBJC_MSGSEND = YES;
				GCC_C_LANGUAGE_STANDARD = gnu99;
				GCC_WARN_64_TO_32_BIT_CONVERSION = YES;
				GCC_WARN_ABOUT_RETURN_TYPE = YES_ERROR;
				GCC_WARN_UNDECLARED_SELECTOR = YES;
				GCC_WARN_UNINITIALIZED_AUTOS = YES_AGGRESSIVE;
				GCC_WARN_UNUSED_PARAMETER = YES;
				GCC_WARN_UNUSED_VARIABLE = YES;
				INFOPLIST_FILE = ../../res/Info.plist;
				LD_RUNPATH_SEARCH_PATHS = "$(inherited) @executable_path/../Frameworks";
				MACOSX_DEPLOYMENT_TARGET = 10.6;
				MTL_ENABLE_DEBUG_INFO = NO;
				PRODUCT_NAME = "$(TARGET_NAME)";
				PROVISIONING_PROFILE_SPECIFIER = "";
				SDKROOT = macosx;
			};
			name = Release;
		};
/* End XCBuildConfiguration section */

/* Begin XCConfigurationList section */
		9020CF0E1BA6E26300E74965 /* Build configuration list for PBXProject "MatrixBuddy" */ = {
			isa = XCConfigurationList;
			buildConfigurations = (
				9020CF0F1BA6E26300E74965 /* Debug */,
				9020CF101BA6E26300E74965 /* Release */,
			);
			defaultConfigurationIsVisible = 0;
			defaultConfigurationName = Release;
		};
		9020CF341BA6E29100E74965 /* Build configuration list for PBXNativeTarget "Matrix Buddy" */ = {
			isa = XCConfigurationList;
			buildConfigurations = (
				9020CF301BA6E29100E74965 /* Debug */,
				9020CF311BA6E29100E74965 /* Release */,
			);
			defaultConfigurationIsVisible = 0;
			defaultConfigurationName = Release;
		};
/* End XCConfigurationList section */
	};
	rootObject = 9020CF0B1BA6E26300E74965 /* Project object */;
}
